// !$*UTF8*$!
{
	archiveVersion = 1;
	classes = {
	};
	objectVersion = 52;
	objects = {

/* Begin PBXBuildFile section */
		4515635F26BE032E00690896 /* AnalyticsClient.swift in Sources */ = {isa = PBXBuildFile; fileRef = 4515635E26BE032E00690896 /* AnalyticsClient.swift */; };
		4515636026BE032E00690896 /* AnalyticsClient.swift in Sources */ = {isa = PBXBuildFile; fileRef = 4515635E26BE032E00690896 /* AnalyticsClient.swift */; };
		4515636826BE0AB200690896 /* ClientVariables.swift in Sources */ = {isa = PBXBuildFile; fileRef = 4515636726BE0AB200690896 /* ClientVariables.swift */; };
		4515636926BE0AB200690896 /* ClientVariables.swift in Sources */ = {isa = PBXBuildFile; fileRef = 4515636726BE0AB200690896 /* ClientVariables.swift */; };
		4515636B26BE949300690896 /* UserSettings.swift in Sources */ = {isa = PBXBuildFile; fileRef = 4515636A26BE949300690896 /* UserSettings.swift */; };
		4515636C26BE949300690896 /* UserSettings.swift in Sources */ = {isa = PBXBuildFile; fileRef = 4515636A26BE949300690896 /* UserSettings.swift */; };
		4515636E26BE94F600690896 /* Theme.swift in Sources */ = {isa = PBXBuildFile; fileRef = 4515636D26BE94F600690896 /* Theme.swift */; };
		4515636F26BE94F600690896 /* Theme.swift in Sources */ = {isa = PBXBuildFile; fileRef = 4515636D26BE94F600690896 /* Theme.swift */; };
		4515637126BE968300690896 /* ThemeColors.xcassets in Resources */ = {isa = PBXBuildFile; fileRef = 4515637026BE968300690896 /* ThemeColors.xcassets */; };
		4515637426BE982000690896 /* Colors.swift in Sources */ = {isa = PBXBuildFile; fileRef = 4515637326BE982000690896 /* Colors.swift */; };
		4515637526BE982000690896 /* Colors.swift in Sources */ = {isa = PBXBuildFile; fileRef = 4515637326BE982000690896 /* Colors.swift */; };
		4515637826BED19B00690896 /* Reachability in Frameworks */ = {isa = PBXBuildFile; productRef = 4515637726BED19B00690896 /* Reachability */; };
		4515637B26BED57400690896 /* Nuke in Frameworks */ = {isa = PBXBuildFile; productRef = 4515637A26BED57400690896 /* Nuke */; };
		4515637D26BED58900690896 /* Reachability in Frameworks */ = {isa = PBXBuildFile; productRef = 4515637C26BED58900690896 /* Reachability */; };
		4515637F26BED58900690896 /* Nuke in Frameworks */ = {isa = PBXBuildFile; productRef = 4515637E26BED58900690896 /* Nuke */; };
		4515638126BEDA6200690896 /* FeatureFlag.swift in Sources */ = {isa = PBXBuildFile; fileRef = 4515638026BEDA6200690896 /* FeatureFlag.swift */; };
		4515638226BEDA6200690896 /* FeatureFlag.swift in Sources */ = {isa = PBXBuildFile; fileRef = 4515638026BEDA6200690896 /* FeatureFlag.swift */; };
		455A0C5426BD902C00EC572D /* AppDelegate.swift in Sources */ = {isa = PBXBuildFile; fileRef = 455A0C5326BD902C00EC572D /* AppDelegate.swift */; };
		455A0C6026BD902F00EC572D /* LaunchScreen.storyboard in Resources */ = {isa = PBXBuildFile; fileRef = 455A0C5E26BD902F00EC572D /* LaunchScreen.storyboard */; };
		455A0C6B26BD902F00EC572D /* SportsbookTests.swift in Sources */ = {isa = PBXBuildFile; fileRef = 455A0C6A26BD902F00EC572D /* SportsbookTests.swift */; };
		455A0C8626BD904300EC572D /* AppDelegate.swift in Sources */ = {isa = PBXBuildFile; fileRef = 455A0C5326BD902C00EC572D /* AppDelegate.swift */; };
		455A0C8A26BD904300EC572D /* LaunchScreen.storyboard in Resources */ = {isa = PBXBuildFile; fileRef = 455A0C5E26BD902F00EC572D /* LaunchScreen.storyboard */; };
		455A0C9726BD943900EC572D /* TargetVariables.swift in Sources */ = {isa = PBXBuildFile; fileRef = 455A0C9626BD943900EC572D /* TargetVariables.swift */; };
		455A0CA226BD96BF00EC572D /* SportsbookTarget.swift in Sources */ = {isa = PBXBuildFile; fileRef = 455A0CA126BD96BF00EC572D /* SportsbookTarget.swift */; };
		455A0CA326BD96BF00EC572D /* SportsbookTarget.swift in Sources */ = {isa = PBXBuildFile; fileRef = 455A0CA126BD96BF00EC572D /* SportsbookTarget.swift */; };
		455A0CA726BD973900EC572D /* Showcase-Assets.xcassets in Resources */ = {isa = PBXBuildFile; fileRef = 455A0CA526BD973400EC572D /* Showcase-Assets.xcassets */; };
		455A0CA826BD973C00EC572D /* TargetVariables.swift in Sources */ = {isa = PBXBuildFile; fileRef = 455A0CA626BD973400EC572D /* TargetVariables.swift */; };
		455A0CAC26BD981900EC572D /* SharedAssets.xcassets in Resources */ = {isa = PBXBuildFile; fileRef = 455A0CAB26BD981900EC572D /* SharedAssets.xcassets */; };
		455A0CAD26BD981900EC572D /* SharedAssets.xcassets in Resources */ = {isa = PBXBuildFile; fileRef = 455A0CAB26BD981900EC572D /* SharedAssets.xcassets */; };
		455A0CAE26BD982000EC572D /* Localizable.strings in Resources */ = {isa = PBXBuildFile; fileRef = 455A0CB126BD982000EC572D /* Localizable.strings */; };
		455A0CAF26BD982000EC572D /* Localizable.strings in Resources */ = {isa = PBXBuildFile; fileRef = 455A0CB126BD982000EC572D /* Localizable.strings */; };
		455A0CB626BD9B6000EC572D /* EnvironmentType.swift in Sources */ = {isa = PBXBuildFile; fileRef = 455A0CB526BD9B6000EC572D /* EnvironmentType.swift */; };
		455A0CB726BD9B6000EC572D /* EnvironmentType.swift in Sources */ = {isa = PBXBuildFile; fileRef = 455A0CB526BD9B6000EC572D /* EnvironmentType.swift */; };
		455A0CB826BD9CEC00EC572D /* Showcase-Assets.xcassets in Resources */ = {isa = PBXBuildFile; fileRef = 455A0CA526BD973400EC572D /* Showcase-Assets.xcassets */; };
		455A0CBB26BD9D4F00EC572D /* RootViewController.swift in Sources */ = {isa = PBXBuildFile; fileRef = 455A0CB926BD9D4F00EC572D /* RootViewController.swift */; };
		455A0CBC26BD9D4F00EC572D /* RootViewController.swift in Sources */ = {isa = PBXBuildFile; fileRef = 455A0CB926BD9D4F00EC572D /* RootViewController.swift */; };
		455A0CBD26BD9D4F00EC572D /* RootViewController.xib in Resources */ = {isa = PBXBuildFile; fileRef = 455A0CBA26BD9D4F00EC572D /* RootViewController.xib */; };
		455A0CBE26BD9D4F00EC572D /* RootViewController.xib in Resources */ = {isa = PBXBuildFile; fileRef = 455A0CBA26BD9D4F00EC572D /* RootViewController.xib */; };
		455A0CDE26BD9D9000EC572D /* RunningPlatform.swift in Sources */ = {isa = PBXBuildFile; fileRef = 455A0CC026BD9D9000EC572D /* RunningPlatform.swift */; };
		455A0CDF26BD9D9000EC572D /* RunningPlatform.swift in Sources */ = {isa = PBXBuildFile; fileRef = 455A0CC026BD9D9000EC572D /* RunningPlatform.swift */; };
		455A0CE026BD9D9000EC572D /* Throttler.swift in Sources */ = {isa = PBXBuildFile; fileRef = 455A0CC126BD9D9000EC572D /* Throttler.swift */; };
		455A0CE126BD9D9000EC572D /* Throttler.swift in Sources */ = {isa = PBXBuildFile; fileRef = 455A0CC126BD9D9000EC572D /* Throttler.swift */; };
		455A0CE226BD9D9000EC572D /* Localization.swift in Sources */ = {isa = PBXBuildFile; fileRef = 455A0CC226BD9D9000EC572D /* Localization.swift */; };
		455A0CE326BD9D9000EC572D /* Localization.swift in Sources */ = {isa = PBXBuildFile; fileRef = 455A0CC226BD9D9000EC572D /* Localization.swift */; };
		455A0CE426BD9D9000EC572D /* NotEmpty.swift in Sources */ = {isa = PBXBuildFile; fileRef = 455A0CC326BD9D9000EC572D /* NotEmpty.swift */; };
		455A0CE526BD9D9000EC572D /* NotEmpty.swift in Sources */ = {isa = PBXBuildFile; fileRef = 455A0CC326BD9D9000EC572D /* NotEmpty.swift */; };
		455A0CE626BD9D9000EC572D /* FunctionalUtils.swift in Sources */ = {isa = PBXBuildFile; fileRef = 455A0CC426BD9D9000EC572D /* FunctionalUtils.swift */; };
		455A0CE726BD9D9000EC572D /* FunctionalUtils.swift in Sources */ = {isa = PBXBuildFile; fileRef = 455A0CC426BD9D9000EC572D /* FunctionalUtils.swift */; };
		455A0CE826BD9D9000EC572D /* AutoLayoutDSL.swift in Sources */ = {isa = PBXBuildFile; fileRef = 455A0CC626BD9D9000EC572D /* AutoLayoutDSL.swift */; };
		455A0CE926BD9D9000EC572D /* AutoLayoutDSL.swift in Sources */ = {isa = PBXBuildFile; fileRef = 455A0CC626BD9D9000EC572D /* AutoLayoutDSL.swift */; };
		455A0CEA26BD9D9000EC572D /* Throwable.swift in Sources */ = {isa = PBXBuildFile; fileRef = 455A0CC726BD9D9000EC572D /* Throwable.swift */; };
		455A0CEB26BD9D9000EC572D /* Throwable.swift in Sources */ = {isa = PBXBuildFile; fileRef = 455A0CC726BD9D9000EC572D /* Throwable.swift */; };
		455A0CEC26BD9D9000EC572D /* Array+Extensions.swift in Sources */ = {isa = PBXBuildFile; fileRef = 455A0CC926BD9D9000EC572D /* Array+Extensions.swift */; };
		455A0CED26BD9D9000EC572D /* Array+Extensions.swift in Sources */ = {isa = PBXBuildFile; fileRef = 455A0CC926BD9D9000EC572D /* Array+Extensions.swift */; };
		455A0CEE26BD9D9000EC572D /* UIImageView+Extensions.swift in Sources */ = {isa = PBXBuildFile; fileRef = 455A0CCA26BD9D9000EC572D /* UIImageView+Extensions.swift */; };
		455A0CEF26BD9D9000EC572D /* UIImageView+Extensions.swift in Sources */ = {isa = PBXBuildFile; fileRef = 455A0CCA26BD9D9000EC572D /* UIImageView+Extensions.swift */; };
		455A0CF026BD9D9000EC572D /* UIViewController+Extensions.swift in Sources */ = {isa = PBXBuildFile; fileRef = 455A0CCB26BD9D9000EC572D /* UIViewController+Extensions.swift */; };
		455A0CF126BD9D9000EC572D /* UIViewController+Extensions.swift in Sources */ = {isa = PBXBuildFile; fileRef = 455A0CCB26BD9D9000EC572D /* UIViewController+Extensions.swift */; };
		455A0CF226BD9D9000EC572D /* UIButton+Extensions.swift in Sources */ = {isa = PBXBuildFile; fileRef = 455A0CCC26BD9D9000EC572D /* UIButton+Extensions.swift */; };
		455A0CF326BD9D9000EC572D /* UIButton+Extensions.swift in Sources */ = {isa = PBXBuildFile; fileRef = 455A0CCC26BD9D9000EC572D /* UIButton+Extensions.swift */; };
		455A0CF426BD9D9000EC572D /* UIView+Extensions.swift in Sources */ = {isa = PBXBuildFile; fileRef = 455A0CCD26BD9D9000EC572D /* UIView+Extensions.swift */; };
		455A0CF526BD9D9000EC572D /* UIView+Extensions.swift in Sources */ = {isa = PBXBuildFile; fileRef = 455A0CCD26BD9D9000EC572D /* UIView+Extensions.swift */; };
		455A0CF626BD9D9000EC572D /* NSObject+Extension.swift in Sources */ = {isa = PBXBuildFile; fileRef = 455A0CCE26BD9D9000EC572D /* NSObject+Extension.swift */; };
		455A0CF726BD9D9000EC572D /* NSObject+Extension.swift in Sources */ = {isa = PBXBuildFile; fileRef = 455A0CCE26BD9D9000EC572D /* NSObject+Extension.swift */; };
		455A0CF826BD9D9000EC572D /* UIColor+Extensions.swift in Sources */ = {isa = PBXBuildFile; fileRef = 455A0CCF26BD9D9000EC572D /* UIColor+Extensions.swift */; };
		455A0CF926BD9D9000EC572D /* UIColor+Extensions.swift in Sources */ = {isa = PBXBuildFile; fileRef = 455A0CCF26BD9D9000EC572D /* UIColor+Extensions.swift */; };
		455A0CFA26BD9D9000EC572D /* UIImage+Extensions.swift in Sources */ = {isa = PBXBuildFile; fileRef = 455A0CD026BD9D9000EC572D /* UIImage+Extensions.swift */; };
		455A0CFB26BD9D9000EC572D /* UIImage+Extensions.swift in Sources */ = {isa = PBXBuildFile; fileRef = 455A0CD026BD9D9000EC572D /* UIImage+Extensions.swift */; };
		455A0CFC26BD9D9000EC572D /* UIApplication+Extensions.swift in Sources */ = {isa = PBXBuildFile; fileRef = 455A0CD126BD9D9000EC572D /* UIApplication+Extensions.swift */; };
		455A0CFD26BD9D9000EC572D /* UIApplication+Extensions.swift in Sources */ = {isa = PBXBuildFile; fileRef = 455A0CD126BD9D9000EC572D /* UIApplication+Extensions.swift */; };
		455A0CFE26BD9D9000EC572D /* UIAlertController+Extensions.swift in Sources */ = {isa = PBXBuildFile; fileRef = 455A0CD226BD9D9000EC572D /* UIAlertController+Extensions.swift */; };
		455A0CFF26BD9D9000EC572D /* UIAlertController+Extensions.swift in Sources */ = {isa = PBXBuildFile; fileRef = 455A0CD226BD9D9000EC572D /* UIAlertController+Extensions.swift */; };
		455A0D0026BD9D9000EC572D /* NSAttributedString+Extensions.swift in Sources */ = {isa = PBXBuildFile; fileRef = 455A0CD326BD9D9000EC572D /* NSAttributedString+Extensions.swift */; };
		455A0D0126BD9D9000EC572D /* NSAttributedString+Extensions.swift in Sources */ = {isa = PBXBuildFile; fileRef = 455A0CD326BD9D9000EC572D /* NSAttributedString+Extensions.swift */; };
		455A0D0226BD9D9000EC572D /* UILabel+Extensions.swift in Sources */ = {isa = PBXBuildFile; fileRef = 455A0CD426BD9D9000EC572D /* UILabel+Extensions.swift */; };
		455A0D0326BD9D9000EC572D /* UILabel+Extensions.swift in Sources */ = {isa = PBXBuildFile; fileRef = 455A0CD426BD9D9000EC572D /* UILabel+Extensions.swift */; };
		455A0D0426BD9D9000EC572D /* NibIdentifiable.swift in Sources */ = {isa = PBXBuildFile; fileRef = 455A0CD526BD9D9000EC572D /* NibIdentifiable.swift */; };
		455A0D0526BD9D9000EC572D /* NibIdentifiable.swift in Sources */ = {isa = PBXBuildFile; fileRef = 455A0CD526BD9D9000EC572D /* NibIdentifiable.swift */; };
		455A0D0826BD9D9000EC572D /* CenterCellCollectionViewFlowLayout.swift in Sources */ = {isa = PBXBuildFile; fileRef = 455A0CD826BD9D9000EC572D /* CenterCellCollectionViewFlowLayout.swift */; };
		455A0D0926BD9D9000EC572D /* CenterCellCollectionViewFlowLayout.swift in Sources */ = {isa = PBXBuildFile; fileRef = 455A0CD826BD9D9000EC572D /* CenterCellCollectionViewFlowLayout.swift */; };
		455A0D0A26BD9D9000EC572D /* FadeInCenterHorizontalFlowLayout.swift in Sources */ = {isa = PBXBuildFile; fileRef = 455A0CD926BD9D9000EC572D /* FadeInCenterHorizontalFlowLayout.swift */; };
		455A0D0B26BD9D9000EC572D /* FadeInCenterHorizontalFlowLayout.swift in Sources */ = {isa = PBXBuildFile; fileRef = 455A0CD926BD9D9000EC572D /* FadeInCenterHorizontalFlowLayout.swift */; };
		455A0D0C26BD9D9000EC572D /* CountryName.swift in Sources */ = {isa = PBXBuildFile; fileRef = 455A0CDA26BD9D9000EC572D /* CountryName.swift */; };
		455A0D0D26BD9D9000EC572D /* CountryName.swift in Sources */ = {isa = PBXBuildFile; fileRef = 455A0CDA26BD9D9000EC572D /* CountryName.swift */; };
		455A0D0E26BD9D9000EC572D /* Debounce.swift in Sources */ = {isa = PBXBuildFile; fileRef = 455A0CDB26BD9D9000EC572D /* Debounce.swift */; };
		455A0D0F26BD9D9000EC572D /* Debounce.swift in Sources */ = {isa = PBXBuildFile; fileRef = 455A0CDB26BD9D9000EC572D /* Debounce.swift */; };
		455A0D1026BD9D9000EC572D /* Changeable.swift in Sources */ = {isa = PBXBuildFile; fileRef = 455A0CDC26BD9D9000EC572D /* Changeable.swift */; };
		455A0D1126BD9D9000EC572D /* Changeable.swift in Sources */ = {isa = PBXBuildFile; fileRef = 455A0CDC26BD9D9000EC572D /* Changeable.swift */; };
		455A0D1226BD9D9000EC572D /* Observable.swift in Sources */ = {isa = PBXBuildFile; fileRef = 455A0CDD26BD9D9000EC572D /* Observable.swift */; };
		455A0D1326BD9D9000EC572D /* Observable.swift in Sources */ = {isa = PBXBuildFile; fileRef = 455A0CDD26BD9D9000EC572D /* Observable.swift */; };
		455A0D1626BD9F4D00EC572D /* GeoLocationManager.swift in Sources */ = {isa = PBXBuildFile; fileRef = 455A0D1526BD9F4D00EC572D /* GeoLocationManager.swift */; };
		455A0D1726BD9F4D00EC572D /* GeoLocationManager.swift in Sources */ = {isa = PBXBuildFile; fileRef = 455A0D1526BD9F4D00EC572D /* GeoLocationManager.swift */; };
		455A0D1926BDABA100EC572D /* Internationalization.swift in Sources */ = {isa = PBXBuildFile; fileRef = 455A0D1826BDABA100EC572D /* Internationalization.swift */; };
		455A0D1A26BDABA100EC572D /* Internationalization.swift in Sources */ = {isa = PBXBuildFile; fileRef = 455A0D1826BDABA100EC572D /* Internationalization.swift */; };
		455A0D1E26BDE7AE00EC572D /* DebugViewController.swift in Sources */ = {isa = PBXBuildFile; fileRef = 455A0D1C26BDE7AE00EC572D /* DebugViewController.swift */; };
		455A0D1F26BDE7AE00EC572D /* DebugViewController.swift in Sources */ = {isa = PBXBuildFile; fileRef = 455A0D1C26BDE7AE00EC572D /* DebugViewController.swift */; };
		455A0D2026BDE7AE00EC572D /* DebugViewController.xib in Resources */ = {isa = PBXBuildFile; fileRef = 455A0D1D26BDE7AE00EC572D /* DebugViewController.xib */; };
		455A0D2126BDE7AE00EC572D /* DebugViewController.xib in Resources */ = {isa = PBXBuildFile; fileRef = 455A0D1D26BDE7AE00EC572D /* DebugViewController.xib */; };
		455A0D2426BDE88D00EC572D /* Router.swift in Sources */ = {isa = PBXBuildFile; fileRef = 455A0D2326BDE88D00EC572D /* Router.swift */; };
		455A0D2526BDE88D00EC572D /* Router.swift in Sources */ = {isa = PBXBuildFile; fileRef = 455A0D2326BDE88D00EC572D /* Router.swift */; };
		455A0D2726BDF51A00EC572D /* GoogleService-Info.plist in Resources */ = {isa = PBXBuildFile; fileRef = 455A0D2626BDF51A00EC572D /* GoogleService-Info.plist */; };
		455A0D2A26BDF5E800EC572D /* FirebaseAnalytics in Frameworks */ = {isa = PBXBuildFile; productRef = 455A0D2926BDF5E800EC572D /* FirebaseAnalytics */; };
		455A0D2C26BDF5E800EC572D /* FirebaseAuth in Frameworks */ = {isa = PBXBuildFile; productRef = 455A0D2B26BDF5E800EC572D /* FirebaseAuth */; };
		455A0D2E26BDF5E800EC572D /* FirebaseCrashlytics in Frameworks */ = {isa = PBXBuildFile; productRef = 455A0D2D26BDF5E800EC572D /* FirebaseCrashlytics */; };
		455A0D3126BDF61200EC572D /* FirebaseAnalytics in Frameworks */ = {isa = PBXBuildFile; productRef = 455A0D3026BDF61200EC572D /* FirebaseAnalytics */; };
		455A0D3326BDF61B00EC572D /* FirebaseAuth in Frameworks */ = {isa = PBXBuildFile; productRef = 455A0D3226BDF61B00EC572D /* FirebaseAuth */; };
		455A0D3526BDF61B00EC572D /* FirebaseCrashlytics in Frameworks */ = {isa = PBXBuildFile; productRef = 455A0D3426BDF61B00EC572D /* FirebaseCrashlytics */; };
		455A0D3726BDF73F00EC572D /* GoogleService-Info.plist in Resources */ = {isa = PBXBuildFile; fileRef = 455A0D3626BDF73F00EC572D /* GoogleService-Info.plist */; };
		456B341D26C17D43009D7D27 /* UIStackView+Extensions.swift in Sources */ = {isa = PBXBuildFile; fileRef = 456B341C26C17D43009D7D27 /* UIStackView+Extensions.swift */; };
		456B341E26C17D43009D7D27 /* UIStackView+Extensions.swift in Sources */ = {isa = PBXBuildFile; fileRef = 456B341C26C17D43009D7D27 /* UIStackView+Extensions.swift */; };
		456B342126C17DF4009D7D27 /* Optional+Extensions.swift in Sources */ = {isa = PBXBuildFile; fileRef = 456B342026C17DF4009D7D27 /* Optional+Extensions.swift */; };
		456B342226C17DF4009D7D27 /* Optional+Extensions.swift in Sources */ = {isa = PBXBuildFile; fileRef = 456B342026C17DF4009D7D27 /* Optional+Extensions.swift */; };
		456B342426C17E83009D7D27 /* Constants.swift in Sources */ = {isa = PBXBuildFile; fileRef = 456B342326C17E83009D7D27 /* Constants.swift */; };
		456B342526C17E83009D7D27 /* Constants.swift in Sources */ = {isa = PBXBuildFile; fileRef = 456B342326C17E83009D7D27 /* Constants.swift */; };
		456B342726C18257009D7D27 /* Logger.swift in Sources */ = {isa = PBXBuildFile; fileRef = 456B342626C18257009D7D27 /* Logger.swift */; };
		456B342826C18257009D7D27 /* Logger.swift in Sources */ = {isa = PBXBuildFile; fileRef = 456B342626C18257009D7D27 /* Logger.swift */; };
		456B342D26C18C75009D7D27 /* LogViewerViewController.swift in Sources */ = {isa = PBXBuildFile; fileRef = 456B342B26C18C75009D7D27 /* LogViewerViewController.swift */; };
		456B342E26C18C75009D7D27 /* LogViewerViewController.swift in Sources */ = {isa = PBXBuildFile; fileRef = 456B342B26C18C75009D7D27 /* LogViewerViewController.swift */; };
		456B342F26C18C75009D7D27 /* LogViewerViewController.xib in Resources */ = {isa = PBXBuildFile; fileRef = 456B342C26C18C75009D7D27 /* LogViewerViewController.xib */; };
		456B343026C18C75009D7D27 /* LogViewerViewController.xib in Resources */ = {isa = PBXBuildFile; fileRef = 456B342C26C18C75009D7D27 /* LogViewerViewController.xib */; };
		456B343626C2819E009D7D27 /* Inconsolata-Bold.ttf in Resources */ = {isa = PBXBuildFile; fileRef = 456B343226C2819D009D7D27 /* Inconsolata-Bold.ttf */; };
		456B343726C2819E009D7D27 /* Inconsolata-Bold.ttf in Resources */ = {isa = PBXBuildFile; fileRef = 456B343226C2819D009D7D27 /* Inconsolata-Bold.ttf */; };
		456B343826C2819E009D7D27 /* Inconsolata-Light.ttf in Resources */ = {isa = PBXBuildFile; fileRef = 456B343326C2819E009D7D27 /* Inconsolata-Light.ttf */; };
		456B343926C2819E009D7D27 /* Inconsolata-Light.ttf in Resources */ = {isa = PBXBuildFile; fileRef = 456B343326C2819E009D7D27 /* Inconsolata-Light.ttf */; };
		456B343A26C2819E009D7D27 /* Inconsolata-Medium.ttf in Resources */ = {isa = PBXBuildFile; fileRef = 456B343426C2819E009D7D27 /* Inconsolata-Medium.ttf */; };
		456B343B26C2819E009D7D27 /* Inconsolata-Medium.ttf in Resources */ = {isa = PBXBuildFile; fileRef = 456B343426C2819E009D7D27 /* Inconsolata-Medium.ttf */; };
		456B343C26C2819E009D7D27 /* Inconsolata-Regular.ttf in Resources */ = {isa = PBXBuildFile; fileRef = 456B343526C2819E009D7D27 /* Inconsolata-Regular.ttf */; };
		456B343D26C2819E009D7D27 /* Inconsolata-Regular.ttf in Resources */ = {isa = PBXBuildFile; fileRef = 456B343526C2819E009D7D27 /* Inconsolata-Regular.ttf */; };
		4589F3F726BF017A005DF543 /* WelcomeViewController.swift in Sources */ = {isa = PBXBuildFile; fileRef = 4589F3EC26BF017A005DF543 /* WelcomeViewController.swift */; };
		4589F3F826BF017A005DF543 /* WelcomeViewController.swift in Sources */ = {isa = PBXBuildFile; fileRef = 4589F3EC26BF017A005DF543 /* WelcomeViewController.swift */; };
		4589F3F926BF017A005DF543 /* WelcomeViewController.xib in Resources */ = {isa = PBXBuildFile; fileRef = 4589F3ED26BF017A005DF543 /* WelcomeViewController.xib */; };
		4589F3FA26BF017A005DF543 /* WelcomeViewController.xib in Resources */ = {isa = PBXBuildFile; fileRef = 4589F3ED26BF017A005DF543 /* WelcomeViewController.xib */; };
		4589F3FB26BF017A005DF543 /* RegisterViewController.xib in Resources */ = {isa = PBXBuildFile; fileRef = 4589F3EF26BF017A005DF543 /* RegisterViewController.xib */; };
		4589F3FC26BF017A005DF543 /* RegisterViewController.xib in Resources */ = {isa = PBXBuildFile; fileRef = 4589F3EF26BF017A005DF543 /* RegisterViewController.xib */; };
		4589F3FD26BF017A005DF543 /* RegisterViewController.swift in Sources */ = {isa = PBXBuildFile; fileRef = 4589F3F026BF017A005DF543 /* RegisterViewController.swift */; };
		4589F3FE26BF017A005DF543 /* RegisterViewController.swift in Sources */ = {isa = PBXBuildFile; fileRef = 4589F3F026BF017A005DF543 /* RegisterViewController.swift */; };
		4589F3FF26BF017A005DF543 /* LoginViewController.xib in Resources */ = {isa = PBXBuildFile; fileRef = 4589F3F226BF017A005DF543 /* LoginViewController.xib */; };
		4589F40026BF017A005DF543 /* LoginViewController.xib in Resources */ = {isa = PBXBuildFile; fileRef = 4589F3F226BF017A005DF543 /* LoginViewController.xib */; };
		4589F40126BF017A005DF543 /* LoginViewController.swift in Sources */ = {isa = PBXBuildFile; fileRef = 4589F3F326BF017A005DF543 /* LoginViewController.swift */; };
		4589F40226BF017A005DF543 /* LoginViewController.swift in Sources */ = {isa = PBXBuildFile; fileRef = 4589F3F326BF017A005DF543 /* LoginViewController.swift */; };
		4589F40326BF017A005DF543 /* RecoverPasswordViewController.swift in Sources */ = {isa = PBXBuildFile; fileRef = 4589F3F526BF017A005DF543 /* RecoverPasswordViewController.swift */; };
		4589F40426BF017A005DF543 /* RecoverPasswordViewController.swift in Sources */ = {isa = PBXBuildFile; fileRef = 4589F3F526BF017A005DF543 /* RecoverPasswordViewController.swift */; };
		4589F40526BF017A005DF543 /* RecoverPasswordViewController.xib in Resources */ = {isa = PBXBuildFile; fileRef = 4589F3F626BF017A005DF543 /* RecoverPasswordViewController.xib */; };
		4589F40626BF017A005DF543 /* RecoverPasswordViewController.xib in Resources */ = {isa = PBXBuildFile; fileRef = 4589F3F626BF017A005DF543 /* RecoverPasswordViewController.xib */; };
		4589F40E26BF0203005DF543 /* RoundButton.swift in Sources */ = {isa = PBXBuildFile; fileRef = 4589F40826BF0203005DF543 /* RoundButton.swift */; };
		4589F40F26BF0203005DF543 /* RoundButton.swift in Sources */ = {isa = PBXBuildFile; fileRef = 4589F40826BF0203005DF543 /* RoundButton.swift */; };
		4589F41026BF0203005DF543 /* TitleTextFieldView.xib in Resources */ = {isa = PBXBuildFile; fileRef = 4589F40A26BF0203005DF543 /* TitleTextFieldView.xib */; };
		4589F41126BF0203005DF543 /* TitleTextFieldView.xib in Resources */ = {isa = PBXBuildFile; fileRef = 4589F40A26BF0203005DF543 /* TitleTextFieldView.xib */; };
		4589F41226BF0203005DF543 /* HeaderTextFieldView.xib in Resources */ = {isa = PBXBuildFile; fileRef = 4589F40B26BF0203005DF543 /* HeaderTextFieldView.xib */; };
		4589F41326BF0203005DF543 /* HeaderTextFieldView.xib in Resources */ = {isa = PBXBuildFile; fileRef = 4589F40B26BF0203005DF543 /* HeaderTextFieldView.xib */; };
		4589F41426BF0203005DF543 /* TitleTextFieldView.swift in Sources */ = {isa = PBXBuildFile; fileRef = 4589F40C26BF0203005DF543 /* TitleTextFieldView.swift */; };
		4589F41526BF0203005DF543 /* TitleTextFieldView.swift in Sources */ = {isa = PBXBuildFile; fileRef = 4589F40C26BF0203005DF543 /* TitleTextFieldView.swift */; };
		4589F41626BF0203005DF543 /* HeaderTextFieldView.swift in Sources */ = {isa = PBXBuildFile; fileRef = 4589F40D26BF0203005DF543 /* HeaderTextFieldView.swift */; };
		4589F41726BF0203005DF543 /* HeaderTextFieldView.swift in Sources */ = {isa = PBXBuildFile; fileRef = 4589F40D26BF0203005DF543 /* HeaderTextFieldView.swift */; };
		4589F41926BF0243005DF543 /* NibView.swift in Sources */ = {isa = PBXBuildFile; fileRef = 4589F41826BF0243005DF543 /* NibView.swift */; };
		4589F41A26BF0243005DF543 /* NibView.swift in Sources */ = {isa = PBXBuildFile; fileRef = 4589F41826BF0243005DF543 /* NibView.swift */; };
		4589F41C26BF0355005DF543 /* Delayed.swift in Sources */ = {isa = PBXBuildFile; fileRef = 4589F41B26BF0354005DF543 /* Delayed.swift */; };
		4589F41D26BF0355005DF543 /* Delayed.swift in Sources */ = {isa = PBXBuildFile; fileRef = 4589F41B26BF0354005DF543 /* Delayed.swift */; };
		4589F41F26BF03FE005DF543 /* Fonts.swift in Sources */ = {isa = PBXBuildFile; fileRef = 4589F41E26BF03FE005DF543 /* Fonts.swift */; };
		4589F42026BF03FE005DF543 /* Fonts.swift in Sources */ = {isa = PBXBuildFile; fileRef = 4589F41E26BF03FE005DF543 /* Fonts.swift */; };
		4589F42226BF395E005DF543 /* UserDefaults.swift in Sources */ = {isa = PBXBuildFile; fileRef = 4589F42126BF395E005DF543 /* UserDefaults.swift */; };
		4589F42326BF395E005DF543 /* UserDefaults.swift in Sources */ = {isa = PBXBuildFile; fileRef = 4589F42126BF395E005DF543 /* UserDefaults.swift */; };
		4589F42526C02DF3005DF543 /* TableViewDescriptor.swift in Sources */ = {isa = PBXBuildFile; fileRef = 4589F42426C02DF3005DF543 /* TableViewDescriptor.swift */; };
		4589F42626C02DF3005DF543 /* TableViewDescriptor.swift in Sources */ = {isa = PBXBuildFile; fileRef = 4589F42426C02DF3005DF543 /* TableViewDescriptor.swift */; };
		4589F42926C02EAA005DF543 /* StaticTableViewController.swift in Sources */ = {isa = PBXBuildFile; fileRef = 4589F42826C02EAA005DF543 /* StaticTableViewController.swift */; };
		4589F42A26C02EAA005DF543 /* StaticTableViewController.swift in Sources */ = {isa = PBXBuildFile; fileRef = 4589F42826C02EAA005DF543 /* StaticTableViewController.swift */; };
		4589F42C26C02F01005DF543 /* DebugTableViewDescription.swift in Sources */ = {isa = PBXBuildFile; fileRef = 4589F42B26C02F01005DF543 /* DebugTableViewDescription.swift */; };
		4589F42D26C02F01005DF543 /* DebugTableViewDescription.swift in Sources */ = {isa = PBXBuildFile; fileRef = 4589F42B26C02F01005DF543 /* DebugTableViewDescription.swift */; };
		45A2896526C2BF5600BCD5DA /* ThemeColors.xcassets in Resources */ = {isa = PBXBuildFile; fileRef = 4515637026BE968300690896 /* ThemeColors.xcassets */; };
		45A2896726C32D3F00BCD5DA /* NetworkModels.swift in Sources */ = {isa = PBXBuildFile; fileRef = 45A2896626C32D3F00BCD5DA /* NetworkModels.swift */; };
		45A2896826C32D3F00BCD5DA /* NetworkModels.swift in Sources */ = {isa = PBXBuildFile; fileRef = 45A2896626C32D3F00BCD5DA /* NetworkModels.swift */; };
		45A2896A26C32D7500BCD5DA /* NetworkSession.swift in Sources */ = {isa = PBXBuildFile; fileRef = 45A2896926C32D7500BCD5DA /* NetworkSession.swift */; };
		45A2896B26C32D7500BCD5DA /* NetworkSession.swift in Sources */ = {isa = PBXBuildFile; fileRef = 45A2896926C32D7500BCD5DA /* NetworkSession.swift */; };
		45A2897026C32E1C00BCD5DA /* NetworkManager.swift in Sources */ = {isa = PBXBuildFile; fileRef = 45A2896F26C32E1C00BCD5DA /* NetworkManager.swift */; };
		45A2897126C32E1C00BCD5DA /* NetworkManager.swift in Sources */ = {isa = PBXBuildFile; fileRef = 45A2896F26C32E1C00BCD5DA /* NetworkManager.swift */; };
		45A2897326C32E8600BCD5DA /* Authenticator.swift in Sources */ = {isa = PBXBuildFile; fileRef = 45A2897226C32E8600BCD5DA /* Authenticator.swift */; };
		45A2897426C32E8600BCD5DA /* Authenticator.swift in Sources */ = {isa = PBXBuildFile; fileRef = 45A2897226C32E8600BCD5DA /* Authenticator.swift */; };
		45A2897726C33C7800BCD5DA /* Environment.swift in Sources */ = {isa = PBXBuildFile; fileRef = 45A2897626C33C7800BCD5DA /* Environment.swift */; };
		45A2897826C33C7800BCD5DA /* Environment.swift in Sources */ = {isa = PBXBuildFile; fileRef = 45A2897626C33C7800BCD5DA /* Environment.swift */; };
		45A2897A26C3E57E00BCD5DA /* Endpoint.swift in Sources */ = {isa = PBXBuildFile; fileRef = 45A2897926C3E57E00BCD5DA /* Endpoint.swift */; };
		45A2897B26C3E57E00BCD5DA /* Endpoint.swift in Sources */ = {isa = PBXBuildFile; fileRef = 45A2897926C3E57E00BCD5DA /* Endpoint.swift */; };
		45A2898026C3E74B00BCD5DA /* AuthToken.swift in Sources */ = {isa = PBXBuildFile; fileRef = 45A2897F26C3E74B00BCD5DA /* AuthToken.swift */; };
		45A2898126C3E74B00BCD5DA /* AuthToken.swift in Sources */ = {isa = PBXBuildFile; fileRef = 45A2897F26C3E74B00BCD5DA /* AuthToken.swift */; };
		45A2898326C3EA6C00BCD5DA /* GomaGamingService.swift in Sources */ = {isa = PBXBuildFile; fileRef = 45A2898226C3EA6C00BCD5DA /* GomaGamingService.swift */; };
		45A2898426C3EA6C00BCD5DA /* GomaGamingService.swift in Sources */ = {isa = PBXBuildFile; fileRef = 45A2898226C3EA6C00BCD5DA /* GomaGamingService.swift */; };
		45A2898626C418F700BCD5DA /* NetworkErrorResponse.swift in Sources */ = {isa = PBXBuildFile; fileRef = 45A2898526C418F700BCD5DA /* NetworkErrorResponse.swift */; };
		45A2898726C418F700BCD5DA /* NetworkErrorResponse.swift in Sources */ = {isa = PBXBuildFile; fileRef = 45A2898526C418F700BCD5DA /* NetworkErrorResponse.swift */; };
/* End PBXBuildFile section */

/* Begin PBXContainerItemProxy section */
		455A0C6726BD902F00EC572D /* PBXContainerItemProxy */ = {
			isa = PBXContainerItemProxy;
			containerPortal = 455A0C4826BD902C00EC572D /* Project object */;
			proxyType = 1;
			remoteGlobalIDString = 455A0C4F26BD902C00EC572D;
			remoteInfo = Sportsbook;
		};
		456B341426C13B3D009D7D27 /* PBXContainerItemProxy */ = {
			isa = PBXContainerItemProxy;
			containerPortal = 455A0C4826BD902C00EC572D /* Project object */;
			proxyType = 1;
			remoteGlobalIDString = 455A0C8326BD904300EC572D;
			remoteInfo = ShowcaseBeta;
		};
/* End PBXContainerItemProxy section */

/* Begin PBXFileReference section */
		4515635E26BE032E00690896 /* AnalyticsClient.swift */ = {isa = PBXFileReference; lastKnownFileType = sourcecode.swift; path = AnalyticsClient.swift; sourceTree = "<group>"; };
		4515636726BE0AB200690896 /* ClientVariables.swift */ = {isa = PBXFileReference; lastKnownFileType = sourcecode.swift; path = ClientVariables.swift; sourceTree = "<group>"; };
		4515636A26BE949300690896 /* UserSettings.swift */ = {isa = PBXFileReference; lastKnownFileType = sourcecode.swift; path = UserSettings.swift; sourceTree = "<group>"; };
		4515636D26BE94F600690896 /* Theme.swift */ = {isa = PBXFileReference; lastKnownFileType = sourcecode.swift; path = Theme.swift; sourceTree = "<group>"; };
		4515637026BE968300690896 /* ThemeColors.xcassets */ = {isa = PBXFileReference; lastKnownFileType = folder.assetcatalog; path = ThemeColors.xcassets; sourceTree = "<group>"; };
		4515637326BE982000690896 /* Colors.swift */ = {isa = PBXFileReference; lastKnownFileType = sourcecode.swift; path = Colors.swift; sourceTree = "<group>"; };
		4515638026BEDA6200690896 /* FeatureFlag.swift */ = {isa = PBXFileReference; lastKnownFileType = sourcecode.swift; path = FeatureFlag.swift; sourceTree = "<group>"; };
		455A0C5026BD902C00EC572D /* ShowcaseProd.app */ = {isa = PBXFileReference; explicitFileType = wrapper.application; includeInIndex = 0; path = ShowcaseProd.app; sourceTree = BUILT_PRODUCTS_DIR; };
		455A0C5326BD902C00EC572D /* AppDelegate.swift */ = {isa = PBXFileReference; lastKnownFileType = sourcecode.swift; path = AppDelegate.swift; sourceTree = "<group>"; };
		455A0C6126BD902F00EC572D /* ShowcaseProd-Info.plist */ = {isa = PBXFileReference; lastKnownFileType = text.plist.xml; path = "ShowcaseProd-Info.plist"; sourceTree = "<group>"; };
		455A0C6626BD902F00EC572D /* SportsbookTests.xctest */ = {isa = PBXFileReference; explicitFileType = wrapper.cfbundle; includeInIndex = 0; path = SportsbookTests.xctest; sourceTree = BUILT_PRODUCTS_DIR; };
		455A0C6A26BD902F00EC572D /* SportsbookTests.swift */ = {isa = PBXFileReference; lastKnownFileType = sourcecode.swift; path = SportsbookTests.swift; sourceTree = "<group>"; };
		455A0C6C26BD903000EC572D /* Info.plist */ = {isa = PBXFileReference; lastKnownFileType = text.plist.xml; path = Info.plist; sourceTree = "<group>"; };
		455A0C9026BD904300EC572D /* ShowcaseBeta.app */ = {isa = PBXFileReference; explicitFileType = wrapper.application; includeInIndex = 0; path = ShowcaseBeta.app; sourceTree = BUILT_PRODUCTS_DIR; };
		455A0C9526BD941200EC572D /* ShowcaseBeta-Info.plist */ = {isa = PBXFileReference; lastKnownFileType = text.plist.xml; path = "ShowcaseBeta-Info.plist"; sourceTree = "<group>"; };
		455A0C9626BD943900EC572D /* TargetVariables.swift */ = {isa = PBXFileReference; lastKnownFileType = sourcecode.swift; path = TargetVariables.swift; sourceTree = "<group>"; };
		455A0C9D26BD957000EC572D /* en */ = {isa = PBXFileReference; lastKnownFileType = file.storyboard; name = en; path = en.lproj/LaunchScreen.storyboard; sourceTree = "<group>"; };
		455A0CA126BD96BF00EC572D /* SportsbookTarget.swift */ = {isa = PBXFileReference; lastKnownFileType = sourcecode.swift; path = SportsbookTarget.swift; sourceTree = "<group>"; };
		455A0CA526BD973400EC572D /* Showcase-Assets.xcassets */ = {isa = PBXFileReference; lastKnownFileType = folder.assetcatalog; path = "Showcase-Assets.xcassets"; sourceTree = "<group>"; };
		455A0CA626BD973400EC572D /* TargetVariables.swift */ = {isa = PBXFileReference; lastKnownFileType = sourcecode.swift; path = TargetVariables.swift; sourceTree = "<group>"; };
		455A0CAB26BD981900EC572D /* SharedAssets.xcassets */ = {isa = PBXFileReference; lastKnownFileType = folder.assetcatalog; path = SharedAssets.xcassets; sourceTree = "<group>"; };
		455A0CB026BD982000EC572D /* en */ = {isa = PBXFileReference; lastKnownFileType = text.plist.strings; name = en; path = en.lproj/Localizable.strings; sourceTree = "<group>"; };
		455A0CB226BD985800EC572D /* pt-PT */ = {isa = PBXFileReference; lastKnownFileType = file.storyboard; name = "pt-PT"; path = "pt-PT.lproj/LaunchScreen.storyboard"; sourceTree = "<group>"; };
		455A0CB326BD985800EC572D /* pt-PT */ = {isa = PBXFileReference; lastKnownFileType = text.plist.strings; name = "pt-PT"; path = "pt-PT.lproj/Localizable.strings"; sourceTree = "<group>"; };
		455A0CB526BD9B6000EC572D /* EnvironmentType.swift */ = {isa = PBXFileReference; lastKnownFileType = sourcecode.swift; path = EnvironmentType.swift; sourceTree = "<group>"; };
		455A0CB926BD9D4F00EC572D /* RootViewController.swift */ = {isa = PBXFileReference; lastKnownFileType = sourcecode.swift; path = RootViewController.swift; sourceTree = "<group>"; };
		455A0CBA26BD9D4F00EC572D /* RootViewController.xib */ = {isa = PBXFileReference; lastKnownFileType = file.xib; path = RootViewController.xib; sourceTree = "<group>"; };
		455A0CC026BD9D9000EC572D /* RunningPlatform.swift */ = {isa = PBXFileReference; fileEncoding = 4; lastKnownFileType = sourcecode.swift; path = RunningPlatform.swift; sourceTree = "<group>"; };
		455A0CC126BD9D9000EC572D /* Throttler.swift */ = {isa = PBXFileReference; fileEncoding = 4; lastKnownFileType = sourcecode.swift; path = Throttler.swift; sourceTree = "<group>"; };
		455A0CC226BD9D9000EC572D /* Localization.swift */ = {isa = PBXFileReference; fileEncoding = 4; lastKnownFileType = sourcecode.swift; path = Localization.swift; sourceTree = "<group>"; };
		455A0CC326BD9D9000EC572D /* NotEmpty.swift */ = {isa = PBXFileReference; fileEncoding = 4; lastKnownFileType = sourcecode.swift; path = NotEmpty.swift; sourceTree = "<group>"; };
		455A0CC426BD9D9000EC572D /* FunctionalUtils.swift */ = {isa = PBXFileReference; fileEncoding = 4; lastKnownFileType = sourcecode.swift; path = FunctionalUtils.swift; sourceTree = "<group>"; };
		455A0CC626BD9D9000EC572D /* AutoLayoutDSL.swift */ = {isa = PBXFileReference; fileEncoding = 4; lastKnownFileType = sourcecode.swift; path = AutoLayoutDSL.swift; sourceTree = "<group>"; };
		455A0CC726BD9D9000EC572D /* Throwable.swift */ = {isa = PBXFileReference; fileEncoding = 4; lastKnownFileType = sourcecode.swift; path = Throwable.swift; sourceTree = "<group>"; };
		455A0CC926BD9D9000EC572D /* Array+Extensions.swift */ = {isa = PBXFileReference; fileEncoding = 4; lastKnownFileType = sourcecode.swift; path = "Array+Extensions.swift"; sourceTree = "<group>"; };
		455A0CCA26BD9D9000EC572D /* UIImageView+Extensions.swift */ = {isa = PBXFileReference; fileEncoding = 4; lastKnownFileType = sourcecode.swift; path = "UIImageView+Extensions.swift"; sourceTree = "<group>"; };
		455A0CCB26BD9D9000EC572D /* UIViewController+Extensions.swift */ = {isa = PBXFileReference; fileEncoding = 4; lastKnownFileType = sourcecode.swift; path = "UIViewController+Extensions.swift"; sourceTree = "<group>"; };
		455A0CCC26BD9D9000EC572D /* UIButton+Extensions.swift */ = {isa = PBXFileReference; fileEncoding = 4; lastKnownFileType = sourcecode.swift; path = "UIButton+Extensions.swift"; sourceTree = "<group>"; };
		455A0CCD26BD9D9000EC572D /* UIView+Extensions.swift */ = {isa = PBXFileReference; fileEncoding = 4; lastKnownFileType = sourcecode.swift; path = "UIView+Extensions.swift"; sourceTree = "<group>"; };
		455A0CCE26BD9D9000EC572D /* NSObject+Extension.swift */ = {isa = PBXFileReference; fileEncoding = 4; lastKnownFileType = sourcecode.swift; path = "NSObject+Extension.swift"; sourceTree = "<group>"; };
		455A0CCF26BD9D9000EC572D /* UIColor+Extensions.swift */ = {isa = PBXFileReference; fileEncoding = 4; lastKnownFileType = sourcecode.swift; path = "UIColor+Extensions.swift"; sourceTree = "<group>"; };
		455A0CD026BD9D9000EC572D /* UIImage+Extensions.swift */ = {isa = PBXFileReference; fileEncoding = 4; lastKnownFileType = sourcecode.swift; path = "UIImage+Extensions.swift"; sourceTree = "<group>"; };
		455A0CD126BD9D9000EC572D /* UIApplication+Extensions.swift */ = {isa = PBXFileReference; fileEncoding = 4; lastKnownFileType = sourcecode.swift; path = "UIApplication+Extensions.swift"; sourceTree = "<group>"; };
		455A0CD226BD9D9000EC572D /* UIAlertController+Extensions.swift */ = {isa = PBXFileReference; fileEncoding = 4; lastKnownFileType = sourcecode.swift; path = "UIAlertController+Extensions.swift"; sourceTree = "<group>"; };
		455A0CD326BD9D9000EC572D /* NSAttributedString+Extensions.swift */ = {isa = PBXFileReference; fileEncoding = 4; lastKnownFileType = sourcecode.swift; path = "NSAttributedString+Extensions.swift"; sourceTree = "<group>"; };
		455A0CD426BD9D9000EC572D /* UILabel+Extensions.swift */ = {isa = PBXFileReference; fileEncoding = 4; lastKnownFileType = sourcecode.swift; path = "UILabel+Extensions.swift"; sourceTree = "<group>"; };
		455A0CD526BD9D9000EC572D /* NibIdentifiable.swift */ = {isa = PBXFileReference; fileEncoding = 4; lastKnownFileType = sourcecode.swift; path = NibIdentifiable.swift; sourceTree = "<group>"; };
		455A0CD826BD9D9000EC572D /* CenterCellCollectionViewFlowLayout.swift */ = {isa = PBXFileReference; fileEncoding = 4; lastKnownFileType = sourcecode.swift; path = CenterCellCollectionViewFlowLayout.swift; sourceTree = "<group>"; };
		455A0CD926BD9D9000EC572D /* FadeInCenterHorizontalFlowLayout.swift */ = {isa = PBXFileReference; fileEncoding = 4; lastKnownFileType = sourcecode.swift; path = FadeInCenterHorizontalFlowLayout.swift; sourceTree = "<group>"; };
		455A0CDA26BD9D9000EC572D /* CountryName.swift */ = {isa = PBXFileReference; fileEncoding = 4; lastKnownFileType = sourcecode.swift; path = CountryName.swift; sourceTree = "<group>"; };
		455A0CDB26BD9D9000EC572D /* Debounce.swift */ = {isa = PBXFileReference; fileEncoding = 4; lastKnownFileType = sourcecode.swift; path = Debounce.swift; sourceTree = "<group>"; };
		455A0CDC26BD9D9000EC572D /* Changeable.swift */ = {isa = PBXFileReference; fileEncoding = 4; lastKnownFileType = sourcecode.swift; path = Changeable.swift; sourceTree = "<group>"; };
		455A0CDD26BD9D9000EC572D /* Observable.swift */ = {isa = PBXFileReference; fileEncoding = 4; lastKnownFileType = sourcecode.swift; path = Observable.swift; sourceTree = "<group>"; };
		455A0D1526BD9F4D00EC572D /* GeoLocationManager.swift */ = {isa = PBXFileReference; lastKnownFileType = sourcecode.swift; path = GeoLocationManager.swift; sourceTree = "<group>"; };
		455A0D1826BDABA100EC572D /* Internationalization.swift */ = {isa = PBXFileReference; lastKnownFileType = sourcecode.swift; path = Internationalization.swift; sourceTree = "<group>"; };
		455A0D1C26BDE7AE00EC572D /* DebugViewController.swift */ = {isa = PBXFileReference; lastKnownFileType = sourcecode.swift; path = DebugViewController.swift; sourceTree = "<group>"; };
		455A0D1D26BDE7AE00EC572D /* DebugViewController.xib */ = {isa = PBXFileReference; lastKnownFileType = file.xib; path = DebugViewController.xib; sourceTree = "<group>"; };
		455A0D2326BDE88D00EC572D /* Router.swift */ = {isa = PBXFileReference; lastKnownFileType = sourcecode.swift; path = Router.swift; sourceTree = "<group>"; };
		455A0D2626BDF51A00EC572D /* GoogleService-Info.plist */ = {isa = PBXFileReference; fileEncoding = 4; lastKnownFileType = text.plist.xml; path = "GoogleService-Info.plist"; sourceTree = "<group>"; };
		455A0D3626BDF73F00EC572D /* GoogleService-Info.plist */ = {isa = PBXFileReference; fileEncoding = 4; lastKnownFileType = text.plist.xml; path = "GoogleService-Info.plist"; sourceTree = "<group>"; };
		456B341C26C17D43009D7D27 /* UIStackView+Extensions.swift */ = {isa = PBXFileReference; lastKnownFileType = sourcecode.swift; path = "UIStackView+Extensions.swift"; sourceTree = "<group>"; };
		456B342026C17DF4009D7D27 /* Optional+Extensions.swift */ = {isa = PBXFileReference; lastKnownFileType = sourcecode.swift; path = "Optional+Extensions.swift"; sourceTree = "<group>"; };
		456B342326C17E83009D7D27 /* Constants.swift */ = {isa = PBXFileReference; lastKnownFileType = sourcecode.swift; path = Constants.swift; sourceTree = "<group>"; };
		456B342626C18257009D7D27 /* Logger.swift */ = {isa = PBXFileReference; lastKnownFileType = sourcecode.swift; path = Logger.swift; sourceTree = "<group>"; };
		456B342B26C18C75009D7D27 /* LogViewerViewController.swift */ = {isa = PBXFileReference; lastKnownFileType = sourcecode.swift; path = LogViewerViewController.swift; sourceTree = "<group>"; };
		456B342C26C18C75009D7D27 /* LogViewerViewController.xib */ = {isa = PBXFileReference; lastKnownFileType = file.xib; path = LogViewerViewController.xib; sourceTree = "<group>"; };
		456B343226C2819D009D7D27 /* Inconsolata-Bold.ttf */ = {isa = PBXFileReference; lastKnownFileType = file; path = "Inconsolata-Bold.ttf"; sourceTree = "<group>"; };
		456B343326C2819E009D7D27 /* Inconsolata-Light.ttf */ = {isa = PBXFileReference; lastKnownFileType = file; path = "Inconsolata-Light.ttf"; sourceTree = "<group>"; };
		456B343426C2819E009D7D27 /* Inconsolata-Medium.ttf */ = {isa = PBXFileReference; lastKnownFileType = file; path = "Inconsolata-Medium.ttf"; sourceTree = "<group>"; };
		456B343526C2819E009D7D27 /* Inconsolata-Regular.ttf */ = {isa = PBXFileReference; lastKnownFileType = file; path = "Inconsolata-Regular.ttf"; sourceTree = "<group>"; };
		4589F3EC26BF017A005DF543 /* WelcomeViewController.swift */ = {isa = PBXFileReference; fileEncoding = 4; lastKnownFileType = sourcecode.swift; path = WelcomeViewController.swift; sourceTree = "<group>"; };
		4589F3ED26BF017A005DF543 /* WelcomeViewController.xib */ = {isa = PBXFileReference; fileEncoding = 4; lastKnownFileType = file.xib; path = WelcomeViewController.xib; sourceTree = "<group>"; };
		4589F3EF26BF017A005DF543 /* RegisterViewController.xib */ = {isa = PBXFileReference; fileEncoding = 4; lastKnownFileType = file.xib; path = RegisterViewController.xib; sourceTree = "<group>"; };
		4589F3F026BF017A005DF543 /* RegisterViewController.swift */ = {isa = PBXFileReference; fileEncoding = 4; lastKnownFileType = sourcecode.swift; path = RegisterViewController.swift; sourceTree = "<group>"; };
		4589F3F226BF017A005DF543 /* LoginViewController.xib */ = {isa = PBXFileReference; fileEncoding = 4; lastKnownFileType = file.xib; path = LoginViewController.xib; sourceTree = "<group>"; };
		4589F3F326BF017A005DF543 /* LoginViewController.swift */ = {isa = PBXFileReference; fileEncoding = 4; lastKnownFileType = sourcecode.swift; path = LoginViewController.swift; sourceTree = "<group>"; };
		4589F3F526BF017A005DF543 /* RecoverPasswordViewController.swift */ = {isa = PBXFileReference; fileEncoding = 4; lastKnownFileType = sourcecode.swift; path = RecoverPasswordViewController.swift; sourceTree = "<group>"; };
		4589F3F626BF017A005DF543 /* RecoverPasswordViewController.xib */ = {isa = PBXFileReference; fileEncoding = 4; lastKnownFileType = file.xib; path = RecoverPasswordViewController.xib; sourceTree = "<group>"; };
		4589F40826BF0203005DF543 /* RoundButton.swift */ = {isa = PBXFileReference; fileEncoding = 4; lastKnownFileType = sourcecode.swift; path = RoundButton.swift; sourceTree = "<group>"; };
		4589F40A26BF0203005DF543 /* TitleTextFieldView.xib */ = {isa = PBXFileReference; fileEncoding = 4; lastKnownFileType = file.xib; path = TitleTextFieldView.xib; sourceTree = "<group>"; };
		4589F40B26BF0203005DF543 /* HeaderTextFieldView.xib */ = {isa = PBXFileReference; fileEncoding = 4; lastKnownFileType = file.xib; path = HeaderTextFieldView.xib; sourceTree = "<group>"; };
		4589F40C26BF0203005DF543 /* TitleTextFieldView.swift */ = {isa = PBXFileReference; fileEncoding = 4; lastKnownFileType = sourcecode.swift; path = TitleTextFieldView.swift; sourceTree = "<group>"; };
		4589F40D26BF0203005DF543 /* HeaderTextFieldView.swift */ = {isa = PBXFileReference; fileEncoding = 4; lastKnownFileType = sourcecode.swift; path = HeaderTextFieldView.swift; sourceTree = "<group>"; };
		4589F41826BF0243005DF543 /* NibView.swift */ = {isa = PBXFileReference; fileEncoding = 4; lastKnownFileType = sourcecode.swift; path = NibView.swift; sourceTree = "<group>"; };
		4589F41B26BF0354005DF543 /* Delayed.swift */ = {isa = PBXFileReference; lastKnownFileType = sourcecode.swift; path = Delayed.swift; sourceTree = "<group>"; };
		4589F41E26BF03FE005DF543 /* Fonts.swift */ = {isa = PBXFileReference; lastKnownFileType = sourcecode.swift; path = Fonts.swift; sourceTree = "<group>"; };
		4589F42126BF395E005DF543 /* UserDefaults.swift */ = {isa = PBXFileReference; lastKnownFileType = sourcecode.swift; path = UserDefaults.swift; sourceTree = "<group>"; };
		4589F42426C02DF3005DF543 /* TableViewDescriptor.swift */ = {isa = PBXFileReference; lastKnownFileType = sourcecode.swift; path = TableViewDescriptor.swift; sourceTree = "<group>"; };
		4589F42826C02EAA005DF543 /* StaticTableViewController.swift */ = {isa = PBXFileReference; lastKnownFileType = sourcecode.swift; path = StaticTableViewController.swift; sourceTree = "<group>"; };
		4589F42B26C02F01005DF543 /* DebugTableViewDescription.swift */ = {isa = PBXFileReference; lastKnownFileType = sourcecode.swift; path = DebugTableViewDescription.swift; sourceTree = "<group>"; };
		45A2896626C32D3F00BCD5DA /* NetworkModels.swift */ = {isa = PBXFileReference; lastKnownFileType = sourcecode.swift; path = NetworkModels.swift; sourceTree = "<group>"; };
		45A2896926C32D7500BCD5DA /* NetworkSession.swift */ = {isa = PBXFileReference; lastKnownFileType = sourcecode.swift; path = NetworkSession.swift; sourceTree = "<group>"; };
		45A2896F26C32E1C00BCD5DA /* NetworkManager.swift */ = {isa = PBXFileReference; lastKnownFileType = sourcecode.swift; path = NetworkManager.swift; sourceTree = "<group>"; };
		45A2897226C32E8600BCD5DA /* Authenticator.swift */ = {isa = PBXFileReference; lastKnownFileType = sourcecode.swift; path = Authenticator.swift; sourceTree = "<group>"; };
		45A2897626C33C7800BCD5DA /* Environment.swift */ = {isa = PBXFileReference; lastKnownFileType = sourcecode.swift; path = Environment.swift; sourceTree = "<group>"; };
		45A2897926C3E57E00BCD5DA /* Endpoint.swift */ = {isa = PBXFileReference; lastKnownFileType = sourcecode.swift; path = Endpoint.swift; sourceTree = "<group>"; };
		45A2897F26C3E74B00BCD5DA /* AuthToken.swift */ = {isa = PBXFileReference; lastKnownFileType = sourcecode.swift; path = AuthToken.swift; sourceTree = "<group>"; };
		45A2898226C3EA6C00BCD5DA /* GomaGamingService.swift */ = {isa = PBXFileReference; lastKnownFileType = sourcecode.swift; path = GomaGamingService.swift; sourceTree = "<group>"; };
		45A2898526C418F700BCD5DA /* NetworkErrorResponse.swift */ = {isa = PBXFileReference; lastKnownFileType = sourcecode.swift; path = NetworkErrorResponse.swift; sourceTree = "<group>"; };
/* End PBXFileReference section */

/* Begin PBXFrameworksBuildPhase section */
		455A0C4D26BD902C00EC572D /* Frameworks */ = {
			isa = PBXFrameworksBuildPhase;
			buildActionMask = 2147483647;
			files = (
				455A0D2E26BDF5E800EC572D /* FirebaseCrashlytics in Frameworks */,
				4515637826BED19B00690896 /* Reachability in Frameworks */,
				455A0D2A26BDF5E800EC572D /* FirebaseAnalytics in Frameworks */,
				455A0D2C26BDF5E800EC572D /* FirebaseAuth in Frameworks */,
				4515637B26BED57400690896 /* Nuke in Frameworks */,
			);
			runOnlyForDeploymentPostprocessing = 0;
		};
		455A0C6326BD902F00EC572D /* Frameworks */ = {
			isa = PBXFrameworksBuildPhase;
			buildActionMask = 2147483647;
			files = (
			);
			runOnlyForDeploymentPostprocessing = 0;
		};
		455A0C8826BD904300EC572D /* Frameworks */ = {
			isa = PBXFrameworksBuildPhase;
			buildActionMask = 2147483647;
			files = (
				455A0D3526BDF61B00EC572D /* FirebaseCrashlytics in Frameworks */,
				4515637D26BED58900690896 /* Reachability in Frameworks */,
				455A0D3126BDF61200EC572D /* FirebaseAnalytics in Frameworks */,
				455A0D3326BDF61B00EC572D /* FirebaseAuth in Frameworks */,
				4515637F26BED58900690896 /* Nuke in Frameworks */,
			);
			runOnlyForDeploymentPostprocessing = 0;
		};
/* End PBXFrameworksBuildPhase section */

/* Begin PBXGroup section */
		455A0C4726BD902C00EC572D = {
			isa = PBXGroup;
			children = (
				455A0C5226BD902C00EC572D /* Core */,
				455A0C9226BD906700EC572D /* Clients */,
				455A0C5126BD902C00EC572D /* Products */,
				455A0D2F26BDF61200EC572D /* Frameworks */,
			);
			sourceTree = "<group>";
		};
		455A0C5126BD902C00EC572D /* Products */ = {
			isa = PBXGroup;
			children = (
				455A0C5026BD902C00EC572D /* ShowcaseProd.app */,
				455A0C6626BD902F00EC572D /* SportsbookTests.xctest */,
				455A0C9026BD904300EC572D /* ShowcaseBeta.app */,
			);
			name = Products;
			sourceTree = "<group>";
		};
		455A0C5226BD902C00EC572D /* Core */ = {
			isa = PBXGroup;
			children = (
				456B341F26C17D70009D7D27 /* App */,
				455A0D1426BD9F3400EC572D /* Services */,
				456B341826C178D9009D7D27 /* Constants */,
				4589F3E926BF0160005DF543 /* Screens */,
				456B341326C13AEE009D7D27 /* Models */,
				4589F40726BF01B4005DF543 /* Views */,
				456B341B26C17C77009D7D27 /* Protocols */,
				455A0CBF26BD9D9000EC572D /* Tools */,
				455A0C9E26BD958600EC572D /* Resources */,
				455A0C9826BD945900EC572D /* Tests */,
			);
			path = Core;
			sourceTree = "<group>";
		};
		455A0C6926BD902F00EC572D /* CoreTests */ = {
			isa = PBXGroup;
			children = (
				455A0C6A26BD902F00EC572D /* SportsbookTests.swift */,
				455A0C6C26BD903000EC572D /* Info.plist */,
			);
			path = CoreTests;
			sourceTree = "<group>";
		};
		455A0C9226BD906700EC572D /* Clients */ = {
			isa = PBXGroup;
			children = (
				455A0CA926BD974D00EC572D /* Showcase */,
			);
			path = Clients;
			sourceTree = "<group>";
		};
		455A0C9326BD91F200EC572D /* Prod */ = {
			isa = PBXGroup;
			children = (
				455A0CA626BD973400EC572D /* TargetVariables.swift */,
				455A0C6126BD902F00EC572D /* ShowcaseProd-Info.plist */,
				455A0D3626BDF73F00EC572D /* GoogleService-Info.plist */,
			);
			path = Prod;
			sourceTree = "<group>";
		};
		455A0C9426BD920400EC572D /* Beta */ = {
			isa = PBXGroup;
			children = (
				455A0C9626BD943900EC572D /* TargetVariables.swift */,
				455A0C9526BD941200EC572D /* ShowcaseBeta-Info.plist */,
				455A0D2626BDF51A00EC572D /* GoogleService-Info.plist */,
			);
			path = Beta;
			sourceTree = "<group>";
		};
		455A0C9826BD945900EC572D /* Tests */ = {
			isa = PBXGroup;
			children = (
				455A0C6926BD902F00EC572D /* CoreTests */,
			);
			path = Tests;
			sourceTree = "<group>";
		};
		455A0C9926BD946500EC572D /* Localization */ = {
			isa = PBXGroup;
			children = (
				455A0CB126BD982000EC572D /* Localizable.strings */,
			);
			path = Localization;
			sourceTree = "<group>";
		};
		455A0C9E26BD958600EC572D /* Resources */ = {
			isa = PBXGroup;
			children = (
				456B343126C2817F009D7D27 /* Fonts */,
				455A0C9926BD946500EC572D /* Localization */,
				455A0CB426BD987500EC572D /* LauchScreen */,
				455A0CAB26BD981900EC572D /* SharedAssets.xcassets */,
			);
			path = Resources;
			sourceTree = "<group>";
		};
		455A0CA426BD96C800EC572D /* ClientsProtocols */ = {
			isa = PBXGroup;
			children = (
				455A0CA126BD96BF00EC572D /* SportsbookTarget.swift */,
				4515638026BEDA6200690896 /* FeatureFlag.swift */,
				455A0CB526BD9B6000EC572D /* EnvironmentType.swift */,
			);
			path = ClientsProtocols;
			sourceTree = "<group>";
		};
		455A0CA926BD974D00EC572D /* Showcase */ = {
			isa = PBXGroup;
			children = (
				4515636726BE0AB200690896 /* ClientVariables.swift */,
				455A0CA526BD973400EC572D /* Showcase-Assets.xcassets */,
				4515637026BE968300690896 /* ThemeColors.xcassets */,
				455A0C9326BD91F200EC572D /* Prod */,
				455A0C9426BD920400EC572D /* Beta */,
			);
			path = Showcase;
			sourceTree = "<group>";
		};
		455A0CB426BD987500EC572D /* LauchScreen */ = {
			isa = PBXGroup;
			children = (
				455A0C5E26BD902F00EC572D /* LaunchScreen.storyboard */,
			);
			path = LauchScreen;
			sourceTree = "<group>";
		};
		455A0CBF26BD9D9000EC572D /* Tools */ = {
			isa = PBXGroup;
			children = (
				456B341926C179A8009D7D27 /* Functional */,
				455A0CC826BD9D9000EC572D /* Extensions */,
				456B341A26C17A0C009D7D27 /* MiscHelpers */,
			);
			path = Tools;
			sourceTree = "<group>";
		};
		455A0CC526BD9D9000EC572D /* AutoLayoutDSL */ = {
			isa = PBXGroup;
			children = (
				455A0CC626BD9D9000EC572D /* AutoLayoutDSL.swift */,
			);
			path = AutoLayoutDSL;
			sourceTree = "<group>";
		};
		455A0CC826BD9D9000EC572D /* Extensions */ = {
			isa = PBXGroup;
			children = (
				455A0CC926BD9D9000EC572D /* Array+Extensions.swift */,
				455A0CCA26BD9D9000EC572D /* UIImageView+Extensions.swift */,
				455A0CCB26BD9D9000EC572D /* UIViewController+Extensions.swift */,
				455A0CCC26BD9D9000EC572D /* UIButton+Extensions.swift */,
				455A0CCD26BD9D9000EC572D /* UIView+Extensions.swift */,
				455A0CCE26BD9D9000EC572D /* NSObject+Extension.swift */,
				456B341C26C17D43009D7D27 /* UIStackView+Extensions.swift */,
				455A0CCF26BD9D9000EC572D /* UIColor+Extensions.swift */,
				455A0CD026BD9D9000EC572D /* UIImage+Extensions.swift */,
				455A0CD126BD9D9000EC572D /* UIApplication+Extensions.swift */,
				455A0CD226BD9D9000EC572D /* UIAlertController+Extensions.swift */,
				455A0CD326BD9D9000EC572D /* NSAttributedString+Extensions.swift */,
				455A0CD426BD9D9000EC572D /* UILabel+Extensions.swift */,
				456B342026C17DF4009D7D27 /* Optional+Extensions.swift */,
			);
			path = Extensions;
			sourceTree = "<group>";
		};
		455A0CD626BD9D9000EC572D /* CollectionViewFlowLayouts */ = {
			isa = PBXGroup;
			children = (
				455A0CD826BD9D9000EC572D /* CenterCellCollectionViewFlowLayout.swift */,
				455A0CD926BD9D9000EC572D /* FadeInCenterHorizontalFlowLayout.swift */,
			);
			path = CollectionViewFlowLayouts;
			sourceTree = "<group>";
		};
		455A0D1426BD9F3400EC572D /* Services */ = {
			isa = PBXGroup;
			children = (
				455A0D2326BDE88D00EC572D /* Router.swift */,
				455A0D1526BD9F4D00EC572D /* GeoLocationManager.swift */,
				4515635E26BE032E00690896 /* AnalyticsClient.swift */,
				456B342626C18257009D7D27 /* Logger.swift */,
				456B341226C13AE1009D7D27 /* Networking */,
			);
			path = Services;
			sourceTree = "<group>";
		};
		455A0D2226BDE7B900EC572D /* DebugHelper */ = {
			isa = PBXGroup;
			children = (
				4589F42B26C02F01005DF543 /* DebugTableViewDescription.swift */,
				455A0D1C26BDE7AE00EC572D /* DebugViewController.swift */,
				455A0D1D26BDE7AE00EC572D /* DebugViewController.xib */,
				456B342B26C18C75009D7D27 /* LogViewerViewController.swift */,
				456B342C26C18C75009D7D27 /* LogViewerViewController.xib */,
			);
			path = DebugHelper;
			sourceTree = "<group>";
		};
		455A0D2F26BDF61200EC572D /* Frameworks */ = {
			isa = PBXGroup;
			children = (
			);
			name = Frameworks;
			sourceTree = "<group>";
		};
		456B341226C13AE1009D7D27 /* Networking */ = {
			isa = PBXGroup;
			children = (
				45A2898226C3EA6C00BCD5DA /* GomaGamingService.swift */,
				45A2896F26C32E1C00BCD5DA /* NetworkManager.swift */,
				45A2896926C32D7500BCD5DA /* NetworkSession.swift */,
				45A2897226C32E8600BCD5DA /* Authenticator.swift */,
				45A2897526C338F100BCD5DA /* Models */,
			);
			path = Networking;
			sourceTree = "<group>";
		};
		456B341326C13AEE009D7D27 /* Models */ = {
			isa = PBXGroup;
			children = (
			);
			path = Models;
			sourceTree = "<group>";
		};
		456B341826C178D9009D7D27 /* Constants */ = {
			isa = PBXGroup;
			children = (
				456B342326C17E83009D7D27 /* Constants.swift */,
				4515636A26BE949300690896 /* UserSettings.swift */,
				4515636D26BE94F600690896 /* Theme.swift */,
				4515637326BE982000690896 /* Colors.swift */,
				4589F41E26BF03FE005DF543 /* Fonts.swift */,
				4589F42126BF395E005DF543 /* UserDefaults.swift */,
			);
			path = Constants;
			sourceTree = "<group>";
		};
		456B341926C179A8009D7D27 /* Functional */ = {
			isa = PBXGroup;
			children = (
				455A0CC126BD9D9000EC572D /* Throttler.swift */,
				455A0CC726BD9D9000EC572D /* Throwable.swift */,
				455A0CDB26BD9D9000EC572D /* Debounce.swift */,
				455A0CDD26BD9D9000EC572D /* Observable.swift */,
				4589F41B26BF0354005DF543 /* Delayed.swift */,
				455A0CDC26BD9D9000EC572D /* Changeable.swift */,
			);
			path = Functional;
			sourceTree = "<group>";
		};
		456B341A26C17A0C009D7D27 /* MiscHelpers */ = {
			isa = PBXGroup;
			children = (
				4589F42726C02E07005DF543 /* StaticTableViews */,
				455A0CC526BD9D9000EC572D /* AutoLayoutDSL */,
				455A0CD626BD9D9000EC572D /* CollectionViewFlowLayouts */,
				455A0D1826BDABA100EC572D /* Internationalization.swift */,
				455A0CC226BD9D9000EC572D /* Localization.swift */,
				455A0CC026BD9D9000EC572D /* RunningPlatform.swift */,
				455A0CC326BD9D9000EC572D /* NotEmpty.swift */,
				455A0CC426BD9D9000EC572D /* FunctionalUtils.swift */,
				455A0CD526BD9D9000EC572D /* NibIdentifiable.swift */,
				455A0CDA26BD9D9000EC572D /* CountryName.swift */,
			);
			path = MiscHelpers;
			sourceTree = "<group>";
		};
		456B341B26C17C77009D7D27 /* Protocols */ = {
			isa = PBXGroup;
			children = (
				455A0CA426BD96C800EC572D /* ClientsProtocols */,
			);
			path = Protocols;
			sourceTree = "<group>";
		};
		456B341F26C17D70009D7D27 /* App */ = {
			isa = PBXGroup;
			children = (
				455A0C5326BD902C00EC572D /* AppDelegate.swift */,
				45A2897626C33C7800BCD5DA /* Environment.swift */,
			);
			path = App;
			sourceTree = "<group>";
		};
		456B342926C18BB8009D7D27 /* TitleTextFieldView */ = {
			isa = PBXGroup;
			children = (
				4589F40C26BF0203005DF543 /* TitleTextFieldView.swift */,
				4589F40A26BF0203005DF543 /* TitleTextFieldView.xib */,
			);
			path = TitleTextFieldView;
			sourceTree = "<group>";
		};
		456B342A26C18BC1009D7D27 /* HeaderTextFieldView */ = {
			isa = PBXGroup;
			children = (
				4589F40D26BF0203005DF543 /* HeaderTextFieldView.swift */,
				4589F40B26BF0203005DF543 /* HeaderTextFieldView.xib */,
			);
			path = HeaderTextFieldView;
			sourceTree = "<group>";
		};
		456B343126C2817F009D7D27 /* Fonts */ = {
			isa = PBXGroup;
			children = (
				456B343226C2819D009D7D27 /* Inconsolata-Bold.ttf */,
				456B343326C2819E009D7D27 /* Inconsolata-Light.ttf */,
				456B343426C2819E009D7D27 /* Inconsolata-Medium.ttf */,
				456B343526C2819E009D7D27 /* Inconsolata-Regular.ttf */,
			);
			path = Fonts;
			sourceTree = "<group>";
		};
		4589F3E926BF0160005DF543 /* Screens */ = {
			isa = PBXGroup;
			children = (
				455A0CB926BD9D4F00EC572D /* RootViewController.swift */,
				455A0CBA26BD9D4F00EC572D /* RootViewController.xib */,
				4589F3EA26BF017A005DF543 /* Account */,
				455A0D2226BDE7B900EC572D /* DebugHelper */,
			);
			path = Screens;
			sourceTree = "<group>";
		};
		4589F3EA26BF017A005DF543 /* Account */ = {
			isa = PBXGroup;
			children = (
				4589F3EB26BF017A005DF543 /* Welcome */,
				4589F3EE26BF017A005DF543 /* Register */,
				4589F3F126BF017A005DF543 /* Login */,
				4589F3F426BF017A005DF543 /* RecoverPassword */,
			);
			path = Account;
			sourceTree = "<group>";
		};
		4589F3EB26BF017A005DF543 /* Welcome */ = {
			isa = PBXGroup;
			children = (
				4589F3EC26BF017A005DF543 /* WelcomeViewController.swift */,
				4589F3ED26BF017A005DF543 /* WelcomeViewController.xib */,
			);
			path = Welcome;
			sourceTree = "<group>";
		};
		4589F3EE26BF017A005DF543 /* Register */ = {
			isa = PBXGroup;
			children = (
				4589F3F026BF017A005DF543 /* RegisterViewController.swift */,
				4589F3EF26BF017A005DF543 /* RegisterViewController.xib */,
			);
			path = Register;
			sourceTree = "<group>";
		};
		4589F3F126BF017A005DF543 /* Login */ = {
			isa = PBXGroup;
			children = (
				4589F3F326BF017A005DF543 /* LoginViewController.swift */,
				4589F3F226BF017A005DF543 /* LoginViewController.xib */,
			);
			path = Login;
			sourceTree = "<group>";
		};
		4589F3F426BF017A005DF543 /* RecoverPassword */ = {
			isa = PBXGroup;
			children = (
				4589F3F526BF017A005DF543 /* RecoverPasswordViewController.swift */,
				4589F3F626BF017A005DF543 /* RecoverPasswordViewController.xib */,
			);
			path = RecoverPassword;
			sourceTree = "<group>";
		};
		4589F40726BF01B4005DF543 /* Views */ = {
			isa = PBXGroup;
			children = (
				4589F41826BF0243005DF543 /* NibView.swift */,
				4589F40826BF0203005DF543 /* RoundButton.swift */,
				456B342926C18BB8009D7D27 /* TitleTextFieldView */,
				456B342A26C18BC1009D7D27 /* HeaderTextFieldView */,
			);
			path = Views;
			sourceTree = "<group>";
		};
		4589F42726C02E07005DF543 /* StaticTableViews */ = {
			isa = PBXGroup;
			children = (
				4589F42426C02DF3005DF543 /* TableViewDescriptor.swift */,
				4589F42826C02EAA005DF543 /* StaticTableViewController.swift */,
			);
			path = StaticTableViews;
			sourceTree = "<group>";
		};
		45A2897526C338F100BCD5DA /* Models */ = {
			isa = PBXGroup;
			children = (
				45A2896626C32D3F00BCD5DA /* NetworkModels.swift */,
				45A2897926C3E57E00BCD5DA /* Endpoint.swift */,
				45A2897F26C3E74B00BCD5DA /* AuthToken.swift */,
				45A2898526C418F700BCD5DA /* NetworkErrorResponse.swift */,
			);
			path = Models;
			sourceTree = "<group>";
		};
/* End PBXGroup section */

/* Begin PBXNativeTarget section */
		455A0C4F26BD902C00EC572D /* ShowcaseProd */ = {
			isa = PBXNativeTarget;
			buildConfigurationList = 455A0C7A26BD903000EC572D /* Build configuration list for PBXNativeTarget "ShowcaseProd" */;
			buildPhases = (
				455A0C4C26BD902C00EC572D /* Sources */,
				455A0C4D26BD902C00EC572D /* Frameworks */,
				455A0C4E26BD902C00EC572D /* Resources */,
			);
			buildRules = (
			);
			dependencies = (
			);
			name = ShowcaseProd;
			packageProductDependencies = (
				455A0D2926BDF5E800EC572D /* FirebaseAnalytics */,
				455A0D2B26BDF5E800EC572D /* FirebaseAuth */,
				455A0D2D26BDF5E800EC572D /* FirebaseCrashlytics */,
				4515637726BED19B00690896 /* Reachability */,
				4515637A26BED57400690896 /* Nuke */,
			);
			productName = Sportsbook;
			productReference = 455A0C5026BD902C00EC572D /* ShowcaseProd.app */;
			productType = "com.apple.product-type.application";
		};
		455A0C6526BD902F00EC572D /* SportsbookTests */ = {
			isa = PBXNativeTarget;
			buildConfigurationList = 455A0C7D26BD903000EC572D /* Build configuration list for PBXNativeTarget "SportsbookTests" */;
			buildPhases = (
				455A0C6226BD902F00EC572D /* Sources */,
				455A0C6326BD902F00EC572D /* Frameworks */,
				455A0C6426BD902F00EC572D /* Resources */,
			);
			buildRules = (
			);
			dependencies = (
				455A0C6826BD902F00EC572D /* PBXTargetDependency */,
				456B341526C13B3D009D7D27 /* PBXTargetDependency */,
			);
			name = SportsbookTests;
			productName = SportsbookTests;
			productReference = 455A0C6626BD902F00EC572D /* SportsbookTests.xctest */;
			productType = "com.apple.product-type.bundle.unit-test";
		};
		455A0C8326BD904300EC572D /* ShowcaseBeta */ = {
			isa = PBXNativeTarget;
			buildConfigurationList = 455A0C8D26BD904300EC572D /* Build configuration list for PBXNativeTarget "ShowcaseBeta" */;
			buildPhases = (
				455A0C8426BD904300EC572D /* Sources */,
				455A0C8826BD904300EC572D /* Frameworks */,
				455A0C8926BD904300EC572D /* Resources */,
			);
			buildRules = (
			);
			dependencies = (
			);
			name = ShowcaseBeta;
			packageProductDependencies = (
				455A0D3026BDF61200EC572D /* FirebaseAnalytics */,
				455A0D3226BDF61B00EC572D /* FirebaseAuth */,
				455A0D3426BDF61B00EC572D /* FirebaseCrashlytics */,
				4515637C26BED58900690896 /* Reachability */,
				4515637E26BED58900690896 /* Nuke */,
			);
			productName = Sportsbook;
			productReference = 455A0C9026BD904300EC572D /* ShowcaseBeta.app */;
			productType = "com.apple.product-type.application";
		};
/* End PBXNativeTarget section */

/* Begin PBXProject section */
		455A0C4826BD902C00EC572D /* Project object */ = {
			isa = PBXProject;
			attributes = {
				LastSwiftUpdateCheck = 1250;
				LastUpgradeCheck = 1250;
				TargetAttributes = {
					455A0C4F26BD902C00EC572D = {
						CreatedOnToolsVersion = 12.5.1;
					};
					455A0C6526BD902F00EC572D = {
						CreatedOnToolsVersion = 12.5.1;
						TestTargetID = 455A0C8326BD904300EC572D;
					};
				};
			};
			buildConfigurationList = 455A0C4B26BD902C00EC572D /* Build configuration list for PBXProject "Sportsbook" */;
			compatibilityVersion = "Xcode 9.3";
			developmentRegion = en;
			hasScannedForEncodings = 0;
			knownRegions = (
				en,
				Base,
				"pt-PT",
			);
			mainGroup = 455A0C4726BD902C00EC572D;
			packageReferences = (
				455A0D2826BDF5E800EC572D /* XCRemoteSwiftPackageReference "firebase-ios-sdk" */,
				4515637626BED19A00690896 /* XCRemoteSwiftPackageReference "Reachability" */,
				4515637926BED57400690896 /* XCRemoteSwiftPackageReference "Nuke" */,
			);
			productRefGroup = 455A0C5126BD902C00EC572D /* Products */;
			projectDirPath = "";
			projectRoot = "";
			targets = (
				455A0C4F26BD902C00EC572D /* ShowcaseProd */,
				455A0C8326BD904300EC572D /* ShowcaseBeta */,
				455A0C6526BD902F00EC572D /* SportsbookTests */,
			);
		};
/* End PBXProject section */

/* Begin PBXResourcesBuildPhase section */
		455A0C4E26BD902C00EC572D /* Resources */ = {
			isa = PBXResourcesBuildPhase;
			buildActionMask = 2147483647;
			files = (
				455A0D2026BDE7AE00EC572D /* DebugViewController.xib in Resources */,
				4589F41226BF0203005DF543 /* HeaderTextFieldView.xib in Resources */,
				4589F3FB26BF017A005DF543 /* RegisterViewController.xib in Resources */,
				456B343A26C2819E009D7D27 /* Inconsolata-Medium.ttf in Resources */,
				4589F3FF26BF017A005DF543 /* LoginViewController.xib in Resources */,
				455A0C6026BD902F00EC572D /* LaunchScreen.storyboard in Resources */,
				4589F3F926BF017A005DF543 /* WelcomeViewController.xib in Resources */,
				455A0CAE26BD982000EC572D /* Localizable.strings in Resources */,
				455A0D3726BDF73F00EC572D /* GoogleService-Info.plist in Resources */,
				455A0CBD26BD9D4F00EC572D /* RootViewController.xib in Resources */,
				456B343626C2819E009D7D27 /* Inconsolata-Bold.ttf in Resources */,
				4515637126BE968300690896 /* ThemeColors.xcassets in Resources */,
				456B342F26C18C75009D7D27 /* LogViewerViewController.xib in Resources */,
				455A0CA726BD973900EC572D /* Showcase-Assets.xcassets in Resources */,
				456B343826C2819E009D7D27 /* Inconsolata-Light.ttf in Resources */,
				4589F40526BF017A005DF543 /* RecoverPasswordViewController.xib in Resources */,
				455A0CAC26BD981900EC572D /* SharedAssets.xcassets in Resources */,
				4589F41026BF0203005DF543 /* TitleTextFieldView.xib in Resources */,
				456B343C26C2819E009D7D27 /* Inconsolata-Regular.ttf in Resources */,
			);
			runOnlyForDeploymentPostprocessing = 0;
		};
		455A0C6426BD902F00EC572D /* Resources */ = {
			isa = PBXResourcesBuildPhase;
			buildActionMask = 2147483647;
			files = (
			);
			runOnlyForDeploymentPostprocessing = 0;
		};
		455A0C8926BD904300EC572D /* Resources */ = {
			isa = PBXResourcesBuildPhase;
			buildActionMask = 2147483647;
			files = (
				455A0D2126BDE7AE00EC572D /* DebugViewController.xib in Resources */,
				4589F41326BF0203005DF543 /* HeaderTextFieldView.xib in Resources */,
				4589F3FC26BF017A005DF543 /* RegisterViewController.xib in Resources */,
				456B343B26C2819E009D7D27 /* Inconsolata-Medium.ttf in Resources */,
				4589F40026BF017A005DF543 /* LoginViewController.xib in Resources */,
				455A0C8A26BD904300EC572D /* LaunchScreen.storyboard in Resources */,
				4589F3FA26BF017A005DF543 /* WelcomeViewController.xib in Resources */,
				455A0CB826BD9CEC00EC572D /* Showcase-Assets.xcassets in Resources */,
				455A0CBE26BD9D4F00EC572D /* RootViewController.xib in Resources */,
				455A0CAF26BD982000EC572D /* Localizable.strings in Resources */,
				456B343726C2819E009D7D27 /* Inconsolata-Bold.ttf in Resources */,
				45A2896526C2BF5600BCD5DA /* ThemeColors.xcassets in Resources */,
				456B343026C18C75009D7D27 /* LogViewerViewController.xib in Resources */,
				455A0CAD26BD981900EC572D /* SharedAssets.xcassets in Resources */,
				456B343926C2819E009D7D27 /* Inconsolata-Light.ttf in Resources */,
				4589F40626BF017A005DF543 /* RecoverPasswordViewController.xib in Resources */,
				455A0D2726BDF51A00EC572D /* GoogleService-Info.plist in Resources */,
				4589F41126BF0203005DF543 /* TitleTextFieldView.xib in Resources */,
				456B343D26C2819E009D7D27 /* Inconsolata-Regular.ttf in Resources */,
			);
			runOnlyForDeploymentPostprocessing = 0;
		};
/* End PBXResourcesBuildPhase section */

/* Begin PBXSourcesBuildPhase section */
		455A0C4C26BD902C00EC572D /* Sources */ = {
			isa = PBXSourcesBuildPhase;
			buildActionMask = 2147483647;
			files = (
				4589F40E26BF0203005DF543 /* RoundButton.swift in Sources */,
				455A0CFC26BD9D9000EC572D /* UIApplication+Extensions.swift in Sources */,
				455A0D1626BD9F4D00EC572D /* GeoLocationManager.swift in Sources */,
				4589F41626BF0203005DF543 /* HeaderTextFieldView.swift in Sources */,
				455A0D0A26BD9D9000EC572D /* FadeInCenterHorizontalFlowLayout.swift in Sources */,
				45A2898026C3E74B00BCD5DA /* AuthToken.swift in Sources */,
				456B342426C17E83009D7D27 /* Constants.swift in Sources */,
				455A0D0026BD9D9000EC572D /* NSAttributedString+Extensions.swift in Sources */,
				45A2897726C33C7800BCD5DA /* Environment.swift in Sources */,
				455A0D2426BDE88D00EC572D /* Router.swift in Sources */,
				455A0CEE26BD9D9000EC572D /* UIImageView+Extensions.swift in Sources */,
				4589F42526C02DF3005DF543 /* TableViewDescriptor.swift in Sources */,
				45A2897326C32E8600BCD5DA /* Authenticator.swift in Sources */,
				455A0CA826BD973C00EC572D /* TargetVariables.swift in Sources */,
				455A0D1026BD9D9000EC572D /* Changeable.swift in Sources */,
				45A2898326C3EA6C00BCD5DA /* GomaGamingService.swift in Sources */,
				455A0C5426BD902C00EC572D /* AppDelegate.swift in Sources */,
				455A0CFA26BD9D9000EC572D /* UIImage+Extensions.swift in Sources */,
				455A0D0226BD9D9000EC572D /* UILabel+Extensions.swift in Sources */,
				4589F3F726BF017A005DF543 /* WelcomeViewController.swift in Sources */,
				4515636B26BE949300690896 /* UserSettings.swift in Sources */,
				4589F40326BF017A005DF543 /* RecoverPasswordViewController.swift in Sources */,
				4589F42926C02EAA005DF543 /* StaticTableViewController.swift in Sources */,
				455A0CE626BD9D9000EC572D /* FunctionalUtils.swift in Sources */,
				45A2897026C32E1C00BCD5DA /* NetworkManager.swift in Sources */,
				455A0CEC26BD9D9000EC572D /* Array+Extensions.swift in Sources */,
				45A2898626C418F700BCD5DA /* NetworkErrorResponse.swift in Sources */,
				455A0CE026BD9D9000EC572D /* Throttler.swift in Sources */,
				455A0CDE26BD9D9000EC572D /* RunningPlatform.swift in Sources */,
				456B342126C17DF4009D7D27 /* Optional+Extensions.swift in Sources */,
				4515636826BE0AB200690896 /* ClientVariables.swift in Sources */,
				4589F42C26C02F01005DF543 /* DebugTableViewDescription.swift in Sources */,
				455A0CBB26BD9D4F00EC572D /* RootViewController.swift in Sources */,
				456B341D26C17D43009D7D27 /* UIStackView+Extensions.swift in Sources */,
				4589F41F26BF03FE005DF543 /* Fonts.swift in Sources */,
				455A0CE426BD9D9000EC572D /* NotEmpty.swift in Sources */,
				455A0CE226BD9D9000EC572D /* Localization.swift in Sources */,
				455A0CE826BD9D9000EC572D /* AutoLayoutDSL.swift in Sources */,
				455A0CF826BD9D9000EC572D /* UIColor+Extensions.swift in Sources */,
				455A0CFE26BD9D9000EC572D /* UIAlertController+Extensions.swift in Sources */,
				4589F40126BF017A005DF543 /* LoginViewController.swift in Sources */,
				455A0D0C26BD9D9000EC572D /* CountryName.swift in Sources */,
				4515636E26BE94F600690896 /* Theme.swift in Sources */,
				4589F41926BF0243005DF543 /* NibView.swift in Sources */,
				4589F42226BF395E005DF543 /* UserDefaults.swift in Sources */,
				455A0D1926BDABA100EC572D /* Internationalization.swift in Sources */,
				455A0CF226BD9D9000EC572D /* UIButton+Extensions.swift in Sources */,
				455A0D1226BD9D9000EC572D /* Observable.swift in Sources */,
				4515637426BE982000690896 /* Colors.swift in Sources */,
				455A0CF426BD9D9000EC572D /* UIView+Extensions.swift in Sources */,
				455A0CB626BD9B6000EC572D /* EnvironmentType.swift in Sources */,
				4515638126BEDA6200690896 /* FeatureFlag.swift in Sources */,
				4515635F26BE032E00690896 /* AnalyticsClient.swift in Sources */,
				4589F3FD26BF017A005DF543 /* RegisterViewController.swift in Sources */,
				455A0D0826BD9D9000EC572D /* CenterCellCollectionViewFlowLayout.swift in Sources */,
				455A0CF626BD9D9000EC572D /* NSObject+Extension.swift in Sources */,
				456B342726C18257009D7D27 /* Logger.swift in Sources */,
				45A2896726C32D3F00BCD5DA /* NetworkModels.swift in Sources */,
				4589F41C26BF0355005DF543 /* Delayed.swift in Sources */,
				455A0D1E26BDE7AE00EC572D /* DebugViewController.swift in Sources */,
				455A0CF026BD9D9000EC572D /* UIViewController+Extensions.swift in Sources */,
				455A0CA226BD96BF00EC572D /* SportsbookTarget.swift in Sources */,
				456B342D26C18C75009D7D27 /* LogViewerViewController.swift in Sources */,
				455A0CEA26BD9D9000EC572D /* Throwable.swift in Sources */,
				4589F41426BF0203005DF543 /* TitleTextFieldView.swift in Sources */,
				455A0D0E26BD9D9000EC572D /* Debounce.swift in Sources */,
				455A0D0426BD9D9000EC572D /* NibIdentifiable.swift in Sources */,
				45A2897A26C3E57E00BCD5DA /* Endpoint.swift in Sources */,
				45A2896A26C32D7500BCD5DA /* NetworkSession.swift in Sources */,
			);
			runOnlyForDeploymentPostprocessing = 0;
		};
		455A0C6226BD902F00EC572D /* Sources */ = {
			isa = PBXSourcesBuildPhase;
			buildActionMask = 2147483647;
			files = (
				455A0C6B26BD902F00EC572D /* SportsbookTests.swift in Sources */,
			);
			runOnlyForDeploymentPostprocessing = 0;
		};
		455A0C8426BD904300EC572D /* Sources */ = {
			isa = PBXSourcesBuildPhase;
			buildActionMask = 2147483647;
			files = (
				4589F40F26BF0203005DF543 /* RoundButton.swift in Sources */,
				455A0CFD26BD9D9000EC572D /* UIApplication+Extensions.swift in Sources */,
				455A0D1726BD9F4D00EC572D /* GeoLocationManager.swift in Sources */,
				4589F41726BF0203005DF543 /* HeaderTextFieldView.swift in Sources */,
				455A0D0B26BD9D9000EC572D /* FadeInCenterHorizontalFlowLayout.swift in Sources */,
				45A2898126C3E74B00BCD5DA /* AuthToken.swift in Sources */,
				456B342526C17E83009D7D27 /* Constants.swift in Sources */,
				455A0D0126BD9D9000EC572D /* NSAttributedString+Extensions.swift in Sources */,
				45A2897826C33C7800BCD5DA /* Environment.swift in Sources */,
				455A0D2526BDE88D00EC572D /* Router.swift in Sources */,
				455A0CEF26BD9D9000EC572D /* UIImageView+Extensions.swift in Sources */,
				4589F42626C02DF3005DF543 /* TableViewDescriptor.swift in Sources */,
				45A2897426C32E8600BCD5DA /* Authenticator.swift in Sources */,
				455A0C9726BD943900EC572D /* TargetVariables.swift in Sources */,
				455A0D1126BD9D9000EC572D /* Changeable.swift in Sources */,
				45A2898426C3EA6C00BCD5DA /* GomaGamingService.swift in Sources */,
				455A0CA326BD96BF00EC572D /* SportsbookTarget.swift in Sources */,
				455A0CFB26BD9D9000EC572D /* UIImage+Extensions.swift in Sources */,
				455A0D0326BD9D9000EC572D /* UILabel+Extensions.swift in Sources */,
				4589F3F826BF017A005DF543 /* WelcomeViewController.swift in Sources */,
				4515636C26BE949300690896 /* UserSettings.swift in Sources */,
				4589F40426BF017A005DF543 /* RecoverPasswordViewController.swift in Sources */,
				4589F42A26C02EAA005DF543 /* StaticTableViewController.swift in Sources */,
				455A0CE726BD9D9000EC572D /* FunctionalUtils.swift in Sources */,
				45A2897126C32E1C00BCD5DA /* NetworkManager.swift in Sources */,
				455A0CED26BD9D9000EC572D /* Array+Extensions.swift in Sources */,
				45A2898726C418F700BCD5DA /* NetworkErrorResponse.swift in Sources */,
				455A0CE126BD9D9000EC572D /* Throttler.swift in Sources */,
				455A0CDF26BD9D9000EC572D /* RunningPlatform.swift in Sources */,
				456B342226C17DF4009D7D27 /* Optional+Extensions.swift in Sources */,
				4515636926BE0AB200690896 /* ClientVariables.swift in Sources */,
				4589F42D26C02F01005DF543 /* DebugTableViewDescription.swift in Sources */,
				455A0CBC26BD9D4F00EC572D /* RootViewController.swift in Sources */,
				456B341E26C17D43009D7D27 /* UIStackView+Extensions.swift in Sources */,
				4589F42026BF03FE005DF543 /* Fonts.swift in Sources */,
				455A0CE526BD9D9000EC572D /* NotEmpty.swift in Sources */,
				455A0CE326BD9D9000EC572D /* Localization.swift in Sources */,
				455A0CE926BD9D9000EC572D /* AutoLayoutDSL.swift in Sources */,
				455A0CF926BD9D9000EC572D /* UIColor+Extensions.swift in Sources */,
				455A0CFF26BD9D9000EC572D /* UIAlertController+Extensions.swift in Sources */,
				4589F40226BF017A005DF543 /* LoginViewController.swift in Sources */,
				455A0D0D26BD9D9000EC572D /* CountryName.swift in Sources */,
				4515636F26BE94F600690896 /* Theme.swift in Sources */,
				4589F41A26BF0243005DF543 /* NibView.swift in Sources */,
				4589F42326BF395E005DF543 /* UserDefaults.swift in Sources */,
				455A0D1A26BDABA100EC572D /* Internationalization.swift in Sources */,
				455A0CF326BD9D9000EC572D /* UIButton+Extensions.swift in Sources */,
				455A0D1326BD9D9000EC572D /* Observable.swift in Sources */,
				4515637526BE982000690896 /* Colors.swift in Sources */,
				455A0CF526BD9D9000EC572D /* UIView+Extensions.swift in Sources */,
				455A0CB726BD9B6000EC572D /* EnvironmentType.swift in Sources */,
				4515638226BEDA6200690896 /* FeatureFlag.swift in Sources */,
				4515636026BE032E00690896 /* AnalyticsClient.swift in Sources */,
				4589F3FE26BF017A005DF543 /* RegisterViewController.swift in Sources */,
				455A0D0926BD9D9000EC572D /* CenterCellCollectionViewFlowLayout.swift in Sources */,
				455A0CF726BD9D9000EC572D /* NSObject+Extension.swift in Sources */,
				456B342826C18257009D7D27 /* Logger.swift in Sources */,
				45A2896826C32D3F00BCD5DA /* NetworkModels.swift in Sources */,
				4589F41D26BF0355005DF543 /* Delayed.swift in Sources */,
				455A0D1F26BDE7AE00EC572D /* DebugViewController.swift in Sources */,
				455A0CF126BD9D9000EC572D /* UIViewController+Extensions.swift in Sources */,
				455A0C8626BD904300EC572D /* AppDelegate.swift in Sources */,
				456B342E26C18C75009D7D27 /* LogViewerViewController.swift in Sources */,
				455A0CEB26BD9D9000EC572D /* Throwable.swift in Sources */,
				4589F41526BF0203005DF543 /* TitleTextFieldView.swift in Sources */,
				455A0D0F26BD9D9000EC572D /* Debounce.swift in Sources */,
				455A0D0526BD9D9000EC572D /* NibIdentifiable.swift in Sources */,
				45A2897B26C3E57E00BCD5DA /* Endpoint.swift in Sources */,
				45A2896B26C32D7500BCD5DA /* NetworkSession.swift in Sources */,
			);
			runOnlyForDeploymentPostprocessing = 0;
		};
/* End PBXSourcesBuildPhase section */

/* Begin PBXTargetDependency section */
		455A0C6826BD902F00EC572D /* PBXTargetDependency */ = {
			isa = PBXTargetDependency;
			target = 455A0C4F26BD902C00EC572D /* ShowcaseProd */;
			targetProxy = 455A0C6726BD902F00EC572D /* PBXContainerItemProxy */;
		};
		456B341526C13B3D009D7D27 /* PBXTargetDependency */ = {
			isa = PBXTargetDependency;
			target = 455A0C8326BD904300EC572D /* ShowcaseBeta */;
			targetProxy = 456B341426C13B3D009D7D27 /* PBXContainerItemProxy */;
		};
/* End PBXTargetDependency section */

/* Begin PBXVariantGroup section */
		455A0C5E26BD902F00EC572D /* LaunchScreen.storyboard */ = {
			isa = PBXVariantGroup;
			children = (
				455A0C9D26BD957000EC572D /* en */,
				455A0CB226BD985800EC572D /* pt-PT */,
			);
			name = LaunchScreen.storyboard;
			sourceTree = "<group>";
		};
		455A0CB126BD982000EC572D /* Localizable.strings */ = {
			isa = PBXVariantGroup;
			children = (
				455A0CB026BD982000EC572D /* en */,
				455A0CB326BD985800EC572D /* pt-PT */,
			);
			name = Localizable.strings;
			sourceTree = "<group>";
		};
/* End PBXVariantGroup section */

/* Begin XCBuildConfiguration section */
		455A0C7826BD903000EC572D /* Debug */ = {
			isa = XCBuildConfiguration;
			buildSettings = {
				ALWAYS_SEARCH_USER_PATHS = NO;
				CLANG_ANALYZER_LOCALIZABILITY_NONLOCALIZED = YES;
				CLANG_ANALYZER_NONNULL = YES;
				CLANG_ANALYZER_NUMBER_OBJECT_CONVERSION = YES_AGGRESSIVE;
				CLANG_CXX_LANGUAGE_STANDARD = "gnu++14";
				CLANG_CXX_LIBRARY = "libc++";
				CLANG_ENABLE_MODULES = YES;
				CLANG_ENABLE_OBJC_ARC = YES;
				CLANG_ENABLE_OBJC_WEAK = YES;
				CLANG_WARN_BLOCK_CAPTURE_AUTORELEASING = YES;
				CLANG_WARN_BOOL_CONVERSION = YES;
				CLANG_WARN_COMMA = YES;
				CLANG_WARN_CONSTANT_CONVERSION = YES;
				CLANG_WARN_DEPRECATED_OBJC_IMPLEMENTATIONS = YES;
				CLANG_WARN_DIRECT_OBJC_ISA_USAGE = YES_ERROR;
				CLANG_WARN_DOCUMENTATION_COMMENTS = YES;
				CLANG_WARN_EMPTY_BODY = YES;
				CLANG_WARN_ENUM_CONVERSION = YES;
				CLANG_WARN_INFINITE_RECURSION = YES;
				CLANG_WARN_INT_CONVERSION = YES;
				CLANG_WARN_NON_LITERAL_NULL_CONVERSION = YES;
				CLANG_WARN_OBJC_IMPLICIT_RETAIN_SELF = YES;
				CLANG_WARN_OBJC_LITERAL_CONVERSION = YES;
				CLANG_WARN_OBJC_ROOT_CLASS = YES_ERROR;
				CLANG_WARN_QUOTED_INCLUDE_IN_FRAMEWORK_HEADER = YES;
				CLANG_WARN_RANGE_LOOP_ANALYSIS = YES;
				CLANG_WARN_STRICT_PROTOTYPES = YES;
				CLANG_WARN_SUSPICIOUS_MOVE = YES;
				CLANG_WARN_UNGUARDED_AVAILABILITY = YES_AGGRESSIVE;
				CLANG_WARN_UNREACHABLE_CODE = YES;
				CLANG_WARN__DUPLICATE_METHOD_MATCH = YES;
				COPY_PHASE_STRIP = NO;
				DEBUG_INFORMATION_FORMAT = dwarf;
				ENABLE_STRICT_OBJC_MSGSEND = YES;
				ENABLE_TESTABILITY = YES;
				GCC_C_LANGUAGE_STANDARD = gnu11;
				GCC_DYNAMIC_NO_PIC = NO;
				GCC_NO_COMMON_BLOCKS = YES;
				GCC_OPTIMIZATION_LEVEL = 0;
				GCC_PREPROCESSOR_DEFINITIONS = (
					"DEBUG=1",
					"$(inherited)",
				);
				GCC_WARN_64_TO_32_BIT_CONVERSION = YES;
				GCC_WARN_ABOUT_RETURN_TYPE = YES_ERROR;
				GCC_WARN_UNDECLARED_SELECTOR = YES;
				GCC_WARN_UNINITIALIZED_AUTOS = YES_AGGRESSIVE;
				GCC_WARN_UNUSED_FUNCTION = YES;
				GCC_WARN_UNUSED_VARIABLE = YES;
				IPHONEOS_DEPLOYMENT_TARGET = 13.0;
				MTL_ENABLE_DEBUG_INFO = INCLUDE_SOURCE;
				MTL_FAST_MATH = YES;
				ONLY_ACTIVE_ARCH = YES;
				OTHER_LDFLAGS = "-ObjC";
				SDKROOT = iphoneos;
				SWIFT_ACTIVE_COMPILATION_CONDITIONS = DEBUG;
				SWIFT_OPTIMIZATION_LEVEL = "-Onone";
			};
			name = Debug;
		};
		455A0C7926BD903000EC572D /* Release */ = {
			isa = XCBuildConfiguration;
			buildSettings = {
				ALWAYS_SEARCH_USER_PATHS = NO;
				CLANG_ANALYZER_LOCALIZABILITY_NONLOCALIZED = YES;
				CLANG_ANALYZER_NONNULL = YES;
				CLANG_ANALYZER_NUMBER_OBJECT_CONVERSION = YES_AGGRESSIVE;
				CLANG_CXX_LANGUAGE_STANDARD = "gnu++14";
				CLANG_CXX_LIBRARY = "libc++";
				CLANG_ENABLE_MODULES = YES;
				CLANG_ENABLE_OBJC_ARC = YES;
				CLANG_ENABLE_OBJC_WEAK = YES;
				CLANG_WARN_BLOCK_CAPTURE_AUTORELEASING = YES;
				CLANG_WARN_BOOL_CONVERSION = YES;
				CLANG_WARN_COMMA = YES;
				CLANG_WARN_CONSTANT_CONVERSION = YES;
				CLANG_WARN_DEPRECATED_OBJC_IMPLEMENTATIONS = YES;
				CLANG_WARN_DIRECT_OBJC_ISA_USAGE = YES_ERROR;
				CLANG_WARN_DOCUMENTATION_COMMENTS = YES;
				CLANG_WARN_EMPTY_BODY = YES;
				CLANG_WARN_ENUM_CONVERSION = YES;
				CLANG_WARN_INFINITE_RECURSION = YES;
				CLANG_WARN_INT_CONVERSION = YES;
				CLANG_WARN_NON_LITERAL_NULL_CONVERSION = YES;
				CLANG_WARN_OBJC_IMPLICIT_RETAIN_SELF = YES;
				CLANG_WARN_OBJC_LITERAL_CONVERSION = YES;
				CLANG_WARN_OBJC_ROOT_CLASS = YES_ERROR;
				CLANG_WARN_QUOTED_INCLUDE_IN_FRAMEWORK_HEADER = YES;
				CLANG_WARN_RANGE_LOOP_ANALYSIS = YES;
				CLANG_WARN_STRICT_PROTOTYPES = YES;
				CLANG_WARN_SUSPICIOUS_MOVE = YES;
				CLANG_WARN_UNGUARDED_AVAILABILITY = YES_AGGRESSIVE;
				CLANG_WARN_UNREACHABLE_CODE = YES;
				CLANG_WARN__DUPLICATE_METHOD_MATCH = YES;
				COPY_PHASE_STRIP = NO;
				DEBUG_INFORMATION_FORMAT = "dwarf-with-dsym";
				ENABLE_NS_ASSERTIONS = NO;
				ENABLE_STRICT_OBJC_MSGSEND = YES;
				GCC_C_LANGUAGE_STANDARD = gnu11;
				GCC_NO_COMMON_BLOCKS = YES;
				GCC_WARN_64_TO_32_BIT_CONVERSION = YES;
				GCC_WARN_ABOUT_RETURN_TYPE = YES_ERROR;
				GCC_WARN_UNDECLARED_SELECTOR = YES;
				GCC_WARN_UNINITIALIZED_AUTOS = YES_AGGRESSIVE;
				GCC_WARN_UNUSED_FUNCTION = YES;
				GCC_WARN_UNUSED_VARIABLE = YES;
				IPHONEOS_DEPLOYMENT_TARGET = 13.0;
				MTL_ENABLE_DEBUG_INFO = NO;
				MTL_FAST_MATH = YES;
				OTHER_LDFLAGS = "-ObjC";
				SDKROOT = iphoneos;
				SWIFT_COMPILATION_MODE = wholemodule;
				SWIFT_OPTIMIZATION_LEVEL = "-O";
				VALIDATE_PRODUCT = YES;
			};
			name = Release;
		};
		455A0C7B26BD903000EC572D /* Debug */ = {
			isa = XCBuildConfiguration;
			buildSettings = {
				ASSETCATALOG_COMPILER_APPICON_NAME = AppIcon;
				ASSETCATALOG_COMPILER_GLOBAL_ACCENT_COLOR_NAME = AccentColor;
				CODE_SIGN_STYLE = Automatic;
				CURRENT_PROJECT_VERSION = 00200;
				DEVELOPMENT_TEAM = 422GNXXZJR;
				INFOPLIST_FILE = "Clients/Showcase/Prod/ShowcaseProd-Info.plist";
				IPHONEOS_DEPLOYMENT_TARGET = 13.0;
				LD_RUNPATH_SEARCH_PATHS = (
					"$(inherited)",
					"@executable_path/Frameworks",
				);
				MARKETING_VERSION = 0.0.2;
				PRODUCT_BUNDLE_IDENTIFIER = com.gomagaming.sportsbook.showcase;
				PRODUCT_NAME = "$(TARGET_NAME)";
				SWIFT_VERSION = 5.0;
				TARGETED_DEVICE_FAMILY = "1,2";
			};
			name = Debug;
		};
		455A0C7C26BD903000EC572D /* Release */ = {
			isa = XCBuildConfiguration;
			buildSettings = {
				ASSETCATALOG_COMPILER_APPICON_NAME = AppIcon;
				ASSETCATALOG_COMPILER_GLOBAL_ACCENT_COLOR_NAME = AccentColor;
				CODE_SIGN_STYLE = Automatic;
				CURRENT_PROJECT_VERSION = 00200;
				DEVELOPMENT_TEAM = 422GNXXZJR;
				INFOPLIST_FILE = "Clients/Showcase/Prod/ShowcaseProd-Info.plist";
				IPHONEOS_DEPLOYMENT_TARGET = 13.0;
				LD_RUNPATH_SEARCH_PATHS = (
					"$(inherited)",
					"@executable_path/Frameworks",
				);
				MARKETING_VERSION = 0.0.2;
				PRODUCT_BUNDLE_IDENTIFIER = com.gomagaming.sportsbook.showcase;
				PRODUCT_NAME = "$(TARGET_NAME)";
				SWIFT_VERSION = 5.0;
				TARGETED_DEVICE_FAMILY = "1,2";
			};
			name = Release;
		};
		455A0C7E26BD903000EC572D /* Debug */ = {
			isa = XCBuildConfiguration;
			buildSettings = {
				ALWAYS_EMBED_SWIFT_STANDARD_LIBRARIES = YES;
				BUNDLE_LOADER = "$(TEST_HOST)";
				CODE_SIGN_STYLE = Automatic;
				DEVELOPMENT_TEAM = 422GNXXZJR;
				INFOPLIST_FILE = Core/Tests/CoreTests/Info.plist;
				IPHONEOS_DEPLOYMENT_TARGET = 14.5;
				LD_RUNPATH_SEARCH_PATHS = (
					"$(inherited)",
					"@executable_path/Frameworks",
					"@loader_path/Frameworks",
				);
				PRODUCT_BUNDLE_IDENTIFIER = com.gomagaming.SportsbookTests;
				PRODUCT_NAME = "$(TARGET_NAME)";
				SWIFT_VERSION = 5.0;
				TARGETED_DEVICE_FAMILY = "1,2";
				TEST_HOST = "$(BUILT_PRODUCTS_DIR)/ShowcaseBeta.app/ShowcaseBeta";
			};
			name = Debug;
		};
		455A0C7F26BD903000EC572D /* Release */ = {
			isa = XCBuildConfiguration;
			buildSettings = {
				ALWAYS_EMBED_SWIFT_STANDARD_LIBRARIES = YES;
				BUNDLE_LOADER = "$(TEST_HOST)";
				CODE_SIGN_STYLE = Automatic;
				DEVELOPMENT_TEAM = 422GNXXZJR;
				INFOPLIST_FILE = Core/Tests/CoreTests/Info.plist;
				IPHONEOS_DEPLOYMENT_TARGET = 14.5;
				LD_RUNPATH_SEARCH_PATHS = (
					"$(inherited)",
					"@executable_path/Frameworks",
					"@loader_path/Frameworks",
				);
				PRODUCT_BUNDLE_IDENTIFIER = com.gomagaming.SportsbookTests;
				PRODUCT_NAME = "$(TARGET_NAME)";
				SWIFT_VERSION = 5.0;
				TARGETED_DEVICE_FAMILY = "1,2";
				TEST_HOST = "$(BUILT_PRODUCTS_DIR)/ShowcaseBeta.app/ShowcaseBeta";
			};
			name = Release;
		};
		455A0C8E26BD904300EC572D /* Debug */ = {
			isa = XCBuildConfiguration;
			buildSettings = {
				ASSETCATALOG_COMPILER_APPICON_NAME = AppIcon;
				ASSETCATALOG_COMPILER_GLOBAL_ACCENT_COLOR_NAME = AccentColor;
				CODE_SIGN_STYLE = Automatic;
				CURRENT_PROJECT_VERSION = 00200;
				DEVELOPMENT_TEAM = 422GNXXZJR;
				INFOPLIST_FILE = "Clients/Showcase/Beta/ShowcaseBeta-Info.plist";
				IPHONEOS_DEPLOYMENT_TARGET = 13.0;
				LD_RUNPATH_SEARCH_PATHS = (
					"$(inherited)",
					"@executable_path/Frameworks",
				);
				MARKETING_VERSION = 0.0.2;
				PRODUCT_BUNDLE_IDENTIFIER = com.gomagaming.sportsbook.showcasebeta;
				PRODUCT_NAME = "$(TARGET_NAME)";
				SWIFT_VERSION = 5.0;
				TARGETED_DEVICE_FAMILY = "1,2";
			};
			name = Debug;
		};
		455A0C8F26BD904300EC572D /* Release */ = {
			isa = XCBuildConfiguration;
			buildSettings = {
				ASSETCATALOG_COMPILER_APPICON_NAME = AppIcon;
				ASSETCATALOG_COMPILER_GLOBAL_ACCENT_COLOR_NAME = AccentColor;
				CODE_SIGN_STYLE = Automatic;
				CURRENT_PROJECT_VERSION = 00200;
				DEVELOPMENT_TEAM = 422GNXXZJR;
				INFOPLIST_FILE = "Clients/Showcase/Beta/ShowcaseBeta-Info.plist";
				IPHONEOS_DEPLOYMENT_TARGET = 13.0;
				LD_RUNPATH_SEARCH_PATHS = (
					"$(inherited)",
					"@executable_path/Frameworks",
				);
				MARKETING_VERSION = 0.0.2;
				PRODUCT_BUNDLE_IDENTIFIER = com.gomagaming.sportsbook.showcasebeta;
				PRODUCT_NAME = "$(TARGET_NAME)";
				SWIFT_VERSION = 5.0;
				TARGETED_DEVICE_FAMILY = "1,2";
			};
			name = Release;
		};
/* End XCBuildConfiguration section */

/* Begin XCConfigurationList section */
		455A0C4B26BD902C00EC572D /* Build configuration list for PBXProject "Sportsbook" */ = {
			isa = XCConfigurationList;
			buildConfigurations = (
				455A0C7826BD903000EC572D /* Debug */,
				455A0C7926BD903000EC572D /* Release */,
			);
			defaultConfigurationIsVisible = 0;
			defaultConfigurationName = Release;
		};
		455A0C7A26BD903000EC572D /* Build configuration list for PBXNativeTarget "ShowcaseProd" */ = {
			isa = XCConfigurationList;
			buildConfigurations = (
				455A0C7B26BD903000EC572D /* Debug */,
				455A0C7C26BD903000EC572D /* Release */,
			);
			defaultConfigurationIsVisible = 0;
			defaultConfigurationName = Release;
		};
		455A0C7D26BD903000EC572D /* Build configuration list for PBXNativeTarget "SportsbookTests" */ = {
			isa = XCConfigurationList;
			buildConfigurations = (
				455A0C7E26BD903000EC572D /* Debug */,
				455A0C7F26BD903000EC572D /* Release */,
			);
			defaultConfigurationIsVisible = 0;
			defaultConfigurationName = Release;
		};
		455A0C8D26BD904300EC572D /* Build configuration list for PBXNativeTarget "ShowcaseBeta" */ = {
			isa = XCConfigurationList;
			buildConfigurations = (
				455A0C8E26BD904300EC572D /* Debug */,
				455A0C8F26BD904300EC572D /* Release */,
			);
			defaultConfigurationIsVisible = 0;
			defaultConfigurationName = Release;
		};
/* End XCConfigurationList section */

/* Begin XCRemoteSwiftPackageReference section */
		4515637626BED19A00690896 /* XCRemoteSwiftPackageReference "Reachability" */ = {
			isa = XCRemoteSwiftPackageReference;
			repositoryURL = "https://github.com/ashleymills/Reachability.swift";
			requirement = {
				kind = upToNextMajorVersion;
				minimumVersion = 5.1.0;
			};
		};
		4515637926BED57400690896 /* XCRemoteSwiftPackageReference "Nuke" */ = {
			isa = XCRemoteSwiftPackageReference;
			repositoryURL = "https://github.com/kean/Nuke.git";
			requirement = {
				kind = upToNextMajorVersion;
				minimumVersion = 10.3.2;
			};
		};
		455A0D2826BDF5E800EC572D /* XCRemoteSwiftPackageReference "firebase-ios-sdk" */ = {
			isa = XCRemoteSwiftPackageReference;
			repositoryURL = "https://github.com/firebase/firebase-ios-sdk.git";
			requirement = {
				kind = upToNextMajorVersion;
				minimumVersion = 8.5.0;
			};
		};
/* End XCRemoteSwiftPackageReference section */

/* Begin XCSwiftPackageProductDependency section */
		4515637726BED19B00690896 /* Reachability */ = {
			isa = XCSwiftPackageProductDependency;
			package = 4515637626BED19A00690896 /* XCRemoteSwiftPackageReference "Reachability" */;
			productName = Reachability;
		};
		4515637A26BED57400690896 /* Nuke */ = {
			isa = XCSwiftPackageProductDependency;
			package = 4515637926BED57400690896 /* XCRemoteSwiftPackageReference "Nuke" */;
			productName = Nuke;
		};
		4515637C26BED58900690896 /* Reachability */ = {
			isa = XCSwiftPackageProductDependency;
			package = 4515637626BED19A00690896 /* XCRemoteSwiftPackageReference "Reachability" */;
			productName = Reachability;
		};
		4515637E26BED58900690896 /* Nuke */ = {
			isa = XCSwiftPackageProductDependency;
			package = 4515637926BED57400690896 /* XCRemoteSwiftPackageReference "Nuke" */;
			productName = Nuke;
		};
		455A0D2926BDF5E800EC572D /* FirebaseAnalytics */ = {
			isa = XCSwiftPackageProductDependency;
			package = 455A0D2826BDF5E800EC572D /* XCRemoteSwiftPackageReference "firebase-ios-sdk" */;
			productName = FirebaseAnalytics;
		};
		455A0D2B26BDF5E800EC572D /* FirebaseAuth */ = {
			isa = XCSwiftPackageProductDependency;
			package = 455A0D2826BDF5E800EC572D /* XCRemoteSwiftPackageReference "firebase-ios-sdk" */;
			productName = FirebaseAuth;
		};
		455A0D2D26BDF5E800EC572D /* FirebaseCrashlytics */ = {
			isa = XCSwiftPackageProductDependency;
			package = 455A0D2826BDF5E800EC572D /* XCRemoteSwiftPackageReference "firebase-ios-sdk" */;
			productName = FirebaseCrashlytics;
		};
		455A0D3026BDF61200EC572D /* FirebaseAnalytics */ = {
			isa = XCSwiftPackageProductDependency;
			package = 455A0D2826BDF5E800EC572D /* XCRemoteSwiftPackageReference "firebase-ios-sdk" */;
			productName = FirebaseAnalytics;
		};
		455A0D3226BDF61B00EC572D /* FirebaseAuth */ = {
			isa = XCSwiftPackageProductDependency;
			package = 455A0D2826BDF5E800EC572D /* XCRemoteSwiftPackageReference "firebase-ios-sdk" */;
			productName = FirebaseAuth;
		};
		455A0D3426BDF61B00EC572D /* FirebaseCrashlytics */ = {
			isa = XCSwiftPackageProductDependency;
			package = 455A0D2826BDF5E800EC572D /* XCRemoteSwiftPackageReference "firebase-ios-sdk" */;
			productName = FirebaseCrashlytics;
		};
/* End XCSwiftPackageProductDependency section */
	};
	rootObject = 455A0C4826BD902C00EC572D /* Project object */;
}
