// !$*UTF8*$!
{
	archiveVersion = 1;
	classes = {
	};
	objectVersion = 77;
	objects = {

/* Begin PBXBuildFile section */
		CE04B7CB2ED59DCA000191DF /* GomaLogger in Frameworks */ = {isa = PBXBuildFile; productRef = CE04B7CA2ED59DCA000191DF /* GomaLogger */; };
		CE04B7CD2ED59DCA000191DF /* GomaPerformanceKit in Frameworks */ = {isa = PBXBuildFile; productRef = CE04B7CC2ED59DCA000191DF /* GomaPerformanceKit */; };
		CE58B6EC2EC8B1B5001591C1 /* Debug.xcconfig in Resources */ = {isa = PBXBuildFile; fileRef = CE58B6EB2EC8B1B5001591C1 /* Debug.xcconfig */; };
		CE60145D2E2FE56400C6A9DD /* FirebaseAnalytics in Frameworks */ = {isa = PBXBuildFile; productRef = CE60145C2E2FE56400C6A9DD /* FirebaseAnalytics */; };
		CE60145F2E2FE56400C6A9DD /* FirebaseAuth in Frameworks */ = {isa = PBXBuildFile; productRef = CE60145E2E2FE56400C6A9DD /* FirebaseAuth */; };
		CE6014612E2FE56400C6A9DD /* FirebaseCrashlytics in Frameworks */ = {isa = PBXBuildFile; productRef = CE6014602E2FE56400C6A9DD /* FirebaseCrashlytics */; };
		CE6014632E2FE56400C6A9DD /* FirebaseDatabase in Frameworks */ = {isa = PBXBuildFile; productRef = CE6014622E2FE56400C6A9DD /* FirebaseDatabase */; };
		CE6014652E2FE56400C6A9DD /* FirebaseMessaging in Frameworks */ = {isa = PBXBuildFile; productRef = CE6014642E2FE56400C6A9DD /* FirebaseMessaging */; };
		CE6014682E2FE5E400C6A9DD /* IQKeyboardManagerSwift in Frameworks */ = {isa = PBXBuildFile; productRef = CE6014672E2FE5E400C6A9DD /* IQKeyboardManagerSwift */; };
		CE60146B2E2FE61100C6A9DD /* Reachability in Frameworks */ = {isa = PBXBuildFile; productRef = CE60146A2E2FE61100C6A9DD /* Reachability */; };
		CE60146E2E2FE63A00C6A9DD /* PhraseSDK in Frameworks */ = {isa = PBXBuildFile; productRef = CE60146D2E2FE63A00C6A9DD /* PhraseSDK */; };
		CE74A2272E2E8EA100DDE78D /* GomaUI in Frameworks */ = {isa = PBXBuildFile; productRef = CE74A2262E2E8EA100DDE78D /* GomaUI */; };
		CE74A7D82E2EB0E700DDE78D /* ServicesProvider in Frameworks */ = {isa = PBXBuildFile; productRef = CE74A7D72E2EB0E700DDE78D /* ServicesProvider */; };
		CE74A81C2E2EB9C300DDE78D /* PresentationProvider in Frameworks */ = {isa = PBXBuildFile; productRef = CE74A81B2E2EB9C300DDE78D /* PresentationProvider */; };
		CE74A9CF2E2EFB2A00DDE78D /* SharedModels in Frameworks */ = {isa = PBXBuildFile; productRef = CE74A9CE2E2EFB2A00DDE78D /* SharedModels */; };
		CE8A04C52EE71672009B4BC5 /* GomaPlatform in Frameworks */ = {isa = PBXBuildFile; productRef = CE8A04C42EE71672009B4BC5 /* GomaPlatform */; };
		CEC736C72E6839670084368A /* XPush in Frameworks */ = {isa = PBXBuildFile; productRef = CEC736C62E6839670084368A /* XPush */; };
/* End PBXBuildFile section */

/* Begin PBXContainerItemProxy section */
		CE74A1632E2E8D9500DDE78D /* PBXContainerItemProxy */ = {
			isa = PBXContainerItemProxy;
			containerPortal = CE74A1442E2E8D9400DDE78D /* Project object */;
			proxyType = 1;
			remoteGlobalIDString = CE74A14B2E2E8D9400DDE78D;
			remoteInfo = BetssonCameroonApp;
		};
		CE74A16D2E2E8D9500DDE78D /* PBXContainerItemProxy */ = {
			isa = PBXContainerItemProxy;
			containerPortal = CE74A1442E2E8D9400DDE78D /* Project object */;
			proxyType = 1;
			remoteGlobalIDString = CE74A14B2E2E8D9400DDE78D;
			remoteInfo = BetssonCameroonApp;
		};
/* End PBXContainerItemProxy section */

/* Begin PBXFileReference section */
		CE58B6EB2EC8B1B5001591C1 /* Debug.xcconfig */ = {isa = PBXFileReference; lastKnownFileType = text.xcconfig; path = Debug.xcconfig; sourceTree = "<group>"; };
		CE74A14C2E2E8D9400DDE78D /* Betsson CM Stg.app */ = {isa = PBXFileReference; explicitFileType = wrapper.application; includeInIndex = 0; path = "Betsson CM Stg.app"; sourceTree = BUILT_PRODUCTS_DIR; };
		CE74A1622E2E8D9500DDE78D /* BetssonCameroonAppTests.xctest */ = {isa = PBXFileReference; explicitFileType = wrapper.cfbundle; includeInIndex = 0; path = BetssonCameroonAppTests.xctest; sourceTree = BUILT_PRODUCTS_DIR; };
		CE74A16C2E2E8D9500DDE78D /* BetssonCameroonAppUITests.xctest */ = {isa = PBXFileReference; explicitFileType = wrapper.cfbundle; includeInIndex = 0; path = BetssonCameroonAppUITests.xctest; sourceTree = BUILT_PRODUCTS_DIR; };
		DEBUGXCCONFIG001 /* Debug.xcconfig */ = {isa = PBXFileReference; lastKnownFileType = text.xcconfig; name = Debug.xcconfig; path = ../../Debug.xcconfig; sourceTree = "<group>"; };
/* End PBXFileReference section */

/* Begin PBXFileSystemSynchronizedBuildFileExceptionSet section */
		CE394B982E2FD45200715418 /* Exceptions for "App" folder in "BetssonCameroonApp" target */ = {
			isa = PBXFileSystemSynchronizedBuildFileExceptionSet;
			membershipExceptions = (
				"SupportingFiles/Firebase/GoogleService-Info-Staging.plist",
			);
			target = CE74A14B2E2E8D9400DDE78D /* BetssonCameroonApp */;
		};
/* End PBXFileSystemSynchronizedBuildFileExceptionSet section */

/* Begin PBXFileSystemSynchronizedRootGroup section */
		CE74A14E2E2E8D9400DDE78D /* App */ = {
			isa = PBXFileSystemSynchronizedRootGroup;
			exceptions = (
				CE394B982E2FD45200715418 /* Exceptions for "App" folder in "BetssonCameroonApp" target */,
			);
			path = App;
			sourceTree = "<group>";
		};
		CE74A1652E2E8D9500DDE78D /* Tests */ = {
			isa = PBXFileSystemSynchronizedRootGroup;
			path = Tests;
			sourceTree = "<group>";
		};
		CE74A16F2E2E8D9500DDE78D /* UITests */ = {
			isa = PBXFileSystemSynchronizedRootGroup;
			path = UITests;
			sourceTree = "<group>";
		};
/* End PBXFileSystemSynchronizedRootGroup section */

/* Begin PBXFrameworksBuildPhase section */
		CE74A1492E2E8D9400DDE78D /* Frameworks */ = {
			isa = PBXFrameworksBuildPhase;
			buildActionMask = 2147483647;
			files = (
				CE6014652E2FE56400C6A9DD /* FirebaseMessaging in Frameworks */,
				CE60146B2E2FE61100C6A9DD /* Reachability in Frameworks */,
				CE74A9CF2E2EFB2A00DDE78D /* SharedModels in Frameworks */,
				CE60145F2E2FE56400C6A9DD /* FirebaseAuth in Frameworks */,
				CE04B7CD2ED59DCA000191DF /* GomaPerformanceKit in Frameworks */,
				CE8A04C52EE71672009B4BC5 /* GomaPlatform in Frameworks */,
				CE74A81C2E2EB9C300DDE78D /* PresentationProvider in Frameworks */,
				CE6014612E2FE56400C6A9DD /* FirebaseCrashlytics in Frameworks */,
				CE60146E2E2FE63A00C6A9DD /* PhraseSDK in Frameworks */,
				CE6014682E2FE5E400C6A9DD /* IQKeyboardManagerSwift in Frameworks */,
				CE04B7CB2ED59DCA000191DF /* GomaLogger in Frameworks */,
				CE74A2272E2E8EA100DDE78D /* GomaUI in Frameworks */,
				CE60145D2E2FE56400C6A9DD /* FirebaseAnalytics in Frameworks */,
				CEC736C72E6839670084368A /* XPush in Frameworks */,
				CE6014632E2FE56400C6A9DD /* FirebaseDatabase in Frameworks */,
				CE74A7D82E2EB0E700DDE78D /* ServicesProvider in Frameworks */,
			);
			runOnlyForDeploymentPostprocessing = 0;
		};
		CE74A15F2E2E8D9500DDE78D /* Frameworks */ = {
			isa = PBXFrameworksBuildPhase;
			buildActionMask = 2147483647;
			files = (
			);
			runOnlyForDeploymentPostprocessing = 0;
		};
		CE74A1692E2E8D9500DDE78D /* Frameworks */ = {
			isa = PBXFrameworksBuildPhase;
			buildActionMask = 2147483647;
			files = (
			);
			runOnlyForDeploymentPostprocessing = 0;
		};
/* End PBXFrameworksBuildPhase section */

/* Begin PBXGroup section */
		CE58B34D2EC8B152001591C1 /* Recovered References */ = {
			isa = PBXGroup;
			children = (
				DEBUGXCCONFIG001 /* Debug.xcconfig */,
			);
			name = "Recovered References";
			sourceTree = "<group>";
		};
		CE74A1432E2E8D9400DDE78D = {
			isa = PBXGroup;
			children = (
				CE74A14E2E2E8D9400DDE78D /* App */,
				CE74A1652E2E8D9500DDE78D /* Tests */,
				CE74A16F2E2E8D9500DDE78D /* UITests */,
				CE74A2252E2E8EA100DDE78D /* Frameworks */,
				CE74A14D2E2E8D9400DDE78D /* Products */,
				CE58B34D2EC8B152001591C1 /* Recovered References */,
				CE58B6EB2EC8B1B5001591C1 /* Debug.xcconfig */,
			);
			sourceTree = "<group>";
		};
		CE74A14D2E2E8D9400DDE78D /* Products */ = {
			isa = PBXGroup;
			children = (
				CE74A14C2E2E8D9400DDE78D /* Betsson CM Stg.app */,
				CE74A1622E2E8D9500DDE78D /* BetssonCameroonAppTests.xctest */,
				CE74A16C2E2E8D9500DDE78D /* BetssonCameroonAppUITests.xctest */,
			);
			name = Products;
			sourceTree = "<group>";
		};
		CE74A2252E2E8EA100DDE78D /* Frameworks */ = {
			isa = PBXGroup;
			children = (
			);
			name = Frameworks;
			sourceTree = "<group>";
		};
/* End PBXGroup section */

/* Begin PBXNativeTarget section */
		CE74A14B2E2E8D9400DDE78D /* BetssonCameroonApp */ = {
			isa = PBXNativeTarget;
			buildConfigurationList = CE74A1752E2E8D9500DDE78D /* Build configuration list for PBXNativeTarget "BetssonCameroonApp" */;
			buildPhases = (
				CEFC00002FB5F00000000001 /* Copy Firebase Config */,
				CE74A1482E2E8D9400DDE78D /* Sources */,
				CE74A1492E2E8D9400DDE78D /* Frameworks */,
				CE74A14A2E2E8D9400DDE78D /* Resources */,
			);
			buildRules = (
			);
			dependencies = (
			);
			fileSystemSynchronizedGroups = (
				CE74A14E2E2E8D9400DDE78D /* App */,
			);
			name = BetssonCameroonApp;
			packageProductDependencies = (
				CE74A2262E2E8EA100DDE78D /* GomaUI */,
				CE74A7D72E2EB0E700DDE78D /* ServicesProvider */,
				CE74A81B2E2EB9C300DDE78D /* PresentationProvider */,
				CE74A9CE2E2EFB2A00DDE78D /* SharedModels */,
				CE60145C2E2FE56400C6A9DD /* FirebaseAnalytics */,
				CE60145E2E2FE56400C6A9DD /* FirebaseAuth */,
				CE6014602E2FE56400C6A9DD /* FirebaseCrashlytics */,
				CE6014622E2FE56400C6A9DD /* FirebaseDatabase */,
				CE6014642E2FE56400C6A9DD /* FirebaseMessaging */,
				CE6014672E2FE5E400C6A9DD /* IQKeyboardManagerSwift */,
				CE60146A2E2FE61100C6A9DD /* Reachability */,
				CE60146D2E2FE63A00C6A9DD /* PhraseSDK */,
				CEC736C62E6839670084368A /* XPush */,
				CE04B7CA2ED59DCA000191DF /* GomaLogger */,
				CE04B7CC2ED59DCA000191DF /* GomaPerformanceKit */,
				CE8A04C42EE71672009B4BC5 /* GomaPlatform */,
			);
			productName = BetssonCameroonApp;
			productReference = CE74A14C2E2E8D9400DDE78D /* Betsson CM Stg.app */;
			productType = "com.apple.product-type.application";
		};
		CE74A1612E2E8D9500DDE78D /* BetssonCameroonAppTests */ = {
			isa = PBXNativeTarget;
			buildConfigurationList = CE74A17A2E2E8D9500DDE78D /* Build configuration list for PBXNativeTarget "BetssonCameroonAppTests" */;
			buildPhases = (
				CE74A15E2E2E8D9500DDE78D /* Sources */,
				CE74A15F2E2E8D9500DDE78D /* Frameworks */,
				CE74A1602E2E8D9500DDE78D /* Resources */,
			);
			buildRules = (
			);
			dependencies = (
				CE74A1642E2E8D9500DDE78D /* PBXTargetDependency */,
			);
			fileSystemSynchronizedGroups = (
				CE74A1652E2E8D9500DDE78D /* Tests */,
			);
			name = BetssonCameroonAppTests;
			productName = BetssonCameroonAppTests;
			productReference = CE74A1622E2E8D9500DDE78D /* BetssonCameroonAppTests.xctest */;
			productType = "com.apple.product-type.bundle.unit-test";
		};
		CE74A16B2E2E8D9500DDE78D /* BetssonCameroonAppUITests */ = {
			isa = PBXNativeTarget;
			buildConfigurationList = CE74A17D2E2E8D9500DDE78D /* Build configuration list for PBXNativeTarget "BetssonCameroonAppUITests" */;
			buildPhases = (
				CE74A1682E2E8D9500DDE78D /* Sources */,
				CE74A1692E2E8D9500DDE78D /* Frameworks */,
				CE74A16A2E2E8D9500DDE78D /* Resources */,
			);
			buildRules = (
			);
			dependencies = (
				CE74A16E2E2E8D9500DDE78D /* PBXTargetDependency */,
			);
			fileSystemSynchronizedGroups = (
				CE74A16F2E2E8D9500DDE78D /* UITests */,
			);
			name = BetssonCameroonAppUITests;
			productName = BetssonCameroonAppUITests;
			productReference = CE74A16C2E2E8D9500DDE78D /* BetssonCameroonAppUITests.xctest */;
			productType = "com.apple.product-type.bundle.ui-testing";
		};
/* End PBXNativeTarget section */

/* Begin PBXProject section */
		CE74A1442E2E8D9400DDE78D /* Project object */ = {
			isa = PBXProject;
			attributes = {
				BuildIndependentTargetsInParallel = 1;
				LastSwiftUpdateCheck = 1620;
				LastUpgradeCheck = 1620;
				TargetAttributes = {
					CE74A14B2E2E8D9400DDE78D = {
						CreatedOnToolsVersion = 16.2;
					};
					CE74A1612E2E8D9500DDE78D = {
						CreatedOnToolsVersion = 16.2;
						TestTargetID = CE74A14B2E2E8D9400DDE78D;
					};
					CE74A16B2E2E8D9500DDE78D = {
						CreatedOnToolsVersion = 16.2;
						TestTargetID = CE74A14B2E2E8D9400DDE78D;
					};
				};
			};
			buildConfigurationList = CE74A1472E2E8D9400DDE78D /* Build configuration list for PBXProject "BetssonCameroonApp" */;
			developmentRegion = en;
			hasScannedForEncodings = 0;
			knownRegions = (
				en,
				fr,
			);
			mainGroup = CE74A1432E2E8D9400DDE78D;
			minimizedProjectReferenceProxies = 1;
			packageReferences = (
				CE60145B2E2FE56400C6A9DD /* XCRemoteSwiftPackageReference "firebase-ios-sdk" */,
				CE6014662E2FE5E400C6A9DD /* XCRemoteSwiftPackageReference "IQKeyboardManager" */,
				CE6014692E2FE61100C6A9DD /* XCRemoteSwiftPackageReference "Reachability" */,
				CE60146C2E2FE63A00C6A9DD /* XCRemoteSwiftPackageReference "ios-sdk" */,
				CEC736C52E6839670084368A /* XCRemoteSwiftPackageReference "Xtremepush-iOS-SDK" */,
			);
			preferredProjectObjectVersion = 77;
			productRefGroup = CE74A14D2E2E8D9400DDE78D /* Products */;
			projectDirPath = "";
			projectRoot = "";
			targets = (
				CE74A14B2E2E8D9400DDE78D /* BetssonCameroonApp */,
				CE74A1612E2E8D9500DDE78D /* BetssonCameroonAppTests */,
				CE74A16B2E2E8D9500DDE78D /* BetssonCameroonAppUITests */,
			);
		};
/* End PBXProject section */

/* Begin PBXResourcesBuildPhase section */
		CE74A14A2E2E8D9400DDE78D /* Resources */ = {
			isa = PBXResourcesBuildPhase;
			buildActionMask = 2147483647;
			files = (
				CE58B6EC2EC8B1B5001591C1 /* Debug.xcconfig in Resources */,
			);
			runOnlyForDeploymentPostprocessing = 0;
		};
		CE74A1602E2E8D9500DDE78D /* Resources */ = {
			isa = PBXResourcesBuildPhase;
			buildActionMask = 2147483647;
			files = (
			);
			runOnlyForDeploymentPostprocessing = 0;
		};
		CE74A16A2E2E8D9500DDE78D /* Resources */ = {
			isa = PBXResourcesBuildPhase;
			buildActionMask = 2147483647;
			files = (
			);
			runOnlyForDeploymentPostprocessing = 0;
		};
/* End PBXResourcesBuildPhase section */

/* Begin PBXShellScriptBuildPhase section */
		CEFC00002FB5F00000000001 /* Copy Firebase Config */ = {
			isa = PBXShellScriptBuildPhase;
			buildActionMask = 2147483647;
			files = (
			);
			inputFileListPaths = (
			);
			inputPaths = (
				"$(SRCROOT)/App/SupportingFiles/Firebase/GoogleService-Info-Production.plist",
				"$(SRCROOT)/App/SupportingFiles/Firebase/GoogleService-Info-Staging.plist",
				"$(SRCROOT)/App/SupportingFiles/Firebase/GoogleService-Info-UAT.plist",
				"$(SRCROOT)/App/SupportingFiles/Firebase/GoogleService-Info-BetAtHome.plist",
			);
			name = "Copy Firebase Config";
			outputFileListPaths = (
			);
			outputPaths = (
				"$(SRCROOT)/App/SupportingFiles/GoogleService-Info.plist",
			);
			runOnlyForDeploymentPostprocessing = 0;
			shellPath = /bin/sh;
			shellScript = "# Copy correct GoogleService-Info.plist based on CONFIGURATION\n# Configurations: Debug-Production, Release-Production, Debug-Staging, Release-Staging, Debug-UAT, Release-UAT\necho \"CONFIGURATION is: ${CONFIGURATION}\"\necho \"SRCROOT is: ${SRCROOT}\"\n\nFIREBASE_DIR=\"${SRCROOT}/App/SupportingFiles/Firebase\"\nDEST_PLIST=\"${SRCROOT}/App/SupportingFiles/GoogleService-Info.plist\"\n\ncase \"${CONFIGURATION}\" in\n    *BetAtHome*)\n        cp \"${FIREBASE_DIR}/GoogleService-Info-BetAtHome.plist\" \"${DEST_PLIST}\"\n        echo \"Copied BetAtHome GoogleService-Info.plist\"\n        ;;\n    *Production*)\n        cp \"${FIREBASE_DIR}/GoogleService-Info-Production.plist\" \"${DEST_PLIST}\"\n        echo \"Copied Production GoogleService-Info.plist\"\n        ;;\n    *UAT*)\n        cp \"${FIREBASE_DIR}/GoogleService-Info-UAT.plist\" \"${DEST_PLIST}\"\n        echo \"Copied UAT GoogleService-Info.plist\"\n        ;;\n    *Staging*)\n        cp \"${FIREBASE_DIR}/GoogleService-Info-Staging.plist\" \"${DEST_PLIST}\"\n        echo \"Copied Staging GoogleService-Info.plist\"\n        ;;\n    *)\n        echo \"WARNING: CONFIGURATION not recognized: ${CONFIGURATION}\"\n        exit 1\n        ;;\nesac\n";
		};
/* End PBXShellScriptBuildPhase section */

/* Begin PBXSourcesBuildPhase section */
		CE74A1482E2E8D9400DDE78D /* Sources */ = {
			isa = PBXSourcesBuildPhase;
			buildActionMask = 2147483647;
			files = (
			);
			runOnlyForDeploymentPostprocessing = 0;
		};
		CE74A15E2E2E8D9500DDE78D /* Sources */ = {
			isa = PBXSourcesBuildPhase;
			buildActionMask = 2147483647;
			files = (
			);
			runOnlyForDeploymentPostprocessing = 0;
		};
		CE74A1682E2E8D9500DDE78D /* Sources */ = {
			isa = PBXSourcesBuildPhase;
			buildActionMask = 2147483647;
			files = (
			);
			runOnlyForDeploymentPostprocessing = 0;
		};
/* End PBXSourcesBuildPhase section */

/* Begin PBXTargetDependency section */
		CE74A1642E2E8D9500DDE78D /* PBXTargetDependency */ = {
			isa = PBXTargetDependency;
			target = CE74A14B2E2E8D9400DDE78D /* BetssonCameroonApp */;
			targetProxy = CE74A1632E2E8D9500DDE78D /* PBXContainerItemProxy */;
		};
		CE74A16E2E2E8D9500DDE78D /* PBXTargetDependency */ = {
			isa = PBXTargetDependency;
			target = CE74A14B2E2E8D9400DDE78D /* BetssonCameroonApp */;
			targetProxy = CE74A16D2E2E8D9500DDE78D /* PBXContainerItemProxy */;
		};
/* End PBXTargetDependency section */

/* Begin XCBuildConfiguration section */
		CE3767A52EE3A8920007BF97 /* Debug-UAT */ = {
			isa = XCBuildConfiguration;
			baseConfigurationReference = CE58B6EB2EC8B1B5001591C1 /* Debug.xcconfig */;
			buildSettings = {
				ALWAYS_SEARCH_USER_PATHS = NO;
				ASSETCATALOG_COMPILER_GENERATE_SWIFT_ASSET_SYMBOL_EXTENSIONS = YES;
				CLANG_ANALYZER_NONNULL = YES;
				CLANG_ANALYZER_NUMBER_OBJECT_CONVERSION = YES_AGGRESSIVE;
				CLANG_CXX_LANGUAGE_STANDARD = "gnu++20";
				CLANG_ENABLE_MODULES = YES;
				CLANG_ENABLE_OBJC_ARC = YES;
				CLANG_ENABLE_OBJC_WEAK = YES;
				CLANG_WARN_BLOCK_CAPTURE_AUTORELEASING = YES;
				CLANG_WARN_BOOL_CONVERSION = YES;
				CLANG_WARN_COMMA = YES;
				CLANG_WARN_CONSTANT_CONVERSION = YES;
				CLANG_WARN_DEPRECATED_OBJC_IMPLEMENTATIONS = YES;
				CLANG_WARN_DIRECT_OBJC_ISA_USAGE = YES_ERROR;
				CLANG_WARN_DOCUMENTATION_COMMENTS = YES;
				CLANG_WARN_EMPTY_BODY = YES;
				CLANG_WARN_ENUM_CONVERSION = YES;
				CLANG_WARN_INFINITE_RECURSION = YES;
				CLANG_WARN_INT_CONVERSION = YES;
				CLANG_WARN_NON_LITERAL_NULL_CONVERSION = YES;
				CLANG_WARN_OBJC_IMPLICIT_RETAIN_SELF = YES;
				CLANG_WARN_OBJC_LITERAL_CONVERSION = YES;
				CLANG_WARN_OBJC_ROOT_CLASS = YES_ERROR;
				CLANG_WARN_QUOTED_INCLUDE_IN_FRAMEWORK_HEADER = YES;
				CLANG_WARN_RANGE_LOOP_ANALYSIS = YES;
				CLANG_WARN_STRICT_PROTOTYPES = YES;
				CLANG_WARN_SUSPICIOUS_MOVE = YES;
				CLANG_WARN_UNGUARDED_AVAILABILITY = YES_AGGRESSIVE;
				CLANG_WARN_UNREACHABLE_CODE = YES;
				CLANG_WARN__DUPLICATE_METHOD_MATCH = YES;
				COPY_PHASE_STRIP = NO;
				DEBUG_INFORMATION_FORMAT = dwarf;
				ENABLE_STRICT_OBJC_MSGSEND = YES;
				ENABLE_TESTABILITY = YES;
				ENABLE_USER_SCRIPT_SANDBOXING = YES;
				GCC_C_LANGUAGE_STANDARD = gnu17;
				GCC_DYNAMIC_NO_PIC = NO;
				GCC_NO_COMMON_BLOCKS = YES;
				GCC_OPTIMIZATION_LEVEL = 0;
				GCC_PREPROCESSOR_DEFINITIONS = (
					"DEBUG=1",
					"$(inherited)",
				);
				GCC_WARN_64_TO_32_BIT_CONVERSION = YES;
				GCC_WARN_ABOUT_RETURN_TYPE = YES_ERROR;
				GCC_WARN_UNDECLARED_SELECTOR = YES;
				GCC_WARN_UNINITIALIZED_AUTOS = YES_AGGRESSIVE;
				GCC_WARN_UNUSED_FUNCTION = YES;
				GCC_WARN_UNUSED_VARIABLE = YES;
				IPHONEOS_DEPLOYMENT_TARGET = 18.2;
				LOCALIZATION_PREFERS_STRING_CATALOGS = YES;
				MTL_ENABLE_DEBUG_INFO = INCLUDE_SOURCE;
				MTL_FAST_MATH = YES;
				ONLY_ACTIVE_ARCH = YES;
				SDKROOT = iphoneos;
				SWIFT_ACTIVE_COMPILATION_CONDITIONS = "DEBUG $(inherited)";
				SWIFT_EMIT_LOC_STRINGS = YES;
				SWIFT_OPTIMIZATION_LEVEL = "-Onone";
			};
			name = "Debug-UAT";
		};
		CE3767A62EE3A8920007BF97 /* Debug-UAT */ = {
			isa = XCBuildConfiguration;
			buildSettings = {
				APP_ENVIRONMENT = UAT;
				ASSETCATALOG_COMPILER_APPICON_NAME = "AppIcon-BetssonCM-UAT";
				ASSETCATALOG_COMPILER_GLOBAL_ACCENT_COLOR_NAME = AccentColor;
				CODE_SIGN_ENTITLEMENTS = "App/SupportingFiles/Misc-UAT/BetssonCM-UAT.entitlements";
				"CODE_SIGN_IDENTITY[sdk=iphoneos*]" = "iPhone Distribution";
				CODE_SIGN_STYLE = Manual;
				CURRENT_PROJECT_VERSION = 3601;
				DEVELOPMENT_TEAM = 422GNXXZJR;
				"DEVELOPMENT_TEAM[sdk=iphoneos*]" = 422GNXXZJR;
				GENERATE_INFOPLIST_FILE = YES;
				INFOPLIST_FILE = "App/SupportingFiles/Misc-UAT/BetssonCM-UAT-Info.plist";
				INFOPLIST_KEY_CFBundleDisplayName = BetssonCameroon;
				INFOPLIST_KEY_UIApplicationSupportsIndirectInputEvents = YES;
				INFOPLIST_KEY_UILaunchStoryboardName = "LaunchScreen-BetssonCM";
				INFOPLIST_KEY_UISupportedInterfaceOrientations = "UIInterfaceOrientationPortrait UIInterfaceOrientationLandscapeLeft UIInterfaceOrientationLandscapeRight";
				INFOPLIST_KEY_UISupportedInterfaceOrientations_iPad = "UIInterfaceOrientationPortrait UIInterfaceOrientationPortraitUpsideDown";
				IPHONEOS_DEPLOYMENT_TARGET = 16.6;
				LD_RUNPATH_SEARCH_PATHS = (
					"$(inherited)",
					"@executable_path/Frameworks",
				);
				MARKETING_VERSION = 0.3.6;
				PRODUCT_BUNDLE_IDENTIFIER = com.gomagaming.betssoncm.prod;
				PRODUCT_MODULE_NAME = BetssonCameroonApp;
				PRODUCT_NAME = "Betsson CM UAT";
				PROVISIONING_PROFILE_SPECIFIER = "";
				"PROVISIONING_PROFILE_SPECIFIER[sdk=iphoneos*]" = "match AdHoc com.gomagaming.betssoncm.prod";
				SUPPORTED_PLATFORMS = "iphoneos iphonesimulator";
				SUPPORTS_MACCATALYST = NO;
				SUPPORTS_MAC_DESIGNED_FOR_IPHONE_IPAD = NO;
				SUPPORTS_XR_DESIGNED_FOR_IPHONE_IPAD = NO;
				SWIFT_EMIT_LOC_STRINGS = YES;
				SWIFT_VERSION = 5.0;
				TARGETED_DEVICE_FAMILY = 1;
			};
			name = "Debug-UAT";
		};
		CE3767A72EE3A8920007BF97 /* Debug-UAT */ = {
			isa = XCBuildConfiguration;
			buildSettings = {
				BUNDLE_LOADER = "$(TEST_HOST)";
				CODE_SIGN_STYLE = Automatic;
				CURRENT_PROJECT_VERSION = 1;
				DEVELOPMENT_TEAM = 422GNXXZJR;
				GENERATE_INFOPLIST_FILE = YES;
				IPHONEOS_DEPLOYMENT_TARGET = 18.2;
				MARKETING_VERSION = 1.0;
				PRODUCT_BUNDLE_IDENTIFIER = com.gomagaming.betssoncm.stg.BetssonCameroonAppTests;
				PRODUCT_NAME = "$(TARGET_NAME)";
				SWIFT_EMIT_LOC_STRINGS = NO;
				SWIFT_VERSION = 5.0;
				TARGETED_DEVICE_FAMILY = "1,2";
				TEST_HOST = "$(BUILT_PRODUCTS_DIR)/Betsson CM Prod.app/$(BUNDLE_EXECUTABLE_FOLDER_PATH)/Betsson CM Prod";
			};
			name = "Debug-UAT";
		};
		CE3767A82EE3A8920007BF97 /* Debug-UAT */ = {
			isa = XCBuildConfiguration;
			buildSettings = {
				CODE_SIGN_STYLE = Automatic;
				CURRENT_PROJECT_VERSION = 1;
				DEVELOPMENT_TEAM = 422GNXXZJR;
				GENERATE_INFOPLIST_FILE = YES;
				MARKETING_VERSION = 1.0;
				PRODUCT_BUNDLE_IDENTIFIER = com.gomagaming.betssoncm.stg.BetssonCameroonAppUITests;
				PRODUCT_NAME = "$(TARGET_NAME)";
				SWIFT_EMIT_LOC_STRINGS = NO;
				SWIFT_VERSION = 5.0;
				TARGETED_DEVICE_FAMILY = "1,2";
				TEST_TARGET_NAME = BetssonCameroonApp;
			};
			name = "Debug-UAT";
		};
		CE3767A92EE3A8A10007BF97 /* Release-UAT */ = {
			isa = XCBuildConfiguration;
			buildSettings = {
				ALWAYS_SEARCH_USER_PATHS = NO;
				ASSETCATALOG_COMPILER_GENERATE_SWIFT_ASSET_SYMBOL_EXTENSIONS = YES;
				CLANG_ANALYZER_NONNULL = YES;
				CLANG_ANALYZER_NUMBER_OBJECT_CONVERSION = YES_AGGRESSIVE;
				CLANG_CXX_LANGUAGE_STANDARD = "gnu++20";
				CLANG_ENABLE_MODULES = YES;
				CLANG_ENABLE_OBJC_ARC = YES;
				CLANG_ENABLE_OBJC_WEAK = YES;
				CLANG_WARN_BLOCK_CAPTURE_AUTORELEASING = YES;
				CLANG_WARN_BOOL_CONVERSION = YES;
				CLANG_WARN_COMMA = YES;
				CLANG_WARN_CONSTANT_CONVERSION = YES;
				CLANG_WARN_DEPRECATED_OBJC_IMPLEMENTATIONS = YES;
				CLANG_WARN_DIRECT_OBJC_ISA_USAGE = YES_ERROR;
				CLANG_WARN_DOCUMENTATION_COMMENTS = YES;
				CLANG_WARN_EMPTY_BODY = YES;
				CLANG_WARN_ENUM_CONVERSION = YES;
				CLANG_WARN_INFINITE_RECURSION = YES;
				CLANG_WARN_INT_CONVERSION = YES;
				CLANG_WARN_NON_LITERAL_NULL_CONVERSION = YES;
				CLANG_WARN_OBJC_IMPLICIT_RETAIN_SELF = YES;
				CLANG_WARN_OBJC_LITERAL_CONVERSION = YES;
				CLANG_WARN_OBJC_ROOT_CLASS = YES_ERROR;
				CLANG_WARN_QUOTED_INCLUDE_IN_FRAMEWORK_HEADER = YES;
				CLANG_WARN_RANGE_LOOP_ANALYSIS = YES;
				CLANG_WARN_STRICT_PROTOTYPES = YES;
				CLANG_WARN_SUSPICIOUS_MOVE = YES;
				CLANG_WARN_UNGUARDED_AVAILABILITY = YES_AGGRESSIVE;
				CLANG_WARN_UNREACHABLE_CODE = YES;
				CLANG_WARN__DUPLICATE_METHOD_MATCH = YES;
				COPY_PHASE_STRIP = NO;
				DEBUG_INFORMATION_FORMAT = "dwarf-with-dsym";
				ENABLE_NS_ASSERTIONS = NO;
				ENABLE_STRICT_OBJC_MSGSEND = YES;
				ENABLE_USER_SCRIPT_SANDBOXING = YES;
				GCC_C_LANGUAGE_STANDARD = gnu17;
				GCC_NO_COMMON_BLOCKS = YES;
				GCC_WARN_64_TO_32_BIT_CONVERSION = YES;
				GCC_WARN_ABOUT_RETURN_TYPE = YES_ERROR;
				GCC_WARN_UNDECLARED_SELECTOR = YES;
				GCC_WARN_UNINITIALIZED_AUTOS = YES_AGGRESSIVE;
				GCC_WARN_UNUSED_FUNCTION = YES;
				GCC_WARN_UNUSED_VARIABLE = YES;
				IPHONEOS_DEPLOYMENT_TARGET = 18.2;
				LOCALIZATION_PREFERS_STRING_CATALOGS = YES;
				MTL_ENABLE_DEBUG_INFO = NO;
				MTL_FAST_MATH = YES;
				SDKROOT = iphoneos;
				SWIFT_COMPILATION_MODE = wholemodule;
				SWIFT_EMIT_LOC_STRINGS = YES;
				VALIDATE_PRODUCT = YES;
			};
			name = "Release-UAT";
		};
		CE3767AA2EE3A8A10007BF97 /* Release-UAT */ = {
			isa = XCBuildConfiguration;
			buildSettings = {
				APP_ENVIRONMENT = UAT;
				ASSETCATALOG_COMPILER_APPICON_NAME = "AppIcon-BetssonCM-UAT";
				ASSETCATALOG_COMPILER_GLOBAL_ACCENT_COLOR_NAME = AccentColor;
				CODE_SIGN_ENTITLEMENTS = "App/SupportingFiles/Misc-UAT/BetssonCM-UAT.entitlements";
				CODE_SIGN_IDENTITY = "Apple Distribution";
				"CODE_SIGN_IDENTITY[sdk=iphoneos*]" = "iPhone Distribution";
				CODE_SIGN_STYLE = Manual;
				CURRENT_PROJECT_VERSION = 3601;
				DEVELOPMENT_TEAM = 422GNXXZJR;
				"DEVELOPMENT_TEAM[sdk=iphoneos*]" = 422GNXXZJR;
				GENERATE_INFOPLIST_FILE = YES;
				INFOPLIST_FILE = "App/SupportingFiles/Misc-UAT/BetssonCM-UAT-Info.plist";
				INFOPLIST_KEY_CFBundleDisplayName = BetssonCameroon;
				INFOPLIST_KEY_UIApplicationSupportsIndirectInputEvents = YES;
				INFOPLIST_KEY_UILaunchStoryboardName = "LaunchScreen-BetssonCM";
				INFOPLIST_KEY_UISupportedInterfaceOrientations = "UIInterfaceOrientationPortrait UIInterfaceOrientationLandscapeLeft UIInterfaceOrientationLandscapeRight";
				INFOPLIST_KEY_UISupportedInterfaceOrientations_iPad = "UIInterfaceOrientationPortrait UIInterfaceOrientationPortraitUpsideDown";
				IPHONEOS_DEPLOYMENT_TARGET = 16.6;
				LD_RUNPATH_SEARCH_PATHS = (
					"$(inherited)",
					"@executable_path/Frameworks",
				);
				MARKETING_VERSION = 0.3.6;
				PRODUCT_BUNDLE_IDENTIFIER = com.gomagaming.betssoncm.prod;
				PRODUCT_MODULE_NAME = BetssonCameroonApp;
				PRODUCT_NAME = "Betsson CM UAT";
				PROVISIONING_PROFILE_SPECIFIER = "";
				"PROVISIONING_PROFILE_SPECIFIER[sdk=iphoneos*]" = "match AdHoc com.gomagaming.betssoncm.prod";
				SUPPORTED_PLATFORMS = "iphoneos iphonesimulator";
				SUPPORTS_MACCATALYST = NO;
				SUPPORTS_MAC_DESIGNED_FOR_IPHONE_IPAD = NO;
				SUPPORTS_XR_DESIGNED_FOR_IPHONE_IPAD = NO;
				SWIFT_EMIT_LOC_STRINGS = YES;
				SWIFT_VERSION = 5.0;
				TARGETED_DEVICE_FAMILY = 1;
			};
			name = "Release-UAT";
		};
		CE3767AB2EE3A8A10007BF97 /* Release-UAT */ = {
			isa = XCBuildConfiguration;
			buildSettings = {
				BUNDLE_LOADER = "$(TEST_HOST)";
				CODE_SIGN_STYLE = Automatic;
				CURRENT_PROJECT_VERSION = 1;
				DEVELOPMENT_TEAM = 422GNXXZJR;
				GENERATE_INFOPLIST_FILE = YES;
				IPHONEOS_DEPLOYMENT_TARGET = 18.2;
				MARKETING_VERSION = 1.0;
				PRODUCT_BUNDLE_IDENTIFIER = com.gomagaming.betssoncm.stg.BetssonCameroonAppTests;
				PRODUCT_NAME = "$(TARGET_NAME)";
				SWIFT_EMIT_LOC_STRINGS = NO;
				SWIFT_VERSION = 5.0;
				TARGETED_DEVICE_FAMILY = "1,2";
				TEST_HOST = "$(BUILT_PRODUCTS_DIR)/Betsson CM Prod.app/$(BUNDLE_EXECUTABLE_FOLDER_PATH)/Betsson CM Prod";
			};
			name = "Release-UAT";
		};
		CE3767AC2EE3A8A10007BF97 /* Release-UAT */ = {
			isa = XCBuildConfiguration;
			buildSettings = {
				CODE_SIGN_STYLE = Automatic;
				CURRENT_PROJECT_VERSION = 1;
				DEVELOPMENT_TEAM = 422GNXXZJR;
				GENERATE_INFOPLIST_FILE = YES;
				MARKETING_VERSION = 1.0;
				PRODUCT_BUNDLE_IDENTIFIER = com.gomagaming.betssoncm.stg.BetssonCameroonAppUITests;
				PRODUCT_NAME = "$(TARGET_NAME)";
				SWIFT_EMIT_LOC_STRINGS = NO;
				SWIFT_VERSION = 5.0;
				TARGETED_DEVICE_FAMILY = "1,2";
				TEST_TARGET_NAME = BetssonCameroonApp;
			};
			name = "Release-UAT";
		};
		CE41A9292EB3478C00B2DC28 /* Debug-Production */ = {
			isa = XCBuildConfiguration;
			baseConfigurationReference = CE58B6EB2EC8B1B5001591C1 /* Debug.xcconfig */;
			buildSettings = {
				ALWAYS_SEARCH_USER_PATHS = NO;
				ASSETCATALOG_COMPILER_GENERATE_SWIFT_ASSET_SYMBOL_EXTENSIONS = YES;
				CLANG_ANALYZER_NONNULL = YES;
				CLANG_ANALYZER_NUMBER_OBJECT_CONVERSION = YES_AGGRESSIVE;
				CLANG_CXX_LANGUAGE_STANDARD = "gnu++20";
				CLANG_ENABLE_MODULES = YES;
				CLANG_ENABLE_OBJC_ARC = YES;
				CLANG_ENABLE_OBJC_WEAK = YES;
				CLANG_WARN_BLOCK_CAPTURE_AUTORELEASING = YES;
				CLANG_WARN_BOOL_CONVERSION = YES;
				CLANG_WARN_COMMA = YES;
				CLANG_WARN_CONSTANT_CONVERSION = YES;
				CLANG_WARN_DEPRECATED_OBJC_IMPLEMENTATIONS = YES;
				CLANG_WARN_DIRECT_OBJC_ISA_USAGE = YES_ERROR;
				CLANG_WARN_DOCUMENTATION_COMMENTS = YES;
				CLANG_WARN_EMPTY_BODY = YES;
				CLANG_WARN_ENUM_CONVERSION = YES;
				CLANG_WARN_INFINITE_RECURSION = YES;
				CLANG_WARN_INT_CONVERSION = YES;
				CLANG_WARN_NON_LITERAL_NULL_CONVERSION = YES;
				CLANG_WARN_OBJC_IMPLICIT_RETAIN_SELF = YES;
				CLANG_WARN_OBJC_LITERAL_CONVERSION = YES;
				CLANG_WARN_OBJC_ROOT_CLASS = YES_ERROR;
				CLANG_WARN_QUOTED_INCLUDE_IN_FRAMEWORK_HEADER = YES;
				CLANG_WARN_RANGE_LOOP_ANALYSIS = YES;
				CLANG_WARN_STRICT_PROTOTYPES = YES;
				CLANG_WARN_SUSPICIOUS_MOVE = YES;
				CLANG_WARN_UNGUARDED_AVAILABILITY = YES_AGGRESSIVE;
				CLANG_WARN_UNREACHABLE_CODE = YES;
				CLANG_WARN__DUPLICATE_METHOD_MATCH = YES;
				COPY_PHASE_STRIP = NO;
				DEBUG_INFORMATION_FORMAT = dwarf;
				ENABLE_STRICT_OBJC_MSGSEND = YES;
				ENABLE_TESTABILITY = YES;
				ENABLE_USER_SCRIPT_SANDBOXING = YES;
				GCC_C_LANGUAGE_STANDARD = gnu17;
				GCC_DYNAMIC_NO_PIC = NO;
				GCC_NO_COMMON_BLOCKS = YES;
				GCC_OPTIMIZATION_LEVEL = 0;
				GCC_PREPROCESSOR_DEFINITIONS = (
					"DEBUG=1",
					"$(inherited)",
				);
				GCC_WARN_64_TO_32_BIT_CONVERSION = YES;
				GCC_WARN_ABOUT_RETURN_TYPE = YES_ERROR;
				GCC_WARN_UNDECLARED_SELECTOR = YES;
				GCC_WARN_UNINITIALIZED_AUTOS = YES_AGGRESSIVE;
				GCC_WARN_UNUSED_FUNCTION = YES;
				GCC_WARN_UNUSED_VARIABLE = YES;
				IPHONEOS_DEPLOYMENT_TARGET = 18.2;
				LOCALIZATION_PREFERS_STRING_CATALOGS = YES;
				MTL_ENABLE_DEBUG_INFO = INCLUDE_SOURCE;
				MTL_FAST_MATH = YES;
				ONLY_ACTIVE_ARCH = YES;
				SDKROOT = iphoneos;
				SWIFT_ACTIVE_COMPILATION_CONDITIONS = "DEBUG $(inherited)";
				SWIFT_EMIT_LOC_STRINGS = YES;
				SWIFT_OPTIMIZATION_LEVEL = "-Onone";
			};
			name = "Debug-Production";
		};
		CE41A92A2EB3478C00B2DC28 /* Debug-Production */ = {
			isa = XCBuildConfiguration;
			buildSettings = {
				APP_ENVIRONMENT = Production;
				ASSETCATALOG_COMPILER_APPICON_NAME = "AppIcon-BetssonCM-PROD";
				ASSETCATALOG_COMPILER_GLOBAL_ACCENT_COLOR_NAME = AccentColor;
				CODE_SIGN_ENTITLEMENTS = "App/SupportingFiles/Misc-PROD/BetssonCM-PROD.entitlements";
				"CODE_SIGN_IDENTITY[sdk=iphoneos*]" = "iPhone Developer";
				CODE_SIGN_STYLE = Manual;
				CURRENT_PROJECT_VERSION = 3601;
				DEVELOPMENT_TEAM = YGR6VMTFKF;
				"DEVELOPMENT_TEAM[sdk=iphoneos*]" = YGR6VMTFKF;
				GENERATE_INFOPLIST_FILE = YES;
				INFOPLIST_FILE = "App/SupportingFiles/Misc-PROD/BetssonCM-PROD-Info.plist";
				INFOPLIST_KEY_CFBundleDisplayName = "Betsson Cameroon";
				INFOPLIST_KEY_UIApplicationSupportsIndirectInputEvents = YES;
				INFOPLIST_KEY_UILaunchStoryboardName = "LaunchScreen-BetssonCM";
				INFOPLIST_KEY_UISupportedInterfaceOrientations = "UIInterfaceOrientationPortrait UIInterfaceOrientationLandscapeLeft UIInterfaceOrientationLandscapeRight";
				INFOPLIST_KEY_UISupportedInterfaceOrientations_iPad = "UIInterfaceOrientationPortrait UIInterfaceOrientationPortraitUpsideDown";
				IPHONEOS_DEPLOYMENT_TARGET = 16.6;
				LD_RUNPATH_SEARCH_PATHS = (
					"$(inherited)",
					"@executable_path/Frameworks",
				);
				MARKETING_VERSION = 0.3.6;
				PRODUCT_BUNDLE_IDENTIFIER = com.betsson.cameroon;
				PRODUCT_MODULE_NAME = BetssonCameroonApp;
				PRODUCT_NAME = "Betsson CM Prod";
				PROVISIONING_PROFILE_SPECIFIER = "";
				"PROVISIONING_PROFILE_SPECIFIER[sdk=iphoneos*]" = "Betsson Cameroon - Development";
				SUPPORTED_PLATFORMS = "iphoneos iphonesimulator";
				SUPPORTS_MACCATALYST = NO;
				SUPPORTS_MAC_DESIGNED_FOR_IPHONE_IPAD = NO;
				SUPPORTS_XR_DESIGNED_FOR_IPHONE_IPAD = NO;
				SWIFT_EMIT_LOC_STRINGS = YES;
				SWIFT_VERSION = 5.0;
				TARGETED_DEVICE_FAMILY = 1;
			};
			name = "Debug-Production";
		};
		CE41A92B2EB3478C00B2DC28 /* Debug-Production */ = {
			isa = XCBuildConfiguration;
			buildSettings = {
				BUNDLE_LOADER = "$(TEST_HOST)";
				CODE_SIGN_STYLE = Automatic;
				CURRENT_PROJECT_VERSION = 1;
				DEVELOPMENT_TEAM = 422GNXXZJR;
				GENERATE_INFOPLIST_FILE = YES;
				IPHONEOS_DEPLOYMENT_TARGET = 18.2;
				MARKETING_VERSION = 1.0;
				PRODUCT_BUNDLE_IDENTIFIER = com.gomagaming.betssoncm.stg.BetssonCameroonAppTests;
				PRODUCT_NAME = "$(TARGET_NAME)";
				SWIFT_EMIT_LOC_STRINGS = NO;
				SWIFT_VERSION = 5.0;
				TARGETED_DEVICE_FAMILY = "1,2";
				TEST_HOST = "$(BUILT_PRODUCTS_DIR)/Betsson CM Prod.app/$(BUNDLE_EXECUTABLE_FOLDER_PATH)/Betsson CM Prod";
			};
			name = "Debug-Production";
		};
		CE41A92C2EB3478C00B2DC28 /* Debug-Production */ = {
			isa = XCBuildConfiguration;
			buildSettings = {
				CODE_SIGN_STYLE = Automatic;
				CURRENT_PROJECT_VERSION = 1;
				DEVELOPMENT_TEAM = 422GNXXZJR;
				GENERATE_INFOPLIST_FILE = YES;
				MARKETING_VERSION = 1.0;
				PRODUCT_BUNDLE_IDENTIFIER = com.gomagaming.betssoncm.stg.BetssonCameroonAppUITests;
				PRODUCT_NAME = "$(TARGET_NAME)";
				SWIFT_EMIT_LOC_STRINGS = NO;
				SWIFT_VERSION = 5.0;
				TARGETED_DEVICE_FAMILY = "1,2";
				TEST_TARGET_NAME = BetssonCameroonApp;
			};
			name = "Debug-Production";
		};
		CE41A92D2EB347B400B2DC28 /* Release-Production */ = {
			isa = XCBuildConfiguration;
			buildSettings = {
				ALWAYS_SEARCH_USER_PATHS = NO;
				ASSETCATALOG_COMPILER_GENERATE_SWIFT_ASSET_SYMBOL_EXTENSIONS = YES;
				CLANG_ANALYZER_NONNULL = YES;
				CLANG_ANALYZER_NUMBER_OBJECT_CONVERSION = YES_AGGRESSIVE;
				CLANG_CXX_LANGUAGE_STANDARD = "gnu++20";
				CLANG_ENABLE_MODULES = YES;
				CLANG_ENABLE_OBJC_ARC = YES;
				CLANG_ENABLE_OBJC_WEAK = YES;
				CLANG_WARN_BLOCK_CAPTURE_AUTORELEASING = YES;
				CLANG_WARN_BOOL_CONVERSION = YES;
				CLANG_WARN_COMMA = YES;
				CLANG_WARN_CONSTANT_CONVERSION = YES;
				CLANG_WARN_DEPRECATED_OBJC_IMPLEMENTATIONS = YES;
				CLANG_WARN_DIRECT_OBJC_ISA_USAGE = YES_ERROR;
				CLANG_WARN_DOCUMENTATION_COMMENTS = YES;
				CLANG_WARN_EMPTY_BODY = YES;
				CLANG_WARN_ENUM_CONVERSION = YES;
				CLANG_WARN_INFINITE_RECURSION = YES;
				CLANG_WARN_INT_CONVERSION = YES;
				CLANG_WARN_NON_LITERAL_NULL_CONVERSION = YES;
				CLANG_WARN_OBJC_IMPLICIT_RETAIN_SELF = YES;
				CLANG_WARN_OBJC_LITERAL_CONVERSION = YES;
				CLANG_WARN_OBJC_ROOT_CLASS = YES_ERROR;
				CLANG_WARN_QUOTED_INCLUDE_IN_FRAMEWORK_HEADER = YES;
				CLANG_WARN_RANGE_LOOP_ANALYSIS = YES;
				CLANG_WARN_STRICT_PROTOTYPES = YES;
				CLANG_WARN_SUSPICIOUS_MOVE = YES;
				CLANG_WARN_UNGUARDED_AVAILABILITY = YES_AGGRESSIVE;
				CLANG_WARN_UNREACHABLE_CODE = YES;
				CLANG_WARN__DUPLICATE_METHOD_MATCH = YES;
				COPY_PHASE_STRIP = NO;
				DEBUG_INFORMATION_FORMAT = "dwarf-with-dsym";
				ENABLE_NS_ASSERTIONS = NO;
				ENABLE_STRICT_OBJC_MSGSEND = YES;
				ENABLE_USER_SCRIPT_SANDBOXING = YES;
				GCC_C_LANGUAGE_STANDARD = gnu17;
				GCC_NO_COMMON_BLOCKS = YES;
				GCC_WARN_64_TO_32_BIT_CONVERSION = YES;
				GCC_WARN_ABOUT_RETURN_TYPE = YES_ERROR;
				GCC_WARN_UNDECLARED_SELECTOR = YES;
				GCC_WARN_UNINITIALIZED_AUTOS = YES_AGGRESSIVE;
				GCC_WARN_UNUSED_FUNCTION = YES;
				GCC_WARN_UNUSED_VARIABLE = YES;
				IPHONEOS_DEPLOYMENT_TARGET = 18.2;
				LOCALIZATION_PREFERS_STRING_CATALOGS = YES;
				MTL_ENABLE_DEBUG_INFO = NO;
				MTL_FAST_MATH = YES;
				SDKROOT = iphoneos;
				SWIFT_COMPILATION_MODE = wholemodule;
				SWIFT_EMIT_LOC_STRINGS = YES;
				VALIDATE_PRODUCT = YES;
			};
			name = "Release-Production";
		};
		CE41A92E2EB347B400B2DC28 /* Release-Production */ = {
			isa = XCBuildConfiguration;
			buildSettings = {
				APP_ENVIRONMENT = Production;
				ASSETCATALOG_COMPILER_APPICON_NAME = "AppIcon-BetssonCM-PROD";
				ASSETCATALOG_COMPILER_GLOBAL_ACCENT_COLOR_NAME = AccentColor;
				CODE_SIGN_ENTITLEMENTS = "App/SupportingFiles/Misc-PROD/BetssonCM-PROD.entitlements";
				CODE_SIGN_IDENTITY = "Apple Distribution";
				"CODE_SIGN_IDENTITY[sdk=iphoneos*]" = "iPhone Distribution";
				CODE_SIGN_STYLE = Manual;
				CURRENT_PROJECT_VERSION = 3601;
				DEVELOPMENT_TEAM = YGR6VMTFKF;
				"DEVELOPMENT_TEAM[sdk=iphoneos*]" = YGR6VMTFKF;
				GENERATE_INFOPLIST_FILE = YES;
				INFOPLIST_FILE = "App/SupportingFiles/Misc-PROD/BetssonCM-PROD-Info.plist";
				INFOPLIST_KEY_CFBundleDisplayName = "Betsson Cameroon";
				INFOPLIST_KEY_UIApplicationSupportsIndirectInputEvents = YES;
				INFOPLIST_KEY_UILaunchStoryboardName = "LaunchScreen-BetssonCM";
				INFOPLIST_KEY_UISupportedInterfaceOrientations = "UIInterfaceOrientationPortrait UIInterfaceOrientationLandscapeLeft UIInterfaceOrientationLandscapeRight";
				INFOPLIST_KEY_UISupportedInterfaceOrientations_iPad = "UIInterfaceOrientationPortrait UIInterfaceOrientationPortraitUpsideDown";
				IPHONEOS_DEPLOYMENT_TARGET = 16.6;
				LD_RUNPATH_SEARCH_PATHS = (
					"$(inherited)",
					"@executable_path/Frameworks",
				);
				MARKETING_VERSION = 0.3.6;
				PRODUCT_BUNDLE_IDENTIFIER = com.betsson.cameroon;
				PRODUCT_MODULE_NAME = BetssonCameroonApp;
				PRODUCT_NAME = "Betsson CM Prod";
				PROVISIONING_PROFILE_SPECIFIER = "";
				"PROVISIONING_PROFILE_SPECIFIER[sdk=iphoneos*]" = "Betsson Cameroon - App Store";
				SUPPORTED_PLATFORMS = "iphoneos iphonesimulator";
				SUPPORTS_MACCATALYST = NO;
				SUPPORTS_MAC_DESIGNED_FOR_IPHONE_IPAD = NO;
				SUPPORTS_XR_DESIGNED_FOR_IPHONE_IPAD = NO;
				SWIFT_EMIT_LOC_STRINGS = YES;
				SWIFT_VERSION = 5.0;
				TARGETED_DEVICE_FAMILY = 1;
			};
			name = "Release-Production";
		};
		CE41A92F2EB347B400B2DC28 /* Release-Production */ = {
			isa = XCBuildConfiguration;
			buildSettings = {
				BUNDLE_LOADER = "$(TEST_HOST)";
				CODE_SIGN_STYLE = Automatic;
				CURRENT_PROJECT_VERSION = 1;
				DEVELOPMENT_TEAM = 422GNXXZJR;
				GENERATE_INFOPLIST_FILE = YES;
				IPHONEOS_DEPLOYMENT_TARGET = 18.2;
				MARKETING_VERSION = 1.0;
				PRODUCT_BUNDLE_IDENTIFIER = com.gomagaming.betssoncm.stg.BetssonCameroonAppTests;
				PRODUCT_NAME = "$(TARGET_NAME)";
				SWIFT_EMIT_LOC_STRINGS = NO;
				SWIFT_VERSION = 5.0;
				TARGETED_DEVICE_FAMILY = "1,2";
				TEST_HOST = "$(BUILT_PRODUCTS_DIR)/Betsson CM Prod.app/$(BUNDLE_EXECUTABLE_FOLDER_PATH)/Betsson CM Prod";
			};
			name = "Release-Production";
		};
		CE41A9302EB347B400B2DC28 /* Release-Production */ = {
			isa = XCBuildConfiguration;
			buildSettings = {
				CODE_SIGN_STYLE = Automatic;
				CURRENT_PROJECT_VERSION = 1;
				DEVELOPMENT_TEAM = 422GNXXZJR;
				GENERATE_INFOPLIST_FILE = YES;
				MARKETING_VERSION = 1.0;
				PRODUCT_BUNDLE_IDENTIFIER = com.gomagaming.betssoncm.stg.BetssonCameroonAppUITests;
				PRODUCT_NAME = "$(TARGET_NAME)";
				SWIFT_EMIT_LOC_STRINGS = NO;
				SWIFT_VERSION = 5.0;
				TARGETED_DEVICE_FAMILY = "1,2";
				TEST_TARGET_NAME = BetssonCameroonApp;
			};
			name = "Release-Production";
		};
		CE74A1762E2E8D9500DDE78D /* Debug-Staging */ = {
			isa = XCBuildConfiguration;
			buildSettings = {
				APP_ENVIRONMENT = Staging;
				ASSETCATALOG_COMPILER_APPICON_NAME = "AppIcon-BetssonCM-STG";
				ASSETCATALOG_COMPILER_GLOBAL_ACCENT_COLOR_NAME = AccentColor;
				CODE_SIGN_ENTITLEMENTS = "App/SupportingFiles/Misc-STG/BetssonCM-STG.entitlements";
				"CODE_SIGN_IDENTITY[sdk=iphoneos*]" = "iPhone Distribution";
				CODE_SIGN_STYLE = Manual;
				CURRENT_PROJECT_VERSION = 3601;
				DEVELOPMENT_TEAM = 422GNXXZJR;
				"DEVELOPMENT_TEAM[sdk=iphoneos*]" = 422GNXXZJR;
				GENERATE_INFOPLIST_FILE = YES;
				INFOPLIST_FILE = "App/SupportingFiles/Misc-STG/BetssonCM-STG-Info.plist";
				INFOPLIST_KEY_CFBundleDisplayName = "BetssonCM STG";
				INFOPLIST_KEY_UIApplicationSupportsIndirectInputEvents = YES;
				INFOPLIST_KEY_UILaunchStoryboardName = "LaunchScreen-BetssonCM";
				INFOPLIST_KEY_UISupportedInterfaceOrientations = "UIInterfaceOrientationPortrait UIInterfaceOrientationLandscapeLeft UIInterfaceOrientationLandscapeRight";
				INFOPLIST_KEY_UISupportedInterfaceOrientations_iPad = "UIInterfaceOrientationPortrait UIInterfaceOrientationPortraitUpsideDown";
				IPHONEOS_DEPLOYMENT_TARGET = 16.6;
				LD_RUNPATH_SEARCH_PATHS = (
					"$(inherited)",
					"@executable_path/Frameworks",
				);
				MARKETING_VERSION = 0.3.6;
				PRODUCT_BUNDLE_IDENTIFIER = com.gomagaming.betssoncm.stg;
				PRODUCT_MODULE_NAME = BetssonCameroonApp;
				PRODUCT_NAME = "Betsson CM Stg";
				PROVISIONING_PROFILE_SPECIFIER = "";
				"PROVISIONING_PROFILE_SPECIFIER[sdk=iphoneos*]" = "match AdHoc com.gomagaming.betssoncm.stg";
				SUPPORTED_PLATFORMS = "iphoneos iphonesimulator";
				SUPPORTS_MACCATALYST = NO;
				SUPPORTS_MAC_DESIGNED_FOR_IPHONE_IPAD = NO;
				SUPPORTS_XR_DESIGNED_FOR_IPHONE_IPAD = NO;
				SWIFT_EMIT_LOC_STRINGS = YES;
				SWIFT_VERSION = 5.0;
				TARGETED_DEVICE_FAMILY = 1;
			};
			name = "Debug-Staging";
		};
		CE74A1772E2E8D9500DDE78D /* Release-Staging */ = {
			isa = XCBuildConfiguration;
			buildSettings = {
				APP_ENVIRONMENT = Staging;
				ASSETCATALOG_COMPILER_APPICON_NAME = "AppIcon-BetssonCM-STG";
				ASSETCATALOG_COMPILER_GLOBAL_ACCENT_COLOR_NAME = AccentColor;
				CODE_SIGN_ENTITLEMENTS = "App/SupportingFiles/Misc-STG/BetssonCM-STG.entitlements";
				CODE_SIGN_IDENTITY = "Apple Distribution";
				"CODE_SIGN_IDENTITY[sdk=iphoneos*]" = "iPhone Distribution";
				CODE_SIGN_STYLE = Manual;
				CURRENT_PROJECT_VERSION = 3601;
				DEVELOPMENT_TEAM = 422GNXXZJR;
				"DEVELOPMENT_TEAM[sdk=iphoneos*]" = 422GNXXZJR;
				GENERATE_INFOPLIST_FILE = YES;
				INFOPLIST_FILE = "App/SupportingFiles/Misc-STG/BetssonCM-STG-Info.plist";
				INFOPLIST_KEY_CFBundleDisplayName = "BetssonCM STG";
				INFOPLIST_KEY_UIApplicationSupportsIndirectInputEvents = YES;
				INFOPLIST_KEY_UILaunchStoryboardName = "LaunchScreen-BetssonCM";
				INFOPLIST_KEY_UISupportedInterfaceOrientations = "UIInterfaceOrientationPortrait UIInterfaceOrientationLandscapeLeft UIInterfaceOrientationLandscapeRight";
				INFOPLIST_KEY_UISupportedInterfaceOrientations_iPad = "UIInterfaceOrientationPortrait UIInterfaceOrientationPortraitUpsideDown";
				IPHONEOS_DEPLOYMENT_TARGET = 16.6;
				LD_RUNPATH_SEARCH_PATHS = (
					"$(inherited)",
					"@executable_path/Frameworks",
				);
				MARKETING_VERSION = 0.3.6;
				PRODUCT_BUNDLE_IDENTIFIER = com.gomagaming.betssoncm.stg;
				PRODUCT_MODULE_NAME = BetssonCameroonApp;
				PRODUCT_NAME = "Betsson CM Stg";
				PROVISIONING_PROFILE_SPECIFIER = "";
				"PROVISIONING_PROFILE_SPECIFIER[sdk=iphoneos*]" = "match AdHoc com.gomagaming.betssoncm.stg";
				SUPPORTED_PLATFORMS = "iphoneos iphonesimulator";
				SUPPORTS_MACCATALYST = NO;
				SUPPORTS_MAC_DESIGNED_FOR_IPHONE_IPAD = NO;
				SUPPORTS_XR_DESIGNED_FOR_IPHONE_IPAD = NO;
				SWIFT_EMIT_LOC_STRINGS = YES;
				SWIFT_VERSION = 5.0;
				TARGETED_DEVICE_FAMILY = 1;
			};
			name = "Release-Staging";
		};
		CE74A1782E2E8D9500DDE78D /* Debug-Staging */ = {
			isa = XCBuildConfiguration;
			baseConfigurationReference = CE58B6EB2EC8B1B5001591C1 /* Debug.xcconfig */;
			buildSettings = {
				ALWAYS_SEARCH_USER_PATHS = NO;
				ASSETCATALOG_COMPILER_GENERATE_SWIFT_ASSET_SYMBOL_EXTENSIONS = YES;
				CLANG_ANALYZER_NONNULL = YES;
				CLANG_ANALYZER_NUMBER_OBJECT_CONVERSION = YES_AGGRESSIVE;
				CLANG_CXX_LANGUAGE_STANDARD = "gnu++20";
				CLANG_ENABLE_MODULES = YES;
				CLANG_ENABLE_OBJC_ARC = YES;
				CLANG_ENABLE_OBJC_WEAK = YES;
				CLANG_WARN_BLOCK_CAPTURE_AUTORELEASING = YES;
				CLANG_WARN_BOOL_CONVERSION = YES;
				CLANG_WARN_COMMA = YES;
				CLANG_WARN_CONSTANT_CONVERSION = YES;
				CLANG_WARN_DEPRECATED_OBJC_IMPLEMENTATIONS = YES;
				CLANG_WARN_DIRECT_OBJC_ISA_USAGE = YES_ERROR;
				CLANG_WARN_DOCUMENTATION_COMMENTS = YES;
				CLANG_WARN_EMPTY_BODY = YES;
				CLANG_WARN_ENUM_CONVERSION = YES;
				CLANG_WARN_INFINITE_RECURSION = YES;
				CLANG_WARN_INT_CONVERSION = YES;
				CLANG_WARN_NON_LITERAL_NULL_CONVERSION = YES;
				CLANG_WARN_OBJC_IMPLICIT_RETAIN_SELF = YES;
				CLANG_WARN_OBJC_LITERAL_CONVERSION = YES;
				CLANG_WARN_OBJC_ROOT_CLASS = YES_ERROR;
				CLANG_WARN_QUOTED_INCLUDE_IN_FRAMEWORK_HEADER = YES;
				CLANG_WARN_RANGE_LOOP_ANALYSIS = YES;
				CLANG_WARN_STRICT_PROTOTYPES = YES;
				CLANG_WARN_SUSPICIOUS_MOVE = YES;
				CLANG_WARN_UNGUARDED_AVAILABILITY = YES_AGGRESSIVE;
				CLANG_WARN_UNREACHABLE_CODE = YES;
				CLANG_WARN__DUPLICATE_METHOD_MATCH = YES;
				COPY_PHASE_STRIP = NO;
				DEBUG_INFORMATION_FORMAT = dwarf;
				ENABLE_STRICT_OBJC_MSGSEND = YES;
				ENABLE_TESTABILITY = YES;
				ENABLE_USER_SCRIPT_SANDBOXING = YES;
				GCC_C_LANGUAGE_STANDARD = gnu17;
				GCC_DYNAMIC_NO_PIC = NO;
				GCC_NO_COMMON_BLOCKS = YES;
				GCC_OPTIMIZATION_LEVEL = 0;
				GCC_PREPROCESSOR_DEFINITIONS = (
					"DEBUG=1",
					"$(inherited)",
				);
				GCC_WARN_64_TO_32_BIT_CONVERSION = YES;
				GCC_WARN_ABOUT_RETURN_TYPE = YES_ERROR;
				GCC_WARN_UNDECLARED_SELECTOR = YES;
				GCC_WARN_UNINITIALIZED_AUTOS = YES_AGGRESSIVE;
				GCC_WARN_UNUSED_FUNCTION = YES;
				GCC_WARN_UNUSED_VARIABLE = YES;
				IPHONEOS_DEPLOYMENT_TARGET = 18.2;
				LOCALIZATION_PREFERS_STRING_CATALOGS = YES;
				MTL_ENABLE_DEBUG_INFO = INCLUDE_SOURCE;
				MTL_FAST_MATH = YES;
				ONLY_ACTIVE_ARCH = YES;
				SDKROOT = iphoneos;
				SWIFT_ACTIVE_COMPILATION_CONDITIONS = "DEBUG $(inherited)";
				SWIFT_EMIT_LOC_STRINGS = YES;
				SWIFT_OPTIMIZATION_LEVEL = "-Onone";
			};
			name = "Debug-Staging";
		};
		CE74A1792E2E8D9500DDE78D /* Release-Staging */ = {
			isa = XCBuildConfiguration;
			buildSettings = {
				ALWAYS_SEARCH_USER_PATHS = NO;
				ASSETCATALOG_COMPILER_GENERATE_SWIFT_ASSET_SYMBOL_EXTENSIONS = YES;
				CLANG_ANALYZER_NONNULL = YES;
				CLANG_ANALYZER_NUMBER_OBJECT_CONVERSION = YES_AGGRESSIVE;
				CLANG_CXX_LANGUAGE_STANDARD = "gnu++20";
				CLANG_ENABLE_MODULES = YES;
				CLANG_ENABLE_OBJC_ARC = YES;
				CLANG_ENABLE_OBJC_WEAK = YES;
				CLANG_WARN_BLOCK_CAPTURE_AUTORELEASING = YES;
				CLANG_WARN_BOOL_CONVERSION = YES;
				CLANG_WARN_COMMA = YES;
				CLANG_WARN_CONSTANT_CONVERSION = YES;
				CLANG_WARN_DEPRECATED_OBJC_IMPLEMENTATIONS = YES;
				CLANG_WARN_DIRECT_OBJC_ISA_USAGE = YES_ERROR;
				CLANG_WARN_DOCUMENTATION_COMMENTS = YES;
				CLANG_WARN_EMPTY_BODY = YES;
				CLANG_WARN_ENUM_CONVERSION = YES;
				CLANG_WARN_INFINITE_RECURSION = YES;
				CLANG_WARN_INT_CONVERSION = YES;
				CLANG_WARN_NON_LITERAL_NULL_CONVERSION = YES;
				CLANG_WARN_OBJC_IMPLICIT_RETAIN_SELF = YES;
				CLANG_WARN_OBJC_LITERAL_CONVERSION = YES;
				CLANG_WARN_OBJC_ROOT_CLASS = YES_ERROR;
				CLANG_WARN_QUOTED_INCLUDE_IN_FRAMEWORK_HEADER = YES;
				CLANG_WARN_RANGE_LOOP_ANALYSIS = YES;
				CLANG_WARN_STRICT_PROTOTYPES = YES;
				CLANG_WARN_SUSPICIOUS_MOVE = YES;
				CLANG_WARN_UNGUARDED_AVAILABILITY = YES_AGGRESSIVE;
				CLANG_WARN_UNREACHABLE_CODE = YES;
				CLANG_WARN__DUPLICATE_METHOD_MATCH = YES;
				COPY_PHASE_STRIP = NO;
				DEBUG_INFORMATION_FORMAT = "dwarf-with-dsym";
				ENABLE_NS_ASSERTIONS = NO;
				ENABLE_STRICT_OBJC_MSGSEND = YES;
				ENABLE_USER_SCRIPT_SANDBOXING = YES;
				GCC_C_LANGUAGE_STANDARD = gnu17;
				GCC_NO_COMMON_BLOCKS = YES;
				GCC_WARN_64_TO_32_BIT_CONVERSION = YES;
				GCC_WARN_ABOUT_RETURN_TYPE = YES_ERROR;
				GCC_WARN_UNDECLARED_SELECTOR = YES;
				GCC_WARN_UNINITIALIZED_AUTOS = YES_AGGRESSIVE;
				GCC_WARN_UNUSED_FUNCTION = YES;
				GCC_WARN_UNUSED_VARIABLE = YES;
				IPHONEOS_DEPLOYMENT_TARGET = 18.2;
				LOCALIZATION_PREFERS_STRING_CATALOGS = YES;
				MTL_ENABLE_DEBUG_INFO = NO;
				MTL_FAST_MATH = YES;
				SDKROOT = iphoneos;
				SWIFT_COMPILATION_MODE = wholemodule;
				SWIFT_EMIT_LOC_STRINGS = YES;
				VALIDATE_PRODUCT = YES;
			};
			name = "Release-Staging";
		};
		CE74A17B2E2E8D9500DDE78D /* Debug-Staging */ = {
			isa = XCBuildConfiguration;
			buildSettings = {
				BUNDLE_LOADER = "$(TEST_HOST)";
				CODE_SIGN_STYLE = Automatic;
				CURRENT_PROJECT_VERSION = 1;
				DEVELOPMENT_TEAM = 422GNXXZJR;
				GENERATE_INFOPLIST_FILE = YES;
				IPHONEOS_DEPLOYMENT_TARGET = 18.2;
				MARKETING_VERSION = 1.0;
				PRODUCT_BUNDLE_IDENTIFIER = com.gomagaming.betssoncm.stg.BetssonCameroonAppTests;
				PRODUCT_NAME = "$(TARGET_NAME)";
				SWIFT_EMIT_LOC_STRINGS = NO;
				SWIFT_VERSION = 5.0;
				TARGETED_DEVICE_FAMILY = "1,2";
				TEST_HOST = "$(BUILT_PRODUCTS_DIR)/Betsson CM Stg.app/$(BUNDLE_EXECUTABLE_FOLDER_PATH)/Betsson CM Stg";
			};
			name = "Debug-Staging";
		};
		CE74A17C2E2E8D9500DDE78D /* Release-Staging */ = {
			isa = XCBuildConfiguration;
			buildSettings = {
				BUNDLE_LOADER = "$(TEST_HOST)";
				CODE_SIGN_STYLE = Automatic;
				CURRENT_PROJECT_VERSION = 1;
				DEVELOPMENT_TEAM = 422GNXXZJR;
				GENERATE_INFOPLIST_FILE = YES;
				IPHONEOS_DEPLOYMENT_TARGET = 18.2;
				MARKETING_VERSION = 1.0;
				PRODUCT_BUNDLE_IDENTIFIER = com.gomagaming.betssoncm.stg.BetssonCameroonAppTests;
				PRODUCT_NAME = "$(TARGET_NAME)";
				SWIFT_EMIT_LOC_STRINGS = NO;
				SWIFT_VERSION = 5.0;
				TARGETED_DEVICE_FAMILY = "1,2";
				TEST_HOST = "$(BUILT_PRODUCTS_DIR)/Betsson CM Stg.app/$(BUNDLE_EXECUTABLE_FOLDER_PATH)/Betsson CM Stg";
			};
			name = "Release-Staging";
		};
		CE74A17E2E2E8D9500DDE78D /* Debug-Staging */ = {
			isa = XCBuildConfiguration;
			buildSettings = {
				CODE_SIGN_STYLE = Automatic;
				CURRENT_PROJECT_VERSION = 1;
				DEVELOPMENT_TEAM = 422GNXXZJR;
				GENERATE_INFOPLIST_FILE = YES;
				MARKETING_VERSION = 1.0;
				PRODUCT_BUNDLE_IDENTIFIER = com.gomagaming.betssoncm.stg.BetssonCameroonAppUITests;
				PRODUCT_NAME = "$(TARGET_NAME)";
				SWIFT_EMIT_LOC_STRINGS = NO;
				SWIFT_VERSION = 5.0;
				TARGETED_DEVICE_FAMILY = "1,2";
				TEST_TARGET_NAME = BetssonCameroonApp;
			};
			name = "Debug-Staging";
		};
		CE74A17F2E2E8D9500DDE78D /* Release-Staging */ = {
			isa = XCBuildConfiguration;
			buildSettings = {
				CODE_SIGN_STYLE = Automatic;
				CURRENT_PROJECT_VERSION = 1;
				DEVELOPMENT_TEAM = 422GNXXZJR;
				GENERATE_INFOPLIST_FILE = YES;
				MARKETING_VERSION = 1.0;
				PRODUCT_BUNDLE_IDENTIFIER = com.gomagaming.betssoncm.stg.BetssonCameroonAppUITests;
				PRODUCT_NAME = "$(TARGET_NAME)";
				SWIFT_EMIT_LOC_STRINGS = NO;
				SWIFT_VERSION = 5.0;
				TARGETED_DEVICE_FAMILY = "1,2";
				TEST_TARGET_NAME = BetssonCameroonApp;
			};
			name = "Release-Staging";
		};
		CE8A14352EE7359D009B4BC5 /* BetAtHome-Release-Production */ = {
			isa = XCBuildConfiguration;
			buildSettings = {
				ALWAYS_SEARCH_USER_PATHS = NO;
				ASSETCATALOG_COMPILER_GENERATE_SWIFT_ASSET_SYMBOL_EXTENSIONS = YES;
				CLANG_ANALYZER_NONNULL = YES;
				CLANG_ANALYZER_NUMBER_OBJECT_CONVERSION = YES_AGGRESSIVE;
				CLANG_CXX_LANGUAGE_STANDARD = "gnu++20";
				CLANG_ENABLE_MODULES = YES;
				CLANG_ENABLE_OBJC_ARC = YES;
				CLANG_ENABLE_OBJC_WEAK = YES;
				CLANG_WARN_BLOCK_CAPTURE_AUTORELEASING = YES;
				CLANG_WARN_BOOL_CONVERSION = YES;
				CLANG_WARN_COMMA = YES;
				CLANG_WARN_CONSTANT_CONVERSION = YES;
				CLANG_WARN_DEPRECATED_OBJC_IMPLEMENTATIONS = YES;
				CLANG_WARN_DIRECT_OBJC_ISA_USAGE = YES_ERROR;
				CLANG_WARN_DOCUMENTATION_COMMENTS = YES;
				CLANG_WARN_EMPTY_BODY = YES;
				CLANG_WARN_ENUM_CONVERSION = YES;
				CLANG_WARN_INFINITE_RECURSION = YES;
				CLANG_WARN_INT_CONVERSION = YES;
				CLANG_WARN_NON_LITERAL_NULL_CONVERSION = YES;
				CLANG_WARN_OBJC_IMPLICIT_RETAIN_SELF = YES;
				CLANG_WARN_OBJC_LITERAL_CONVERSION = YES;
				CLANG_WARN_OBJC_ROOT_CLASS = YES_ERROR;
				CLANG_WARN_QUOTED_INCLUDE_IN_FRAMEWORK_HEADER = YES;
				CLANG_WARN_RANGE_LOOP_ANALYSIS = YES;
				CLANG_WARN_STRICT_PROTOTYPES = YES;
				CLANG_WARN_SUSPICIOUS_MOVE = YES;
				CLANG_WARN_UNGUARDED_AVAILABILITY = YES_AGGRESSIVE;
				CLANG_WARN_UNREACHABLE_CODE = YES;
				CLANG_WARN__DUPLICATE_METHOD_MATCH = YES;
				COPY_PHASE_STRIP = NO;
				DEBUG_INFORMATION_FORMAT = "dwarf-with-dsym";
				ENABLE_NS_ASSERTIONS = NO;
				ENABLE_STRICT_OBJC_MSGSEND = YES;
				ENABLE_USER_SCRIPT_SANDBOXING = YES;
				GCC_C_LANGUAGE_STANDARD = gnu17;
				GCC_NO_COMMON_BLOCKS = YES;
				GCC_WARN_64_TO_32_BIT_CONVERSION = YES;
				GCC_WARN_ABOUT_RETURN_TYPE = YES_ERROR;
				GCC_WARN_UNDECLARED_SELECTOR = YES;
				GCC_WARN_UNINITIALIZED_AUTOS = YES_AGGRESSIVE;
				GCC_WARN_UNUSED_FUNCTION = YES;
				GCC_WARN_UNUSED_VARIABLE = YES;
				IPHONEOS_DEPLOYMENT_TARGET = 18.2;
				LOCALIZATION_PREFERS_STRING_CATALOGS = YES;
				MTL_ENABLE_DEBUG_INFO = NO;
				MTL_FAST_MATH = YES;
				SDKROOT = iphoneos;
				SWIFT_COMPILATION_MODE = wholemodule;
				SWIFT_EMIT_LOC_STRINGS = YES;
				VALIDATE_PRODUCT = YES;
			};
			name = "BetAtHome-Release-Production";
		};
		CE8A14362EE7359D009B4BC5 /* BetAtHome-Release-Production */ = {
			isa = XCBuildConfiguration;
			buildSettings = {
				APP_ENVIRONMENT = BetAtHomeProd;
				ASSETCATALOG_COMPILER_APPICON_NAME = "AppIcon-BetAtHome-PROD";
				ASSETCATALOG_COMPILER_GLOBAL_ACCENT_COLOR_NAME = AccentColor;
				CODE_SIGN_ENTITLEMENTS = "App/SupportingFiles/Misc-BetAtHome-PROD/BetAtHome.entitlements";
				CODE_SIGN_IDENTITY = "Apple Distribution";
				"CODE_SIGN_IDENTITY[sdk=iphoneos*]" = "iPhone Distribution";
				CODE_SIGN_STYLE = Manual;
				CURRENT_PROJECT_VERSION = 3601;
				DEVELOPMENT_TEAM = 422GNXXZJR;
				"DEVELOPMENT_TEAM[sdk=iphoneos*]" = 422GNXXZJR;
				GENERATE_INFOPLIST_FILE = YES;
				INFOPLIST_FILE = "App/SupportingFiles/Misc-BetAtHome-PROD/BetAtHome-Info.plist";
				INFOPLIST_KEY_CFBundleDisplayName = "bet-at-home";
				INFOPLIST_KEY_UIApplicationSupportsIndirectInputEvents = YES;
				INFOPLIST_KEY_UILaunchStoryboardName = "LaunchScreen-BetAtHome";
				INFOPLIST_KEY_UISupportedInterfaceOrientations = "UIInterfaceOrientationPortrait UIInterfaceOrientationLandscapeLeft UIInterfaceOrientationLandscapeRight";
				INFOPLIST_KEY_UISupportedInterfaceOrientations_iPad = "UIInterfaceOrientationPortrait UIInterfaceOrientationPortraitUpsideDown";
				IPHONEOS_DEPLOYMENT_TARGET = 16.6;
				LD_RUNPATH_SEARCH_PATHS = (
					"$(inherited)",
					"@executable_path/Frameworks",
				);
				MARKETING_VERSION = 0.3.6;
				PRODUCT_BUNDLE_IDENTIFIER = com.gomagaming.betathome.prod;
				PRODUCT_MODULE_NAME = BetssonCameroonApp;
				PRODUCT_NAME = BetAtHome;
				PROVISIONING_PROFILE_SPECIFIER = "";
				"PROVISIONING_PROFILE_SPECIFIER[sdk=iphoneos*]" = "GomaGaming - betathome - Ad Hoc";
				SUPPORTED_PLATFORMS = "iphoneos iphonesimulator";
				SUPPORTS_MACCATALYST = NO;
				SUPPORTS_MAC_DESIGNED_FOR_IPHONE_IPAD = NO;
				SUPPORTS_XR_DESIGNED_FOR_IPHONE_IPAD = NO;
				SWIFT_EMIT_LOC_STRINGS = YES;
				SWIFT_VERSION = 5.0;
				TARGETED_DEVICE_FAMILY = 1;
			};
			name = "BetAtHome-Release-Production";
		};
		CE8A14372EE7359D009B4BC5 /* BetAtHome-Release-Production */ = {
			isa = XCBuildConfiguration;
			buildSettings = {
				BUNDLE_LOADER = "$(TEST_HOST)";
				CODE_SIGN_STYLE = Automatic;
				CURRENT_PROJECT_VERSION = 1;
				DEVELOPMENT_TEAM = 422GNXXZJR;
				GENERATE_INFOPLIST_FILE = YES;
				IPHONEOS_DEPLOYMENT_TARGET = 18.2;
				MARKETING_VERSION = 1.0;
				PRODUCT_BUNDLE_IDENTIFIER = com.gomagaming.betathome.prod.BetAtHomeTests;
				PRODUCT_NAME = "$(TARGET_NAME)";
				SWIFT_EMIT_LOC_STRINGS = NO;
				SWIFT_VERSION = 5.0;
				TARGETED_DEVICE_FAMILY = "1,2";
				TEST_HOST = "$(BUILT_PRODUCTS_DIR)/BetAtHome.app/$(BUNDLE_EXECUTABLE_FOLDER_PATH)/BetAtHome";
			};
			name = "BetAtHome-Release-Production";
		};
		CE8A14382EE7359D009B4BC5 /* BetAtHome-Release-Production */ = {
			isa = XCBuildConfiguration;
			buildSettings = {
				CODE_SIGN_STYLE = Automatic;
				CURRENT_PROJECT_VERSION = 1;
				DEVELOPMENT_TEAM = 422GNXXZJR;
				GENERATE_INFOPLIST_FILE = YES;
				MARKETING_VERSION = 1.0;
				PRODUCT_BUNDLE_IDENTIFIER = com.gomagaming.betssoncm.stg.BetssonCameroonAppUITests;
				PRODUCT_NAME = "$(TARGET_NAME)";
				SWIFT_EMIT_LOC_STRINGS = NO;
				SWIFT_VERSION = 5.0;
				TARGETED_DEVICE_FAMILY = "1,2";
				TEST_TARGET_NAME = BetssonCameroonApp;
			};
			name = "BetAtHome-Release-Production";
		};
		CE8A14392EE735DC009B4BC5 /* BetAtHome-Debug-Production */ = {
			isa = XCBuildConfiguration;
			baseConfigurationReference = CE58B6EB2EC8B1B5001591C1 /* Debug.xcconfig */;
			buildSettings = {
				ALWAYS_SEARCH_USER_PATHS = NO;
				ASSETCATALOG_COMPILER_GENERATE_SWIFT_ASSET_SYMBOL_EXTENSIONS = YES;
				CLANG_ANALYZER_NONNULL = YES;
				CLANG_ANALYZER_NUMBER_OBJECT_CONVERSION = YES_AGGRESSIVE;
				CLANG_CXX_LANGUAGE_STANDARD = "gnu++20";
				CLANG_ENABLE_MODULES = YES;
				CLANG_ENABLE_OBJC_ARC = YES;
				CLANG_ENABLE_OBJC_WEAK = YES;
				CLANG_WARN_BLOCK_CAPTURE_AUTORELEASING = YES;
				CLANG_WARN_BOOL_CONVERSION = YES;
				CLANG_WARN_COMMA = YES;
				CLANG_WARN_CONSTANT_CONVERSION = YES;
				CLANG_WARN_DEPRECATED_OBJC_IMPLEMENTATIONS = YES;
				CLANG_WARN_DIRECT_OBJC_ISA_USAGE = YES_ERROR;
				CLANG_WARN_DOCUMENTATION_COMMENTS = YES;
				CLANG_WARN_EMPTY_BODY = YES;
				CLANG_WARN_ENUM_CONVERSION = YES;
				CLANG_WARN_INFINITE_RECURSION = YES;
				CLANG_WARN_INT_CONVERSION = YES;
				CLANG_WARN_NON_LITERAL_NULL_CONVERSION = YES;
				CLANG_WARN_OBJC_IMPLICIT_RETAIN_SELF = YES;
				CLANG_WARN_OBJC_LITERAL_CONVERSION = YES;
				CLANG_WARN_OBJC_ROOT_CLASS = YES_ERROR;
				CLANG_WARN_QUOTED_INCLUDE_IN_FRAMEWORK_HEADER = YES;
				CLANG_WARN_RANGE_LOOP_ANALYSIS = YES;
				CLANG_WARN_STRICT_PROTOTYPES = YES;
				CLANG_WARN_SUSPICIOUS_MOVE = YES;
				CLANG_WARN_UNGUARDED_AVAILABILITY = YES_AGGRESSIVE;
				CLANG_WARN_UNREACHABLE_CODE = YES;
				CLANG_WARN__DUPLICATE_METHOD_MATCH = YES;
				COPY_PHASE_STRIP = NO;
				DEBUG_INFORMATION_FORMAT = dwarf;
				ENABLE_STRICT_OBJC_MSGSEND = YES;
				ENABLE_TESTABILITY = YES;
				ENABLE_USER_SCRIPT_SANDBOXING = YES;
				GCC_C_LANGUAGE_STANDARD = gnu17;
				GCC_DYNAMIC_NO_PIC = NO;
				GCC_NO_COMMON_BLOCKS = YES;
				GCC_OPTIMIZATION_LEVEL = 0;
				GCC_PREPROCESSOR_DEFINITIONS = (
					"DEBUG=1",
					"$(inherited)",
				);
				GCC_WARN_64_TO_32_BIT_CONVERSION = YES;
				GCC_WARN_ABOUT_RETURN_TYPE = YES_ERROR;
				GCC_WARN_UNDECLARED_SELECTOR = YES;
				GCC_WARN_UNINITIALIZED_AUTOS = YES_AGGRESSIVE;
				GCC_WARN_UNUSED_FUNCTION = YES;
				GCC_WARN_UNUSED_VARIABLE = YES;
				IPHONEOS_DEPLOYMENT_TARGET = 18.2;
				LOCALIZATION_PREFERS_STRING_CATALOGS = YES;
				MTL_ENABLE_DEBUG_INFO = INCLUDE_SOURCE;
				MTL_FAST_MATH = YES;
				ONLY_ACTIVE_ARCH = YES;
				SDKROOT = iphoneos;
				SWIFT_ACTIVE_COMPILATION_CONDITIONS = "DEBUG $(inherited)";
				SWIFT_EMIT_LOC_STRINGS = YES;
				SWIFT_OPTIMIZATION_LEVEL = "-Onone";
			};
			name = "BetAtHome-Debug-Production";
		};
		CE8A143A2EE735DC009B4BC5 /* BetAtHome-Debug-Production */ = {
			isa = XCBuildConfiguration;
			buildSettings = {
				APP_ENVIRONMENT = BetAtHomeProd;
				ASSETCATALOG_COMPILER_APPICON_NAME = "AppIcon-BetAtHome-PROD";
				ASSETCATALOG_COMPILER_GLOBAL_ACCENT_COLOR_NAME = AccentColor;
				CODE_SIGN_ENTITLEMENTS = "App/SupportingFiles/Misc-BetAtHome-PROD/BetAtHome.entitlements";
				"CODE_SIGN_IDENTITY[sdk=iphoneos*]" = "iPhone Developer";
				CODE_SIGN_STYLE = Manual;
				CURRENT_PROJECT_VERSION = 3601;
				DEVELOPMENT_TEAM = 422GNXXZJR;
				"DEVELOPMENT_TEAM[sdk=iphoneos*]" = 422GNXXZJR;
				GENERATE_INFOPLIST_FILE = YES;
				INFOPLIST_FILE = "App/SupportingFiles/Misc-BetAtHome-PROD/BetAtHome-Info.plist";
				INFOPLIST_KEY_CFBundleDisplayName = "bet-at-home";
				INFOPLIST_KEY_UIApplicationSupportsIndirectInputEvents = YES;
				INFOPLIST_KEY_UILaunchStoryboardName = "LaunchScreen-BetAtHome";
				INFOPLIST_KEY_UISupportedInterfaceOrientations = "UIInterfaceOrientationPortrait UIInterfaceOrientationLandscapeLeft UIInterfaceOrientationLandscapeRight";
				INFOPLIST_KEY_UISupportedInterfaceOrientations_iPad = "UIInterfaceOrientationPortrait UIInterfaceOrientationPortraitUpsideDown";
				IPHONEOS_DEPLOYMENT_TARGET = 16.6;
				LD_RUNPATH_SEARCH_PATHS = (
					"$(inherited)",
					"@executable_path/Frameworks",
				);
				MARKETING_VERSION = 0.3.6;
				PRODUCT_BUNDLE_IDENTIFIER = com.gomagaming.betathome.prod;
				PRODUCT_MODULE_NAME = BetssonCameroonApp;
				PRODUCT_NAME = BetAtHome;
				PROVISIONING_PROFILE_SPECIFIER = "";
				"PROVISIONING_PROFILE_SPECIFIER[sdk=iphoneos*]" = "GomaGaming - betathome - Dev";
				SUPPORTED_PLATFORMS = "iphoneos iphonesimulator";
				SUPPORTS_MACCATALYST = NO;
				SUPPORTS_MAC_DESIGNED_FOR_IPHONE_IPAD = NO;
				SUPPORTS_XR_DESIGNED_FOR_IPHONE_IPAD = NO;
				SWIFT_EMIT_LOC_STRINGS = YES;
				SWIFT_VERSION = 5.0;
				TARGETED_DEVICE_FAMILY = 1;
			};
			name = "BetAtHome-Debug-Production";
		};
		CE8A143B2EE735DC009B4BC5 /* BetAtHome-Debug-Production */ = {
			isa = XCBuildConfiguration;
			buildSettings = {
				BUNDLE_LOADER = "$(TEST_HOST)";
				CODE_SIGN_STYLE = Automatic;
				CURRENT_PROJECT_VERSION = 1;
				DEVELOPMENT_TEAM = 422GNXXZJR;
				GENERATE_INFOPLIST_FILE = YES;
				IPHONEOS_DEPLOYMENT_TARGET = 18.2;
				MARKETING_VERSION = 1.0;
				PRODUCT_BUNDLE_IDENTIFIER = com.gomagaming.betssoncm.stg.BetssonCameroonAppTests;
				PRODUCT_NAME = "$(TARGET_NAME)";
				SWIFT_EMIT_LOC_STRINGS = NO;
				SWIFT_VERSION = 5.0;
				TARGETED_DEVICE_FAMILY = "1,2";
				TEST_HOST = "$(BUILT_PRODUCTS_DIR)/Betsson CM Prod.app/$(BUNDLE_EXECUTABLE_FOLDER_PATH)/Betsson CM Prod";
			};
			name = "BetAtHome-Debug-Production";
		};
		CE8A143C2EE735DC009B4BC5 /* BetAtHome-Debug-Production */ = {
			isa = XCBuildConfiguration;
			buildSettings = {
				CODE_SIGN_STYLE = Automatic;
				CURRENT_PROJECT_VERSION = 1;
				DEVELOPMENT_TEAM = 422GNXXZJR;
				GENERATE_INFOPLIST_FILE = YES;
				MARKETING_VERSION = 1.0;
				PRODUCT_BUNDLE_IDENTIFIER = com.gomagaming.betssoncm.stg.BetssonCameroonAppUITests;
				PRODUCT_NAME = "$(TARGET_NAME)";
				SWIFT_EMIT_LOC_STRINGS = NO;
				SWIFT_VERSION = 5.0;
				TARGETED_DEVICE_FAMILY = "1,2";
				TEST_TARGET_NAME = BetssonCameroonApp;
			};
			name = "BetAtHome-Debug-Production";
		};
/* End XCBuildConfiguration section */

/* Begin XCConfigurationList section */
		CE74A1472E2E8D9400DDE78D /* Build configuration list for PBXProject "BetssonCameroonApp" */ = {
			isa = XCConfigurationList;
			buildConfigurations = (
				CE74A1782E2E8D9500DDE78D /* Debug-Staging */,
				CE41A9292EB3478C00B2DC28 /* Debug-Production */,
				CE8A14392EE735DC009B4BC5 /* BetAtHome-Debug-Production */,
				CE3767A52EE3A8920007BF97 /* Debug-UAT */,
				CE74A1792E2E8D9500DDE78D /* Release-Staging */,
				CE41A92D2EB347B400B2DC28 /* Release-Production */,
				CE8A14352EE7359D009B4BC5 /* BetAtHome-Release-Production */,
				CE3767A92EE3A8A10007BF97 /* Release-UAT */,
			);
			defaultConfigurationIsVisible = 0;
			defaultConfigurationName = "Release-Production";
		};
		CE74A1752E2E8D9500DDE78D /* Build configuration list for PBXNativeTarget "BetssonCameroonApp" */ = {
			isa = XCConfigurationList;
			buildConfigurations = (
				CE74A1762E2E8D9500DDE78D /* Debug-Staging */,
				CE41A92A2EB3478C00B2DC28 /* Debug-Production */,
				CE8A143A2EE735DC009B4BC5 /* BetAtHome-Debug-Production */,
				CE3767A62EE3A8920007BF97 /* Debug-UAT */,
				CE74A1772E2E8D9500DDE78D /* Release-Staging */,
				CE41A92E2EB347B400B2DC28 /* Release-Production */,
				CE8A14362EE7359D009B4BC5 /* BetAtHome-Release-Production */,
				CE3767AA2EE3A8A10007BF97 /* Release-UAT */,
			);
			defaultConfigurationIsVisible = 0;
			defaultConfigurationName = "Release-Production";
		};
		CE74A17A2E2E8D9500DDE78D /* Build configuration list for PBXNativeTarget "BetssonCameroonAppTests" */ = {
			isa = XCConfigurationList;
			buildConfigurations = (
				CE74A17B2E2E8D9500DDE78D /* Debug-Staging */,
				CE41A92B2EB3478C00B2DC28 /* Debug-Production */,
				CE8A143B2EE735DC009B4BC5 /* BetAtHome-Debug-Production */,
				CE3767A72EE3A8920007BF97 /* Debug-UAT */,
				CE74A17C2E2E8D9500DDE78D /* Release-Staging */,
				CE41A92F2EB347B400B2DC28 /* Release-Production */,
				CE8A14372EE7359D009B4BC5 /* BetAtHome-Release-Production */,
				CE3767AB2EE3A8A10007BF97 /* Release-UAT */,
			);
			defaultConfigurationIsVisible = 0;
			defaultConfigurationName = "Release-Production";
		};
		CE74A17D2E2E8D9500DDE78D /* Build configuration list for PBXNativeTarget "BetssonCameroonAppUITests" */ = {
			isa = XCConfigurationList;
			buildConfigurations = (
				CE74A17E2E2E8D9500DDE78D /* Debug-Staging */,
				CE41A92C2EB3478C00B2DC28 /* Debug-Production */,
				CE8A143C2EE735DC009B4BC5 /* BetAtHome-Debug-Production */,
				CE3767A82EE3A8920007BF97 /* Debug-UAT */,
				CE74A17F2E2E8D9500DDE78D /* Release-Staging */,
				CE41A9302EB347B400B2DC28 /* Release-Production */,
				CE8A14382EE7359D009B4BC5 /* BetAtHome-Release-Production */,
				CE3767AC2EE3A8A10007BF97 /* Release-UAT */,
			);
			defaultConfigurationIsVisible = 0;
			defaultConfigurationName = "Release-Production";
		};
/* End XCConfigurationList section */

/* Begin XCRemoteSwiftPackageReference section */
		CE60145B2E2FE56400C6A9DD /* XCRemoteSwiftPackageReference "firebase-ios-sdk" */ = {
			isa = XCRemoteSwiftPackageReference;
			repositoryURL = "https://github.com/firebase/firebase-ios-sdk.git";
			requirement = {
				kind = upToNextMajorVersion;
				minimumVersion = 10.0.0;
			};
		};
		CE6014662E2FE5E400C6A9DD /* XCRemoteSwiftPackageReference "IQKeyboardManager" */ = {
			isa = XCRemoteSwiftPackageReference;
			repositoryURL = "https://github.com/hackiftekhar/IQKeyboardManager.git";
			requirement = {
				kind = upToNextMajorVersion;
				minimumVersion = 6.0.0;
			};
		};
		CE6014692E2FE61100C6A9DD /* XCRemoteSwiftPackageReference "Reachability" */ = {
			isa = XCRemoteSwiftPackageReference;
			repositoryURL = "https://github.com/ashleymills/Reachability.swift";
			requirement = {
				kind = upToNextMajorVersion;
				minimumVersion = 5.1.0;
			};
		};
		CE60146C2E2FE63A00C6A9DD /* XCRemoteSwiftPackageReference "ios-sdk" */ = {
			isa = XCRemoteSwiftPackageReference;
			repositoryURL = "https://github.com/phrase/ios-sdk/";
			requirement = {
				kind = upToNextMajorVersion;
				minimumVersion = 5.0.0;
			};
		};
		CEC736C52E6839670084368A /* XCRemoteSwiftPackageReference "Xtremepush-iOS-SDK" */ = {
			isa = XCRemoteSwiftPackageReference;
			repositoryURL = "https://github.com/xtremepush/Xtremepush-iOS-SDK";
			requirement = {
				kind = upToNextMajorVersion;
				minimumVersion = 5.10.1;
			};
		};
/* End XCRemoteSwiftPackageReference section */

/* Begin XCSwiftPackageProductDependency section */
		CE04B7CA2ED59DCA000191DF /* GomaLogger */ = {
			isa = XCSwiftPackageProductDependency;
			productName = GomaLogger;
		};
		CE04B7CC2ED59DCA000191DF /* GomaPerformanceKit */ = {
			isa = XCSwiftPackageProductDependency;
			productName = GomaPerformanceKit;
		};
		CE60145C2E2FE56400C6A9DD /* FirebaseAnalytics */ = {
			isa = XCSwiftPackageProductDependency;
			package = CE60145B2E2FE56400C6A9DD /* XCRemoteSwiftPackageReference "firebase-ios-sdk" */;
			productName = FirebaseAnalytics;
		};
		CE60145E2E2FE56400C6A9DD /* FirebaseAuth */ = {
			isa = XCSwiftPackageProductDependency;
			package = CE60145B2E2FE56400C6A9DD /* XCRemoteSwiftPackageReference "firebase-ios-sdk" */;
			productName = FirebaseAuth;
		};
		CE6014602E2FE56400C6A9DD /* FirebaseCrashlytics */ = {
			isa = XCSwiftPackageProductDependency;
			package = CE60145B2E2FE56400C6A9DD /* XCRemoteSwiftPackageReference "firebase-ios-sdk" */;
			productName = FirebaseCrashlytics;
		};
		CE6014622E2FE56400C6A9DD /* FirebaseDatabase */ = {
			isa = XCSwiftPackageProductDependency;
			package = CE60145B2E2FE56400C6A9DD /* XCRemoteSwiftPackageReference "firebase-ios-sdk" */;
			productName = FirebaseDatabase;
		};
		CE6014642E2FE56400C6A9DD /* FirebaseMessaging */ = {
			isa = XCSwiftPackageProductDependency;
			package = CE60145B2E2FE56400C6A9DD /* XCRemoteSwiftPackageReference "firebase-ios-sdk" */;
			productName = FirebaseMessaging;
		};
		CE6014672E2FE5E400C6A9DD /* IQKeyboardManagerSwift */ = {
			isa = XCSwiftPackageProductDependency;
			package = CE6014662E2FE5E400C6A9DD /* XCRemoteSwiftPackageReference "IQKeyboardManager" */;
			productName = IQKeyboardManagerSwift;
		};
		CE60146A2E2FE61100C6A9DD /* Reachability */ = {
			isa = XCSwiftPackageProductDependency;
			package = CE6014692E2FE61100C6A9DD /* XCRemoteSwiftPackageReference "Reachability" */;
			productName = Reachability;
		};
		CE60146D2E2FE63A00C6A9DD /* PhraseSDK */ = {
			isa = XCSwiftPackageProductDependency;
			package = CE60146C2E2FE63A00C6A9DD /* XCRemoteSwiftPackageReference "ios-sdk" */;
			productName = PhraseSDK;
		};
		CE74A2262E2E8EA100DDE78D /* GomaUI */ = {
			isa = XCSwiftPackageProductDependency;
			productName = GomaUI;
		};
		CE74A7D72E2EB0E700DDE78D /* ServicesProvider */ = {
			isa = XCSwiftPackageProductDependency;
			productName = ServicesProvider;
		};
		CE74A81B2E2EB9C300DDE78D /* PresentationProvider */ = {
			isa = XCSwiftPackageProductDependency;
			productName = PresentationProvider;
		};
		CE74A9CE2E2EFB2A00DDE78D /* SharedModels */ = {
			isa = XCSwiftPackageProductDependency;
			productName = SharedModels;
		};
		CE8A04C42EE71672009B4BC5 /* GomaPlatform */ = {
			isa = XCSwiftPackageProductDependency;
			productName = GomaPlatform;
		};
		CEC736C62E6839670084368A /* XPush */ = {
			isa = XCSwiftPackageProductDependency;
			package = CEC736C52E6839670084368A /* XCRemoteSwiftPackageReference "Xtremepush-iOS-SDK" */;
			productName = XPush;
		};
/* End XCSwiftPackageProductDependency section */
	};
	rootObject = CE74A1442E2E8D9400DDE78D /* Project object */;
}
